// !$*UTF8*$!
{
	archiveVersion = 1;
	classes = {
	};
	objectVersion = 46;
	objects = {

/* Begin PBXBuildFile section */
		CB7BE92E17095C1F00A7BAE6 /* UIKit.framework in Frameworks */ = {isa = PBXBuildFile; fileRef = CB7BE92D17095C1F00A7BAE6 /* UIKit.framework */; };
		CB7BE93017095C1F00A7BAE6 /* Foundation.framework in Frameworks */ = {isa = PBXBuildFile; fileRef = CB7BE92F17095C1F00A7BAE6 /* Foundation.framework */; };
		CB7BE93217095C1F00A7BAE6 /* CoreGraphics.framework in Frameworks */ = {isa = PBXBuildFile; fileRef = CB7BE93117095C1F00A7BAE6 /* CoreGraphics.framework */; };
		CB7BE93817095C1F00A7BAE6 /* InfoPlist.strings in Resources */ = {isa = PBXBuildFile; fileRef = CB7BE93617095C1F00A7BAE6 /* InfoPlist.strings */; };
		CB7BE93A17095C1F00A7BAE6 /* main.m in Sources */ = {isa = PBXBuildFile; fileRef = CB7BE93917095C1F00A7BAE6 /* main.m */; };
		CB7BE93E17095C1F00A7BAE6 /* AppDelegate.m in Sources */ = {isa = PBXBuildFile; fileRef = CB7BE93D17095C1F00A7BAE6 /* AppDelegate.m */; };
		CB7BE94017095C1F00A7BAE6 /* Default.png in Resources */ = {isa = PBXBuildFile; fileRef = CB7BE93F17095C1F00A7BAE6 /* Default.png */; };
		CB7BE94217095C1F00A7BAE6 /* Default@2x.png in Resources */ = {isa = PBXBuildFile; fileRef = CB7BE94117095C1F00A7BAE6 /* Default@2x.png */; };
		CB7BE94417095C1F00A7BAE6 /* Default-568h@2x.png in Resources */ = {isa = PBXBuildFile; fileRef = CB7BE94317095C1F00A7BAE6 /* Default-568h@2x.png */; };
		CB7BE94C17095C1F00A7BAE6 /* SenTestingKit.framework in Frameworks */ = {isa = PBXBuildFile; fileRef = CB7BE94B17095C1F00A7BAE6 /* SenTestingKit.framework */; };
		CB7BE94D17095C1F00A7BAE6 /* UIKit.framework in Frameworks */ = {isa = PBXBuildFile; fileRef = CB7BE92D17095C1F00A7BAE6 /* UIKit.framework */; };
		CB7BE94E17095C1F00A7BAE6 /* Foundation.framework in Frameworks */ = {isa = PBXBuildFile; fileRef = CB7BE92F17095C1F00A7BAE6 /* Foundation.framework */; };
		CB7BE95617095C1F00A7BAE6 /* InfoPlist.strings in Resources */ = {isa = PBXBuildFile; fileRef = CB7BE95417095C1F00A7BAE6 /* InfoPlist.strings */; };
		CB7BE95917095C1F00A7BAE6 /* ExtendedAudioUniTests.m in Sources */ = {isa = PBXBuildFile; fileRef = CB7BE95817095C1F00A7BAE6 /* ExtendedAudioUniTests.m */; };
		CB7BEA3B17095C3D00A7BAE6 /* BPMTracker.cpp in Sources */ = {isa = PBXBuildFile; fileRef = CB7BE9E317095C3D00A7BAE6 /* BPMTracker.cpp */; };
		CB7BEA3C17095C3D00A7BAE6 /* BPMTracker.cpp in Sources */ = {isa = PBXBuildFile; fileRef = CB7BE9E317095C3D00A7BAE6 /* BPMTracker.cpp */; };
		CB7BEA3D17095C3D00A7BAE6 /* FFT.cpp in Sources */ = {isa = PBXBuildFile; fileRef = CB7BE9E517095C3D00A7BAE6 /* FFT.cpp */; };
		CB7BEA3E17095C3D00A7BAE6 /* FFT.cpp in Sources */ = {isa = PBXBuildFile; fileRef = CB7BE9E517095C3D00A7BAE6 /* FFT.cpp */; };
		CB7BEA3F17095C3D00A7BAE6 /* OnsetVectorizer.cpp in Sources */ = {isa = PBXBuildFile; fileRef = CB7BE9E717095C3D00A7BAE6 /* OnsetVectorizer.cpp */; };
		CB7BEA4017095C3D00A7BAE6 /* OnsetVectorizer.cpp in Sources */ = {isa = PBXBuildFile; fileRef = CB7BE9E717095C3D00A7BAE6 /* OnsetVectorizer.cpp */; };
		CB7BEA4117095C3D00A7BAE6 /* PeakDetector.cpp in Sources */ = {isa = PBXBuildFile; fileRef = CB7BE9E917095C3D00A7BAE6 /* PeakDetector.cpp */; };
		CB7BEA4217095C3D00A7BAE6 /* PeakDetector.cpp in Sources */ = {isa = PBXBuildFile; fileRef = CB7BE9E917095C3D00A7BAE6 /* PeakDetector.cpp */; };
		CB7BEA4317095C3D00A7BAE6 /* StrategyParameter.cpp in Sources */ = {isa = PBXBuildFile; fileRef = CB7BE9EB17095C3D00A7BAE6 /* StrategyParameter.cpp */; };
		CB7BEA4417095C3D00A7BAE6 /* StrategyParameter.cpp in Sources */ = {isa = PBXBuildFile; fileRef = CB7BE9EB17095C3D00A7BAE6 /* StrategyParameter.cpp */; };
		CB7BEA4517095C3D00A7BAE6 /* Tracker.cpp in Sources */ = {isa = PBXBuildFile; fileRef = CB7BE9ED17095C3D00A7BAE6 /* Tracker.cpp */; };
		CB7BEA4617095C3D00A7BAE6 /* Tracker.cpp in Sources */ = {isa = PBXBuildFile; fileRef = CB7BE9ED17095C3D00A7BAE6 /* Tracker.cpp */; };
		CB7BEA4717095C3D00A7BAE6 /* TrackingAgent.cpp in Sources */ = {isa = PBXBuildFile; fileRef = CB7BE9EF17095C3D00A7BAE6 /* TrackingAgent.cpp */; };
		CB7BEA4817095C3D00A7BAE6 /* TrackingAgent.cpp in Sources */ = {isa = PBXBuildFile; fileRef = CB7BE9EF17095C3D00A7BAE6 /* TrackingAgent.cpp */; };
		CB7BEA4917095C3D00A7BAE6 /* AudioContext.cpp in Sources */ = {isa = PBXBuildFile; fileRef = CB7BE9F217095C3D00A7BAE6 /* AudioContext.cpp */; };
		CB7BEA4A17095C3D00A7BAE6 /* AudioContext.cpp in Sources */ = {isa = PBXBuildFile; fileRef = CB7BE9F217095C3D00A7BAE6 /* AudioContext.cpp */; };
		CB7BEA4B17095C3D00A7BAE6 /* AudioNodeDebugUtils.cpp in Sources */ = {isa = PBXBuildFile; fileRef = CB7BE9F617095C3D00A7BAE6 /* AudioNodeDebugUtils.cpp */; };
		CB7BEA4C17095C3D00A7BAE6 /* AudioNodeDebugUtils.cpp in Sources */ = {isa = PBXBuildFile; fileRef = CB7BE9F617095C3D00A7BAE6 /* AudioNodeDebugUtils.cpp */; };
		CB7BEA4D17095C3D00A7BAE6 /* AudioUnitNode.cpp in Sources */ = {isa = PBXBuildFile; fileRef = CB7BE9F817095C3D00A7BAE6 /* AudioUnitNode.cpp */; };
		CB7BEA4E17095C3D00A7BAE6 /* AudioUnitNode.cpp in Sources */ = {isa = PBXBuildFile; fileRef = CB7BE9F817095C3D00A7BAE6 /* AudioUnitNode.cpp */; };
		CB7BEA4F17095C3D00A7BAE6 /* AudioFile.cpp in Sources */ = {isa = PBXBuildFile; fileRef = CB7BE9FC17095C3D00A7BAE6 /* AudioFile.cpp */; };
		CB7BEA5017095C3D00A7BAE6 /* AudioFile.cpp in Sources */ = {isa = PBXBuildFile; fileRef = CB7BE9FC17095C3D00A7BAE6 /* AudioFile.cpp */; };
		CB7BEA5117095C3D00A7BAE6 /* AudioFileMemoryBufferNode.cpp in Sources */ = {isa = PBXBuildFile; fileRef = CB7BE9FF17095C3D00A7BAE6 /* AudioFileMemoryBufferNode.cpp */; };
		CB7BEA5217095C3D00A7BAE6 /* AudioFileMemoryBufferNode.cpp in Sources */ = {isa = PBXBuildFile; fileRef = CB7BE9FF17095C3D00A7BAE6 /* AudioFileMemoryBufferNode.cpp */; };
		CB7BEA5317095C3D00A7BAE6 /* AudioFileNode.cpp in Sources */ = {isa = PBXBuildFile; fileRef = CB7BEA0117095C3D00A7BAE6 /* AudioFileNode.cpp */; };
		CB7BEA5417095C3D00A7BAE6 /* AudioFileNode.cpp in Sources */ = {isa = PBXBuildFile; fileRef = CB7BEA0117095C3D00A7BAE6 /* AudioFileNode.cpp */; };
		CB7BEA5517095C3D00A7BAE6 /* AudioFileStreamingNode.cpp in Sources */ = {isa = PBXBuildFile; fileRef = CB7BEA0317095C3D00A7BAE6 /* AudioFileStreamingNode.cpp */; };
		CB7BEA5617095C3D00A7BAE6 /* AudioFileStreamingNode.cpp in Sources */ = {isa = PBXBuildFile; fileRef = CB7BEA0317095C3D00A7BAE6 /* AudioFileStreamingNode.cpp */; };
		CB7BEA5717095C3D00A7BAE6 /* AudioMetronomeNode.cpp in Sources */ = {isa = PBXBuildFile; fileRef = CB7BEA0517095C3D00A7BAE6 /* AudioMetronomeNode.cpp */; };
		CB7BEA5817095C3D00A7BAE6 /* AudioMetronomeNode.cpp in Sources */ = {isa = PBXBuildFile; fileRef = CB7BEA0517095C3D00A7BAE6 /* AudioMetronomeNode.cpp */; };
		CB7BEA5917095C3D00A7BAE6 /* AudioOscilatorNode.cpp in Sources */ = {isa = PBXBuildFile; fileRef = CB7BEA0717095C3D00A7BAE6 /* AudioOscilatorNode.cpp */; };
		CB7BEA5A17095C3D00A7BAE6 /* AudioOscilatorNode.cpp in Sources */ = {isa = PBXBuildFile; fileRef = CB7BEA0717095C3D00A7BAE6 /* AudioOscilatorNode.cpp */; };
		CB7BEA5B17095C3D00A7BAE6 /* AudioParallelNode.cpp in Sources */ = {isa = PBXBuildFile; fileRef = CB7BEA0917095C3D00A7BAE6 /* AudioParallelNode.cpp */; };
		CB7BEA5C17095C3D00A7BAE6 /* AudioParallelNode.cpp in Sources */ = {isa = PBXBuildFile; fileRef = CB7BEA0917095C3D00A7BAE6 /* AudioParallelNode.cpp */; };
		CB7BEA5D17095C3D00A7BAE6 /* AudioSourceNode.cpp in Sources */ = {isa = PBXBuildFile; fileRef = CB7BEA0B17095C3D00A7BAE6 /* AudioSourceNode.cpp */; };
		CB7BEA5E17095C3D00A7BAE6 /* AudioSourceNode.cpp in Sources */ = {isa = PBXBuildFile; fileRef = CB7BEA0B17095C3D00A7BAE6 /* AudioSourceNode.cpp */; };
		CB7BEA5F17095C3D00A7BAE6 /* AudioAnalyzeNode.cpp in Sources */ = {isa = PBXBuildFile; fileRef = CB7BEA1117095C3D00A7BAE6 /* AudioAnalyzeNode.cpp */; };
		CB7BEA6017095C3D00A7BAE6 /* AudioAnalyzeNode.cpp in Sources */ = {isa = PBXBuildFile; fileRef = CB7BEA1117095C3D00A7BAE6 /* AudioAnalyzeNode.cpp */; };
		CB7BEA6117095C3D00A7BAE6 /* AudioBitCrusherNode.cpp in Sources */ = {isa = PBXBuildFile; fileRef = CB7BEA1317095C3D00A7BAE6 /* AudioBitCrusherNode.cpp */; };
		CB7BEA6217095C3D00A7BAE6 /* AudioBitCrusherNode.cpp in Sources */ = {isa = PBXBuildFile; fileRef = CB7BEA1317095C3D00A7BAE6 /* AudioBitCrusherNode.cpp */; };
		CB7BEA6317095C3D00A7BAE6 /* AudioCaptureNode.cpp in Sources */ = {isa = PBXBuildFile; fileRef = CB7BEA1517095C3D00A7BAE6 /* AudioCaptureNode.cpp */; };
		CB7BEA6417095C3D00A7BAE6 /* AudioCaptureNode.cpp in Sources */ = {isa = PBXBuildFile; fileRef = CB7BEA1517095C3D00A7BAE6 /* AudioCaptureNode.cpp */; };
		CB7BEA6517095C3D00A7BAE6 /* AudioChorusNode.cpp in Sources */ = {isa = PBXBuildFile; fileRef = CB7BEA1717095C3D00A7BAE6 /* AudioChorusNode.cpp */; };
		CB7BEA6617095C3D00A7BAE6 /* AudioChorusNode.cpp in Sources */ = {isa = PBXBuildFile; fileRef = CB7BEA1717095C3D00A7BAE6 /* AudioChorusNode.cpp */; };
		CB7BEA6717095C3D00A7BAE6 /* AudioDelayNode.cpp in Sources */ = {isa = PBXBuildFile; fileRef = CB7BEA1917095C3D00A7BAE6 /* AudioDelayNode.cpp */; };
		CB7BEA6817095C3D00A7BAE6 /* AudioDelayNode.cpp in Sources */ = {isa = PBXBuildFile; fileRef = CB7BEA1917095C3D00A7BAE6 /* AudioDelayNode.cpp */; };
		CB7BEA6917095C3D00A7BAE6 /* AudioDistortionNode.cpp in Sources */ = {isa = PBXBuildFile; fileRef = CB7BEA1B17095C3D00A7BAE6 /* AudioDistortionNode.cpp */; };
		CB7BEA6A17095C3D00A7BAE6 /* AudioDistortionNode.cpp in Sources */ = {isa = PBXBuildFile; fileRef = CB7BEA1B17095C3D00A7BAE6 /* AudioDistortionNode.cpp */; };
		CB7BEA6B17095C3D00A7BAE6 /* AudioGateNode.cpp in Sources */ = {isa = PBXBuildFile; fileRef = CB7BEA1D17095C3D00A7BAE6 /* AudioGateNode.cpp */; };
		CB7BEA6C17095C3D00A7BAE6 /* AudioGateNode.cpp in Sources */ = {isa = PBXBuildFile; fileRef = CB7BEA1D17095C3D00A7BAE6 /* AudioGateNode.cpp */; };
		CB7BEA6D17095C3D00A7BAE6 /* AudioLevelNode.cpp in Sources */ = {isa = PBXBuildFile; fileRef = CB7BEA1F17095C3D00A7BAE6 /* AudioLevelNode.cpp */; };
		CB7BEA6E17095C3D00A7BAE6 /* AudioLevelNode.cpp in Sources */ = {isa = PBXBuildFile; fileRef = CB7BEA1F17095C3D00A7BAE6 /* AudioLevelNode.cpp */; };
		CB7BEA6F17095C3D00A7BAE6 /* AudioPannerNode.cpp in Sources */ = {isa = PBXBuildFile; fileRef = CB7BEA2117095C3D00A7BAE6 /* AudioPannerNode.cpp */; };
		CB7BEA7017095C3D00A7BAE6 /* AudioPannerNode.cpp in Sources */ = {isa = PBXBuildFile; fileRef = CB7BEA2117095C3D00A7BAE6 /* AudioPannerNode.cpp */; };
		CB7BEA7117095C3D00A7BAE6 /* AudioRecordingNode.cpp in Sources */ = {isa = PBXBuildFile; fileRef = CB7BEA2317095C3D00A7BAE6 /* AudioRecordingNode.cpp */; };
		CB7BEA7217095C3D00A7BAE6 /* AudioRecordingNode.cpp in Sources */ = {isa = PBXBuildFile; fileRef = CB7BEA2317095C3D00A7BAE6 /* AudioRecordingNode.cpp */; };
		CB7BEA7317095C3D00A7BAE6 /* AudioSampleProcessingNode.cpp in Sources */ = {isa = PBXBuildFile; fileRef = CB7BEA2517095C3D00A7BAE6 /* AudioSampleProcessingNode.cpp */; };
		CB7BEA7417095C3D00A7BAE6 /* AudioSampleProcessingNode.cpp in Sources */ = {isa = PBXBuildFile; fileRef = CB7BEA2517095C3D00A7BAE6 /* AudioSampleProcessingNode.cpp */; };
		CB7BEA7517095C3D00A7BAE6 /* AudioSamplerNode.cpp in Sources */ = {isa = PBXBuildFile; fileRef = CB7BEA2717095C3D00A7BAE6 /* AudioSamplerNode.cpp */; };
		CB7BEA7617095C3D00A7BAE6 /* AudioSamplerNode.cpp in Sources */ = {isa = PBXBuildFile; fileRef = CB7BEA2717095C3D00A7BAE6 /* AudioSamplerNode.cpp */; };
		CB7BEA7717095C3D00A7BAE6 /* AudioThroughNode.cpp in Sources */ = {isa = PBXBuildFile; fileRef = CB7BEA2917095C3D00A7BAE6 /* AudioThroughNode.cpp */; };
		CB7BEA7817095C3D00A7BAE6 /* AudioThroughNode.cpp in Sources */ = {isa = PBXBuildFile; fileRef = CB7BEA2917095C3D00A7BAE6 /* AudioThroughNode.cpp */; };
		CB7BEA7917095C3D00A7BAE6 /* AudioTremoroNode.cpp in Sources */ = {isa = PBXBuildFile; fileRef = CB7BEA2B17095C3D00A7BAE6 /* AudioTremoroNode.cpp */; };
		CB7BEA7A17095C3D00A7BAE6 /* AudioTremoroNode.cpp in Sources */ = {isa = PBXBuildFile; fileRef = CB7BEA2B17095C3D00A7BAE6 /* AudioTremoroNode.cpp */; };
		CB7BEA7B17095C3D00A7BAE6 /* AudioVariSpeedNode.cpp in Sources */ = {isa = PBXBuildFile; fileRef = CB7BEA2D17095C3D00A7BAE6 /* AudioVariSpeedNode.cpp */; };
		CB7BEA7C17095C3D00A7BAE6 /* AudioVariSpeedNode.cpp in Sources */ = {isa = PBXBuildFile; fileRef = CB7BEA2D17095C3D00A7BAE6 /* AudioVariSpeedNode.cpp */; };
		CB7BEA7D17095C3D00A7BAE6 /* HTTPLoader.cpp in Sources */ = {isa = PBXBuildFile; fileRef = CB7BEA3017095C3D00A7BAE6 /* HTTPLoader.cpp */; };
		CB7BEA7E17095C3D00A7BAE6 /* HTTPLoader.cpp in Sources */ = {isa = PBXBuildFile; fileRef = CB7BEA3017095C3D00A7BAE6 /* HTTPLoader.cpp */; };
		CB7BEA7F17095C3D00A7BAE6 /* OfflineConverter.cpp in Sources */ = {isa = PBXBuildFile; fileRef = CB7BEA3317095C3D00A7BAE6 /* OfflineConverter.cpp */; };
		CB7BEA8017095C3D00A7BAE6 /* OfflineConverter.cpp in Sources */ = {isa = PBXBuildFile; fileRef = CB7BEA3317095C3D00A7BAE6 /* OfflineConverter.cpp */; };
		CB7BEA8117095C3D00A7BAE6 /* Thread.cpp in Sources */ = {isa = PBXBuildFile; fileRef = CB7BEA3817095C3D00A7BAE6 /* Thread.cpp */; };
		CB7BEA8217095C3D00A7BAE6 /* Thread.cpp in Sources */ = {isa = PBXBuildFile; fileRef = CB7BEA3817095C3D00A7BAE6 /* Thread.cpp */; };
		CB7BEA8917095C9800A7BAE6 /* CFNetwork.framework in Frameworks */ = {isa = PBXBuildFile; fileRef = CB7BEA8817095C9800A7BAE6 /* CFNetwork.framework */; };
		CB7BEA8B17095C9C00A7BAE6 /* Accelerate.framework in Frameworks */ = {isa = PBXBuildFile; fileRef = CB7BEA8A17095C9C00A7BAE6 /* Accelerate.framework */; };
		CB7BEA8D17095CA400A7BAE6 /* AudioToolbox.framework in Frameworks */ = {isa = PBXBuildFile; fileRef = CB7BEA8C17095CA400A7BAE6 /* AudioToolbox.framework */; };
/* End PBXBuildFile section */

/* Begin PBXContainerItemProxy section */
		CB7BE94F17095C1F00A7BAE6 /* PBXContainerItemProxy */ = {
			isa = PBXContainerItemProxy;
			containerPortal = CB7BE92217095C1F00A7BAE6 /* Project object */;
			proxyType = 1;
			remoteGlobalIDString = CB7BE92917095C1F00A7BAE6;
			remoteInfo = ExtendedAudioUni;
		};
/* End PBXContainerItemProxy section */

/* Begin PBXFileReference section */
		CB7BE92A17095C1F00A7BAE6 /* ExtendedAudioUni.app */ = {isa = PBXFileReference; explicitFileType = wrapper.application; includeInIndex = 0; path = ExtendedAudioUni.app; sourceTree = BUILT_PRODUCTS_DIR; };
		CB7BE92D17095C1F00A7BAE6 /* UIKit.framework */ = {isa = PBXFileReference; lastKnownFileType = wrapper.framework; name = UIKit.framework; path = System/Library/Frameworks/UIKit.framework; sourceTree = SDKROOT; };
		CB7BE92F17095C1F00A7BAE6 /* Foundation.framework */ = {isa = PBXFileReference; lastKnownFileType = wrapper.framework; name = Foundation.framework; path = System/Library/Frameworks/Foundation.framework; sourceTree = SDKROOT; };
		CB7BE93117095C1F00A7BAE6 /* CoreGraphics.framework */ = {isa = PBXFileReference; lastKnownFileType = wrapper.framework; name = CoreGraphics.framework; path = System/Library/Frameworks/CoreGraphics.framework; sourceTree = SDKROOT; };
		CB7BE93517095C1F00A7BAE6 /* ExtendedAudioUni-Info.plist */ = {isa = PBXFileReference; lastKnownFileType = text.plist.xml; path = "ExtendedAudioUni-Info.plist"; sourceTree = "<group>"; };
		CB7BE93717095C1F00A7BAE6 /* en */ = {isa = PBXFileReference; lastKnownFileType = text.plist.strings; name = en; path = en.lproj/InfoPlist.strings; sourceTree = "<group>"; };
		CB7BE93917095C1F00A7BAE6 /* main.m */ = {isa = PBXFileReference; lastKnownFileType = sourcecode.c.objc; path = main.m; sourceTree = "<group>"; };
		CB7BE93B17095C1F00A7BAE6 /* ExtendedAudioUni-Prefix.pch */ = {isa = PBXFileReference; lastKnownFileType = sourcecode.c.h; path = "ExtendedAudioUni-Prefix.pch"; sourceTree = "<group>"; };
		CB7BE93C17095C1F00A7BAE6 /* AppDelegate.h */ = {isa = PBXFileReference; lastKnownFileType = sourcecode.c.h; path = AppDelegate.h; sourceTree = "<group>"; };
		CB7BE93D17095C1F00A7BAE6 /* AppDelegate.m */ = {isa = PBXFileReference; lastKnownFileType = sourcecode.c.objc; path = AppDelegate.m; sourceTree = "<group>"; };
		CB7BE93F17095C1F00A7BAE6 /* Default.png */ = {isa = PBXFileReference; lastKnownFileType = image.png; path = Default.png; sourceTree = "<group>"; };
		CB7BE94117095C1F00A7BAE6 /* Default@2x.png */ = {isa = PBXFileReference; lastKnownFileType = image.png; path = "Default@2x.png"; sourceTree = "<group>"; };
		CB7BE94317095C1F00A7BAE6 /* Default-568h@2x.png */ = {isa = PBXFileReference; lastKnownFileType = image.png; path = "Default-568h@2x.png"; sourceTree = "<group>"; };
		CB7BE94A17095C1F00A7BAE6 /* ExtendedAudioUniTests.octest */ = {isa = PBXFileReference; explicitFileType = wrapper.cfbundle; includeInIndex = 0; path = ExtendedAudioUniTests.octest; sourceTree = BUILT_PRODUCTS_DIR; };
		CB7BE94B17095C1F00A7BAE6 /* SenTestingKit.framework */ = {isa = PBXFileReference; lastKnownFileType = wrapper.framework; name = SenTestingKit.framework; path = Library/Frameworks/SenTestingKit.framework; sourceTree = DEVELOPER_DIR; };
		CB7BE95317095C1F00A7BAE6 /* ExtendedAudioUniTests-Info.plist */ = {isa = PBXFileReference; lastKnownFileType = text.plist.xml; path = "ExtendedAudioUniTests-Info.plist"; sourceTree = "<group>"; };
		CB7BE95517095C1F00A7BAE6 /* en */ = {isa = PBXFileReference; lastKnownFileType = text.plist.strings; name = en; path = en.lproj/InfoPlist.strings; sourceTree = "<group>"; };
		CB7BE95717095C1F00A7BAE6 /* ExtendedAudioUniTests.h */ = {isa = PBXFileReference; lastKnownFileType = sourcecode.c.h; path = ExtendedAudioUniTests.h; sourceTree = "<group>"; };
		CB7BE95817095C1F00A7BAE6 /* ExtendedAudioUniTests.m */ = {isa = PBXFileReference; lastKnownFileType = sourcecode.c.objc; path = ExtendedAudioUniTests.m; sourceTree = "<group>"; };
		CB7BE9E317095C3D00A7BAE6 /* BPMTracker.cpp */ = {isa = PBXFileReference; fileEncoding = 4; lastKnownFileType = sourcecode.cpp.cpp; path = BPMTracker.cpp; sourceTree = "<group>"; };
		CB7BE9E417095C3D00A7BAE6 /* BPMTracker.hpp */ = {isa = PBXFileReference; fileEncoding = 4; lastKnownFileType = sourcecode.cpp.h; path = BPMTracker.hpp; sourceTree = "<group>"; };
		CB7BE9E517095C3D00A7BAE6 /* FFT.cpp */ = {isa = PBXFileReference; fileEncoding = 4; lastKnownFileType = sourcecode.cpp.cpp; path = FFT.cpp; sourceTree = "<group>"; };
		CB7BE9E617095C3D00A7BAE6 /* FFT.hpp */ = {isa = PBXFileReference; fileEncoding = 4; lastKnownFileType = sourcecode.cpp.h; path = FFT.hpp; sourceTree = "<group>"; };
		CB7BE9E717095C3D00A7BAE6 /* OnsetVectorizer.cpp */ = {isa = PBXFileReference; fileEncoding = 4; lastKnownFileType = sourcecode.cpp.cpp; path = OnsetVectorizer.cpp; sourceTree = "<group>"; };
		CB7BE9E817095C3D00A7BAE6 /* OnsetVectorizer.hpp */ = {isa = PBXFileReference; fileEncoding = 4; lastKnownFileType = sourcecode.cpp.h; path = OnsetVectorizer.hpp; sourceTree = "<group>"; };
		CB7BE9E917095C3D00A7BAE6 /* PeakDetector.cpp */ = {isa = PBXFileReference; fileEncoding = 4; lastKnownFileType = sourcecode.cpp.cpp; path = PeakDetector.cpp; sourceTree = "<group>"; };
		CB7BE9EA17095C3D00A7BAE6 /* PeakDetector.hpp */ = {isa = PBXFileReference; fileEncoding = 4; lastKnownFileType = sourcecode.cpp.h; path = PeakDetector.hpp; sourceTree = "<group>"; };
		CB7BE9EB17095C3D00A7BAE6 /* StrategyParameter.cpp */ = {isa = PBXFileReference; fileEncoding = 4; lastKnownFileType = sourcecode.cpp.cpp; path = StrategyParameter.cpp; sourceTree = "<group>"; };
		CB7BE9EC17095C3D00A7BAE6 /* StrategyParameter.hpp */ = {isa = PBXFileReference; fileEncoding = 4; lastKnownFileType = sourcecode.cpp.h; path = StrategyParameter.hpp; sourceTree = "<group>"; };
		CB7BE9ED17095C3D00A7BAE6 /* Tracker.cpp */ = {isa = PBXFileReference; fileEncoding = 4; lastKnownFileType = sourcecode.cpp.cpp; path = Tracker.cpp; sourceTree = "<group>"; };
		CB7BE9EE17095C3D00A7BAE6 /* Tracker.hpp */ = {isa = PBXFileReference; fileEncoding = 4; lastKnownFileType = sourcecode.cpp.h; path = Tracker.hpp; sourceTree = "<group>"; };
		CB7BE9EF17095C3D00A7BAE6 /* TrackingAgent.cpp */ = {isa = PBXFileReference; fileEncoding = 4; lastKnownFileType = sourcecode.cpp.cpp; path = TrackingAgent.cpp; sourceTree = "<group>"; };
		CB7BE9F017095C3D00A7BAE6 /* TrackingAgent.hpp */ = {isa = PBXFileReference; fileEncoding = 4; lastKnownFileType = sourcecode.cpp.h; path = TrackingAgent.hpp; sourceTree = "<group>"; };
		CB7BE9F117095C3D00A7BAE6 /* AUComponentDescription.hpp */ = {isa = PBXFileReference; fileEncoding = 4; lastKnownFileType = sourcecode.cpp.h; path = AUComponentDescription.hpp; sourceTree = "<group>"; };
		CB7BE9F217095C3D00A7BAE6 /* AudioContext.cpp */ = {isa = PBXFileReference; fileEncoding = 4; lastKnownFileType = sourcecode.cpp.cpp; path = AudioContext.cpp; sourceTree = "<group>"; };
		CB7BE9F317095C3D00A7BAE6 /* AudioContext.hpp */ = {isa = PBXFileReference; fileEncoding = 4; lastKnownFileType = sourcecode.cpp.h; path = AudioContext.hpp; sourceTree = "<group>"; };
		CB7BE9F417095C3D00A7BAE6 /* AudioException.hpp */ = {isa = PBXFileReference; fileEncoding = 4; lastKnownFileType = sourcecode.cpp.h; path = AudioException.hpp; sourceTree = "<group>"; };
		CB7BE9F517095C3D00A7BAE6 /* AudioNode.hpp */ = {isa = PBXFileReference; fileEncoding = 4; lastKnownFileType = sourcecode.cpp.h; path = AudioNode.hpp; sourceTree = "<group>"; };
		CB7BE9F617095C3D00A7BAE6 /* AudioNodeDebugUtils.cpp */ = {isa = PBXFileReference; fileEncoding = 4; lastKnownFileType = sourcecode.cpp.cpp; path = AudioNodeDebugUtils.cpp; sourceTree = "<group>"; };
		CB7BE9F717095C3D00A7BAE6 /* AudioNodeDebugUtils.hpp */ = {isa = PBXFileReference; fileEncoding = 4; lastKnownFileType = sourcecode.cpp.h; path = AudioNodeDebugUtils.hpp; sourceTree = "<group>"; };
		CB7BE9F817095C3D00A7BAE6 /* AudioUnitNode.cpp */ = {isa = PBXFileReference; fileEncoding = 4; lastKnownFileType = sourcecode.cpp.cpp; path = AudioUnitNode.cpp; sourceTree = "<group>"; };
		CB7BE9F917095C3D00A7BAE6 /* AudioUnitNode.hpp */ = {isa = PBXFileReference; fileEncoding = 4; lastKnownFileType = sourcecode.cpp.h; path = AudioUnitNode.hpp; sourceTree = "<group>"; };
		CB7BE9FA17095C3D00A7BAE6 /* AUStreamBasicDescription.hpp */ = {isa = PBXFileReference; fileEncoding = 4; lastKnownFileType = sourcecode.cpp.h; path = AUStreamBasicDescription.hpp; sourceTree = "<group>"; };
		CB7BE9FC17095C3D00A7BAE6 /* AudioFile.cpp */ = {isa = PBXFileReference; fileEncoding = 4; lastKnownFileType = sourcecode.cpp.cpp; path = AudioFile.cpp; sourceTree = "<group>"; };
		CB7BE9FD17095C3D00A7BAE6 /* AudioFile.hpp */ = {isa = PBXFileReference; fileEncoding = 4; lastKnownFileType = sourcecode.cpp.h; path = AudioFile.hpp; sourceTree = "<group>"; };
		CB7BE9FE17095C3D00A7BAE6 /* AudioFileDoubleBuffer.hpp */ = {isa = PBXFileReference; fileEncoding = 4; lastKnownFileType = sourcecode.cpp.h; path = AudioFileDoubleBuffer.hpp; sourceTree = "<group>"; };
		CB7BE9FF17095C3D00A7BAE6 /* AudioFileMemoryBufferNode.cpp */ = {isa = PBXFileReference; fileEncoding = 4; lastKnownFileType = sourcecode.cpp.cpp; path = AudioFileMemoryBufferNode.cpp; sourceTree = "<group>"; };
		CB7BEA0017095C3D00A7BAE6 /* AudioFileMemoryBufferNode.hpp */ = {isa = PBXFileReference; fileEncoding = 4; lastKnownFileType = sourcecode.cpp.h; path = AudioFileMemoryBufferNode.hpp; sourceTree = "<group>"; };
		CB7BEA0117095C3D00A7BAE6 /* AudioFileNode.cpp */ = {isa = PBXFileReference; fileEncoding = 4; lastKnownFileType = sourcecode.cpp.cpp; path = AudioFileNode.cpp; sourceTree = "<group>"; };
		CB7BEA0217095C3D00A7BAE6 /* AudioFileNode.hpp */ = {isa = PBXFileReference; fileEncoding = 4; lastKnownFileType = sourcecode.cpp.h; path = AudioFileNode.hpp; sourceTree = "<group>"; };
		CB7BEA0317095C3D00A7BAE6 /* AudioFileStreamingNode.cpp */ = {isa = PBXFileReference; fileEncoding = 4; lastKnownFileType = sourcecode.cpp.cpp; path = AudioFileStreamingNode.cpp; sourceTree = "<group>"; };
		CB7BEA0417095C3D00A7BAE6 /* AudioFileStreamingNode.hpp */ = {isa = PBXFileReference; fileEncoding = 4; lastKnownFileType = sourcecode.cpp.h; path = AudioFileStreamingNode.hpp; sourceTree = "<group>"; };
		CB7BEA0517095C3D00A7BAE6 /* AudioMetronomeNode.cpp */ = {isa = PBXFileReference; fileEncoding = 4; lastKnownFileType = sourcecode.cpp.cpp; path = AudioMetronomeNode.cpp; sourceTree = "<group>"; };
		CB7BEA0617095C3D00A7BAE6 /* AudioMetronomeNode.hpp */ = {isa = PBXFileReference; fileEncoding = 4; lastKnownFileType = sourcecode.cpp.h; path = AudioMetronomeNode.hpp; sourceTree = "<group>"; };
		CB7BEA0717095C3D00A7BAE6 /* AudioOscilatorNode.cpp */ = {isa = PBXFileReference; fileEncoding = 4; lastKnownFileType = sourcecode.cpp.cpp; path = AudioOscilatorNode.cpp; sourceTree = "<group>"; };
		CB7BEA0817095C3D00A7BAE6 /* AudioOscilatorNode.hpp */ = {isa = PBXFileReference; fileEncoding = 4; lastKnownFileType = sourcecode.cpp.h; path = AudioOscilatorNode.hpp; sourceTree = "<group>"; };
		CB7BEA0917095C3D00A7BAE6 /* AudioParallelNode.cpp */ = {isa = PBXFileReference; fileEncoding = 4; lastKnownFileType = sourcecode.cpp.cpp; path = AudioParallelNode.cpp; sourceTree = "<group>"; };
		CB7BEA0A17095C3D00A7BAE6 /* AudioParallelNode.hpp */ = {isa = PBXFileReference; fileEncoding = 4; lastKnownFileType = sourcecode.cpp.h; path = AudioParallelNode.hpp; sourceTree = "<group>"; };
		CB7BEA0B17095C3D00A7BAE6 /* AudioSourceNode.cpp */ = {isa = PBXFileReference; fileEncoding = 4; lastKnownFileType = sourcecode.cpp.cpp; path = AudioSourceNode.cpp; sourceTree = "<group>"; };
		CB7BEA0C17095C3D00A7BAE6 /* AudioSourceNode.hpp */ = {isa = PBXFileReference; fileEncoding = 4; lastKnownFileType = sourcecode.cpp.h; path = AudioSourceNode.hpp; sourceTree = "<group>"; };
		CB7BEA0E17095C3D00A7BAE6 /* BPMTrackerEvent.hpp */ = {isa = PBXFileReference; fileEncoding = 4; lastKnownFileType = sourcecode.cpp.h; path = BPMTrackerEvent.hpp; sourceTree = "<group>"; };
		CB7BEA0F17095C3D00A7BAE6 /* OfflineConverterEvent.hpp */ = {isa = PBXFileReference; fileEncoding = 4; lastKnownFileType = sourcecode.cpp.h; path = OfflineConverterEvent.hpp; sourceTree = "<group>"; };
		CB7BEA1117095C3D00A7BAE6 /* AudioAnalyzeNode.cpp */ = {isa = PBXFileReference; fileEncoding = 4; lastKnownFileType = sourcecode.cpp.cpp; path = AudioAnalyzeNode.cpp; sourceTree = "<group>"; };
		CB7BEA1217095C3D00A7BAE6 /* AudioAnalyzeNode.hpp */ = {isa = PBXFileReference; fileEncoding = 4; lastKnownFileType = sourcecode.cpp.h; path = AudioAnalyzeNode.hpp; sourceTree = "<group>"; };
		CB7BEA1317095C3D00A7BAE6 /* AudioBitCrusherNode.cpp */ = {isa = PBXFileReference; fileEncoding = 4; lastKnownFileType = sourcecode.cpp.cpp; path = AudioBitCrusherNode.cpp; sourceTree = "<group>"; };
		CB7BEA1417095C3D00A7BAE6 /* AudioBitCrusherNode.hpp */ = {isa = PBXFileReference; fileEncoding = 4; lastKnownFileType = sourcecode.cpp.h; path = AudioBitCrusherNode.hpp; sourceTree = "<group>"; };
		CB7BEA1517095C3D00A7BAE6 /* AudioCaptureNode.cpp */ = {isa = PBXFileReference; fileEncoding = 4; lastKnownFileType = sourcecode.cpp.cpp; path = AudioCaptureNode.cpp; sourceTree = "<group>"; };
		CB7BEA1617095C3D00A7BAE6 /* AudioCaptureNode.hpp */ = {isa = PBXFileReference; fileEncoding = 4; lastKnownFileType = sourcecode.cpp.h; path = AudioCaptureNode.hpp; sourceTree = "<group>"; };
		CB7BEA1717095C3D00A7BAE6 /* AudioChorusNode.cpp */ = {isa = PBXFileReference; fileEncoding = 4; lastKnownFileType = sourcecode.cpp.cpp; path = AudioChorusNode.cpp; sourceTree = "<group>"; };
		CB7BEA1817095C3D00A7BAE6 /* AudioChorusNode.hpp */ = {isa = PBXFileReference; fileEncoding = 4; lastKnownFileType = sourcecode.cpp.h; path = AudioChorusNode.hpp; sourceTree = "<group>"; };
		CB7BEA1917095C3D00A7BAE6 /* AudioDelayNode.cpp */ = {isa = PBXFileReference; fileEncoding = 4; lastKnownFileType = sourcecode.cpp.cpp; path = AudioDelayNode.cpp; sourceTree = "<group>"; };
		CB7BEA1A17095C3D00A7BAE6 /* AudioDelayNode.hpp */ = {isa = PBXFileReference; fileEncoding = 4; lastKnownFileType = sourcecode.cpp.h; path = AudioDelayNode.hpp; sourceTree = "<group>"; };
		CB7BEA1B17095C3D00A7BAE6 /* AudioDistortionNode.cpp */ = {isa = PBXFileReference; fileEncoding = 4; lastKnownFileType = sourcecode.cpp.cpp; path = AudioDistortionNode.cpp; sourceTree = "<group>"; };
		CB7BEA1C17095C3D00A7BAE6 /* AudioDistortionNode.hpp */ = {isa = PBXFileReference; fileEncoding = 4; lastKnownFileType = sourcecode.cpp.h; path = AudioDistortionNode.hpp; sourceTree = "<group>"; };
		CB7BEA1D17095C3D00A7BAE6 /* AudioGateNode.cpp */ = {isa = PBXFileReference; fileEncoding = 4; lastKnownFileType = sourcecode.cpp.cpp; path = AudioGateNode.cpp; sourceTree = "<group>"; };
		CB7BEA1E17095C3D00A7BAE6 /* AudioGateNode.hpp */ = {isa = PBXFileReference; fileEncoding = 4; lastKnownFileType = sourcecode.cpp.h; path = AudioGateNode.hpp; sourceTree = "<group>"; };
		CB7BEA1F17095C3D00A7BAE6 /* AudioLevelNode.cpp */ = {isa = PBXFileReference; fileEncoding = 4; lastKnownFileType = sourcecode.cpp.cpp; path = AudioLevelNode.cpp; sourceTree = "<group>"; };
		CB7BEA2017095C3D00A7BAE6 /* AudioLevelNode.hpp */ = {isa = PBXFileReference; fileEncoding = 4; lastKnownFileType = sourcecode.cpp.h; path = AudioLevelNode.hpp; sourceTree = "<group>"; };
		CB7BEA2117095C3D00A7BAE6 /* AudioPannerNode.cpp */ = {isa = PBXFileReference; fileEncoding = 4; lastKnownFileType = sourcecode.cpp.cpp; path = AudioPannerNode.cpp; sourceTree = "<group>"; };
		CB7BEA2217095C3D00A7BAE6 /* AudioPannerNode.hpp */ = {isa = PBXFileReference; fileEncoding = 4; lastKnownFileType = sourcecode.cpp.h; path = AudioPannerNode.hpp; sourceTree = "<group>"; };
		CB7BEA2317095C3D00A7BAE6 /* AudioRecordingNode.cpp */ = {isa = PBXFileReference; fileEncoding = 4; lastKnownFileType = sourcecode.cpp.cpp; path = AudioRecordingNode.cpp; sourceTree = "<group>"; };
		CB7BEA2417095C3D00A7BAE6 /* AudioRecordingNode.hpp */ = {isa = PBXFileReference; fileEncoding = 4; lastKnownFileType = sourcecode.cpp.h; path = AudioRecordingNode.hpp; sourceTree = "<group>"; };
		CB7BEA2517095C3D00A7BAE6 /* AudioSampleProcessingNode.cpp */ = {isa = PBXFileReference; fileEncoding = 4; lastKnownFileType = sourcecode.cpp.cpp; path = AudioSampleProcessingNode.cpp; sourceTree = "<group>"; };
		CB7BEA2617095C3D00A7BAE6 /* AudioSampleProcessingNode.hpp */ = {isa = PBXFileReference; fileEncoding = 4; lastKnownFileType = sourcecode.cpp.h; path = AudioSampleProcessingNode.hpp; sourceTree = "<group>"; };
		CB7BEA2717095C3D00A7BAE6 /* AudioSamplerNode.cpp */ = {isa = PBXFileReference; fileEncoding = 4; lastKnownFileType = sourcecode.cpp.cpp; path = AudioSamplerNode.cpp; sourceTree = "<group>"; };
		CB7BEA2817095C3D00A7BAE6 /* AudioSamplerNode.hpp */ = {isa = PBXFileReference; fileEncoding = 4; lastKnownFileType = sourcecode.cpp.h; path = AudioSamplerNode.hpp; sourceTree = "<group>"; };
		CB7BEA2917095C3D00A7BAE6 /* AudioThroughNode.cpp */ = {isa = PBXFileReference; fileEncoding = 4; lastKnownFileType = sourcecode.cpp.cpp; path = AudioThroughNode.cpp; sourceTree = "<group>"; };
		CB7BEA2A17095C3D00A7BAE6 /* AudioThroughNode.hpp */ = {isa = PBXFileReference; fileEncoding = 4; lastKnownFileType = sourcecode.cpp.h; path = AudioThroughNode.hpp; sourceTree = "<group>"; };
		CB7BEA2B17095C3D00A7BAE6 /* AudioTremoroNode.cpp */ = {isa = PBXFileReference; fileEncoding = 4; lastKnownFileType = sourcecode.cpp.cpp; path = AudioTremoroNode.cpp; sourceTree = "<group>"; };
		CB7BEA2C17095C3D00A7BAE6 /* AudioTremoroNode.hpp */ = {isa = PBXFileReference; fileEncoding = 4; lastKnownFileType = sourcecode.cpp.h; path = AudioTremoroNode.hpp; sourceTree = "<group>"; };
		CB7BEA2D17095C3D00A7BAE6 /* AudioVariSpeedNode.cpp */ = {isa = PBXFileReference; fileEncoding = 4; lastKnownFileType = sourcecode.cpp.cpp; path = AudioVariSpeedNode.cpp; sourceTree = "<group>"; };
		CB7BEA2E17095C3D00A7BAE6 /* AudioVariSpeedNode.hpp */ = {isa = PBXFileReference; fileEncoding = 4; lastKnownFileType = sourcecode.cpp.h; path = AudioVariSpeedNode.hpp; sourceTree = "<group>"; };
		CB7BEA3017095C3D00A7BAE6 /* HTTPLoader.cpp */ = {isa = PBXFileReference; fileEncoding = 4; lastKnownFileType = sourcecode.cpp.cpp; path = HTTPLoader.cpp; sourceTree = "<group>"; };
		CB7BEA3117095C3D00A7BAE6 /* HTTPLoader.hpp */ = {isa = PBXFileReference; fileEncoding = 4; lastKnownFileType = sourcecode.cpp.h; path = HTTPLoader.hpp; sourceTree = "<group>"; };
		CB7BEA3217095C3D00A7BAE6 /* NetworkEvent.hpp */ = {isa = PBXFileReference; fileEncoding = 4; lastKnownFileType = sourcecode.cpp.h; path = NetworkEvent.hpp; sourceTree = "<group>"; };
		CB7BEA3317095C3D00A7BAE6 /* OfflineConverter.cpp */ = {isa = PBXFileReference; fileEncoding = 4; lastKnownFileType = sourcecode.cpp.cpp; path = OfflineConverter.cpp; sourceTree = "<group>"; };
		CB7BEA3417095C3D00A7BAE6 /* OfflineConverter.hpp */ = {isa = PBXFileReference; fileEncoding = 4; lastKnownFileType = sourcecode.cpp.h; path = OfflineConverter.hpp; sourceTree = "<group>"; };
		CB7BEA3617095C3D00A7BAE6 /* Asynchronous.hpp */ = {isa = PBXFileReference; fileEncoding = 4; lastKnownFileType = sourcecode.cpp.h; path = Asynchronous.hpp; sourceTree = "<group>"; };
		CB7BEA3717095C3D00A7BAE6 /* Runnable.hpp */ = {isa = PBXFileReference; fileEncoding = 4; lastKnownFileType = sourcecode.cpp.h; path = Runnable.hpp; sourceTree = "<group>"; };
		CB7BEA3817095C3D00A7BAE6 /* Thread.cpp */ = {isa = PBXFileReference; fileEncoding = 4; lastKnownFileType = sourcecode.cpp.cpp; path = Thread.cpp; sourceTree = "<group>"; };
		CB7BEA3917095C3D00A7BAE6 /* Thread.hpp */ = {isa = PBXFileReference; fileEncoding = 4; lastKnownFileType = sourcecode.cpp.h; path = Thread.hpp; sourceTree = "<group>"; };
		CB7BEA3A17095C3D00A7BAE6 /* WideBuffer.hpp */ = {isa = PBXFileReference; fileEncoding = 4; lastKnownFileType = sourcecode.cpp.h; path = WideBuffer.hpp; sourceTree = "<group>"; };
		CB7BEA8417095C4400A7BAE6 /* Event.hpp */ = {isa = PBXFileReference; fileEncoding = 4; lastKnownFileType = sourcecode.cpp.h; path = Event.hpp; sourceTree = "<group>"; };
		CB7BEA8517095C4400A7BAE6 /* EventReceiver.hpp */ = {isa = PBXFileReference; fileEncoding = 4; lastKnownFileType = sourcecode.cpp.h; path = EventReceiver.hpp; sourceTree = "<group>"; };
		CB7BEA8617095C4400A7BAE6 /* EventSender.hpp */ = {isa = PBXFileReference; fileEncoding = 4; lastKnownFileType = sourcecode.cpp.h; path = EventSender.hpp; sourceTree = "<group>"; };
		CB7BEA8717095C4400A7BAE6 /* ReceiverBase.hpp */ = {isa = PBXFileReference; fileEncoding = 4; lastKnownFileType = sourcecode.cpp.h; path = ReceiverBase.hpp; sourceTree = "<group>"; };
		CB7BEA8817095C9800A7BAE6 /* CFNetwork.framework */ = {isa = PBXFileReference; lastKnownFileType = wrapper.framework; name = CFNetwork.framework; path = System/Library/Frameworks/CFNetwork.framework; sourceTree = SDKROOT; };
		CB7BEA8A17095C9C00A7BAE6 /* Accelerate.framework */ = {isa = PBXFileReference; lastKnownFileType = wrapper.framework; name = Accelerate.framework; path = System/Library/Frameworks/Accelerate.framework; sourceTree = SDKROOT; };
		CB7BEA8C17095CA400A7BAE6 /* AudioToolbox.framework */ = {isa = PBXFileReference; lastKnownFileType = wrapper.framework; name = AudioToolbox.framework; path = System/Library/Frameworks/AudioToolbox.framework; sourceTree = SDKROOT; };
/* End PBXFileReference section */

/* Begin PBXFrameworksBuildPhase section */
		CB7BE92717095C1F00A7BAE6 /* Frameworks */ = {
			isa = PBXFrameworksBuildPhase;
			buildActionMask = 2147483647;
			files = (
				CB7BEA8D17095CA400A7BAE6 /* AudioToolbox.framework in Frameworks */,
				CB7BEA8B17095C9C00A7BAE6 /* Accelerate.framework in Frameworks */,
				CB7BEA8917095C9800A7BAE6 /* CFNetwork.framework in Frameworks */,
				CB7BE92E17095C1F00A7BAE6 /* UIKit.framework in Frameworks */,
				CB7BE93017095C1F00A7BAE6 /* Foundation.framework in Frameworks */,
				CB7BE93217095C1F00A7BAE6 /* CoreGraphics.framework in Frameworks */,
			);
			runOnlyForDeploymentPostprocessing = 0;
		};
		CB7BE94617095C1F00A7BAE6 /* Frameworks */ = {
			isa = PBXFrameworksBuildPhase;
			buildActionMask = 2147483647;
			files = (
				CB7BE94C17095C1F00A7BAE6 /* SenTestingKit.framework in Frameworks */,
				CB7BE94D17095C1F00A7BAE6 /* UIKit.framework in Frameworks */,
				CB7BE94E17095C1F00A7BAE6 /* Foundation.framework in Frameworks */,
			);
			runOnlyForDeploymentPostprocessing = 0;
		};
/* End PBXFrameworksBuildPhase section */

/* Begin PBXGroup section */
		CB7BE92117095C1F00A7BAE6 = {
			isa = PBXGroup;
			children = (
				CB7BEA8C17095CA400A7BAE6 /* AudioToolbox.framework */,
				CB7BEA8A17095C9C00A7BAE6 /* Accelerate.framework */,
				CB7BEA8817095C9800A7BAE6 /* CFNetwork.framework */,
				CB7BE93317095C1F00A7BAE6 /* ExtendedAudioUni */,
				CB7BE95117095C1F00A7BAE6 /* ExtendedAudioUniTests */,
				CB7BE92C17095C1F00A7BAE6 /* Frameworks */,
				CB7BE92B17095C1F00A7BAE6 /* Products */,
			);
			sourceTree = "<group>";
		};
		CB7BE92B17095C1F00A7BAE6 /* Products */ = {
			isa = PBXGroup;
			children = (
				CB7BE92A17095C1F00A7BAE6 /* ExtendedAudioUni.app */,
				CB7BE94A17095C1F00A7BAE6 /* ExtendedAudioUniTests.octest */,
			);
			name = Products;
			sourceTree = "<group>";
		};
		CB7BE92C17095C1F00A7BAE6 /* Frameworks */ = {
			isa = PBXGroup;
			children = (
				CB7BE92D17095C1F00A7BAE6 /* UIKit.framework */,
				CB7BE92F17095C1F00A7BAE6 /* Foundation.framework */,
				CB7BE93117095C1F00A7BAE6 /* CoreGraphics.framework */,
				CB7BE94B17095C1F00A7BAE6 /* SenTestingKit.framework */,
			);
			name = Frameworks;
			sourceTree = "<group>";
		};
		CB7BE93317095C1F00A7BAE6 /* ExtendedAudioUni */ = {
			isa = PBXGroup;
			children = (
				CB7BE96217095C2F00A7BAE6 /* libs */,
				CB7BE93C17095C1F00A7BAE6 /* AppDelegate.h */,
				CB7BE93D17095C1F00A7BAE6 /* AppDelegate.m */,
				CB7BE93417095C1F00A7BAE6 /* Supporting Files */,
			);
			path = ExtendedAudioUni;
			sourceTree = "<group>";
		};
		CB7BE93417095C1F00A7BAE6 /* Supporting Files */ = {
			isa = PBXGroup;
			children = (
				CB7BE93517095C1F00A7BAE6 /* ExtendedAudioUni-Info.plist */,
				CB7BE93617095C1F00A7BAE6 /* InfoPlist.strings */,
				CB7BE93917095C1F00A7BAE6 /* main.m */,
				CB7BE93B17095C1F00A7BAE6 /* ExtendedAudioUni-Prefix.pch */,
				CB7BE93F17095C1F00A7BAE6 /* Default.png */,
				CB7BE94117095C1F00A7BAE6 /* Default@2x.png */,
				CB7BE94317095C1F00A7BAE6 /* Default-568h@2x.png */,
			);
			name = "Supporting Files";
			sourceTree = "<group>";
		};
		CB7BE95117095C1F00A7BAE6 /* ExtendedAudioUniTests */ = {
			isa = PBXGroup;
			children = (
				CB7BE95717095C1F00A7BAE6 /* ExtendedAudioUniTests.h */,
				CB7BE95817095C1F00A7BAE6 /* ExtendedAudioUniTests.m */,
				CB7BE95217095C1F00A7BAE6 /* Supporting Files */,
			);
			path = ExtendedAudioUniTests;
			sourceTree = "<group>";
		};
		CB7BE95217095C1F00A7BAE6 /* Supporting Files */ = {
			isa = PBXGroup;
			children = (
				CB7BE95317095C1F00A7BAE6 /* ExtendedAudioUniTests-Info.plist */,
				CB7BE95417095C1F00A7BAE6 /* InfoPlist.strings */,
			);
			name = "Supporting Files";
			sourceTree = "<group>";
		};
		CB7BE96217095C2F00A7BAE6 /* libs */ = {
			isa = PBXGroup;
			children = (
				CB7BEA8317095C4400A7BAE6 /* events */,
				CB7BE9E117095C3D00A7BAE6 /* sound */,
			);
			name = libs;
			sourceTree = "<group>";
		};
		CB7BE9E117095C3D00A7BAE6 /* sound */ = {
			isa = PBXGroup;
			children = (
				CB7BE9E217095C3D00A7BAE6 /* analysis */,
				CB7BE9F117095C3D00A7BAE6 /* AUComponentDescription.hpp */,
				CB7BE9F217095C3D00A7BAE6 /* AudioContext.cpp */,
				CB7BE9F317095C3D00A7BAE6 /* AudioContext.hpp */,
				CB7BE9F417095C3D00A7BAE6 /* AudioException.hpp */,
				CB7BE9F517095C3D00A7BAE6 /* AudioNode.hpp */,
				CB7BE9F617095C3D00A7BAE6 /* AudioNodeDebugUtils.cpp */,
				CB7BE9F717095C3D00A7BAE6 /* AudioNodeDebugUtils.hpp */,
				CB7BE9F817095C3D00A7BAE6 /* AudioUnitNode.cpp */,
				CB7BE9F917095C3D00A7BAE6 /* AudioUnitNode.hpp */,
				CB7BE9FA17095C3D00A7BAE6 /* AUStreamBasicDescription.hpp */,
				CB7BE9FB17095C3D00A7BAE6 /* buffers */,
				CB7BEA0D17095C3D00A7BAE6 /* events */,
				CB7BEA1017095C3D00A7BAE6 /* fxplugins */,
				CB7BEA2F17095C3D00A7BAE6 /* network */,
				CB7BEA3317095C3D00A7BAE6 /* OfflineConverter.cpp */,
				CB7BEA3417095C3D00A7BAE6 /* OfflineConverter.hpp */,
				CB7BEA3517095C3D00A7BAE6 /* thread */,
				CB7BEA3A17095C3D00A7BAE6 /* WideBuffer.hpp */,
			);
			name = sound;
			path = ../../sound;
			sourceTree = "<group>";
		};
		CB7BE9E217095C3D00A7BAE6 /* analysis */ = {
			isa = PBXGroup;
			children = (
				CB7BE9E317095C3D00A7BAE6 /* BPMTracker.cpp */,
				CB7BE9E417095C3D00A7BAE6 /* BPMTracker.hpp */,
				CB7BE9E517095C3D00A7BAE6 /* FFT.cpp */,
				CB7BE9E617095C3D00A7BAE6 /* FFT.hpp */,
				CB7BE9E717095C3D00A7BAE6 /* OnsetVectorizer.cpp */,
				CB7BE9E817095C3D00A7BAE6 /* OnsetVectorizer.hpp */,
				CB7BE9E917095C3D00A7BAE6 /* PeakDetector.cpp */,
				CB7BE9EA17095C3D00A7BAE6 /* PeakDetector.hpp */,
				CB7BE9EB17095C3D00A7BAE6 /* StrategyParameter.cpp */,
				CB7BE9EC17095C3D00A7BAE6 /* StrategyParameter.hpp */,
				CB7BE9ED17095C3D00A7BAE6 /* Tracker.cpp */,
				CB7BE9EE17095C3D00A7BAE6 /* Tracker.hpp */,
				CB7BE9EF17095C3D00A7BAE6 /* TrackingAgent.cpp */,
				CB7BE9F017095C3D00A7BAE6 /* TrackingAgent.hpp */,
			);
			path = analysis;
			sourceTree = "<group>";
		};
		CB7BE9FB17095C3D00A7BAE6 /* buffers */ = {
			isa = PBXGroup;
			children = (
				CB7BE9FC17095C3D00A7BAE6 /* AudioFile.cpp */,
				CB7BE9FD17095C3D00A7BAE6 /* AudioFile.hpp */,
				CB7BE9FE17095C3D00A7BAE6 /* AudioFileDoubleBuffer.hpp */,
				CB7BE9FF17095C3D00A7BAE6 /* AudioFileMemoryBufferNode.cpp */,
				CB7BEA0017095C3D00A7BAE6 /* AudioFileMemoryBufferNode.hpp */,
				CB7BEA0117095C3D00A7BAE6 /* AudioFileNode.cpp */,
				CB7BEA0217095C3D00A7BAE6 /* AudioFileNode.hpp */,
				CB7BEA0317095C3D00A7BAE6 /* AudioFileStreamingNode.cpp */,
				CB7BEA0417095C3D00A7BAE6 /* AudioFileStreamingNode.hpp */,
				CB7BEA0517095C3D00A7BAE6 /* AudioMetronomeNode.cpp */,
				CB7BEA0617095C3D00A7BAE6 /* AudioMetronomeNode.hpp */,
				CB7BEA0717095C3D00A7BAE6 /* AudioOscilatorNode.cpp */,
				CB7BEA0817095C3D00A7BAE6 /* AudioOscilatorNode.hpp */,
				CB7BEA0917095C3D00A7BAE6 /* AudioParallelNode.cpp */,
				CB7BEA0A17095C3D00A7BAE6 /* AudioParallelNode.hpp */,
				CB7BEA0B17095C3D00A7BAE6 /* AudioSourceNode.cpp */,
				CB7BEA0C17095C3D00A7BAE6 /* AudioSourceNode.hpp */,
			);
			path = buffers;
			sourceTree = "<group>";
		};
		CB7BEA0D17095C3D00A7BAE6 /* events */ = {
			isa = PBXGroup;
			children = (
				CB7BEA0E17095C3D00A7BAE6 /* BPMTrackerEvent.hpp */,
				CB7BEA0F17095C3D00A7BAE6 /* OfflineConverterEvent.hpp */,
			);
			path = events;
			sourceTree = "<group>";
		};
		CB7BEA1017095C3D00A7BAE6 /* fxplugins */ = {
			isa = PBXGroup;
			children = (
				CB7BEA1117095C3D00A7BAE6 /* AudioAnalyzeNode.cpp */,
				CB7BEA1217095C3D00A7BAE6 /* AudioAnalyzeNode.hpp */,
				CB7BEA1317095C3D00A7BAE6 /* AudioBitCrusherNode.cpp */,
				CB7BEA1417095C3D00A7BAE6 /* AudioBitCrusherNode.hpp */,
				CB7BEA1517095C3D00A7BAE6 /* AudioCaptureNode.cpp */,
				CB7BEA1617095C3D00A7BAE6 /* AudioCaptureNode.hpp */,
				CB7BEA1717095C3D00A7BAE6 /* AudioChorusNode.cpp */,
				CB7BEA1817095C3D00A7BAE6 /* AudioChorusNode.hpp */,
				CB7BEA1917095C3D00A7BAE6 /* AudioDelayNode.cpp */,
				CB7BEA1A17095C3D00A7BAE6 /* AudioDelayNode.hpp */,
				CB7BEA1B17095C3D00A7BAE6 /* AudioDistortionNode.cpp */,
				CB7BEA1C17095C3D00A7BAE6 /* AudioDistortionNode.hpp */,
				CB7BEA1D17095C3D00A7BAE6 /* AudioGateNode.cpp */,
				CB7BEA1E17095C3D00A7BAE6 /* AudioGateNode.hpp */,
				CB7BEA1F17095C3D00A7BAE6 /* AudioLevelNode.cpp */,
				CB7BEA2017095C3D00A7BAE6 /* AudioLevelNode.hpp */,
				CB7BEA2117095C3D00A7BAE6 /* AudioPannerNode.cpp */,
				CB7BEA2217095C3D00A7BAE6 /* AudioPannerNode.hpp */,
				CB7BEA2317095C3D00A7BAE6 /* AudioRecordingNode.cpp */,
				CB7BEA2417095C3D00A7BAE6 /* AudioRecordingNode.hpp */,
				CB7BEA2517095C3D00A7BAE6 /* AudioSampleProcessingNode.cpp */,
				CB7BEA2617095C3D00A7BAE6 /* AudioSampleProcessingNode.hpp */,
				CB7BEA2717095C3D00A7BAE6 /* AudioSamplerNode.cpp */,
				CB7BEA2817095C3D00A7BAE6 /* AudioSamplerNode.hpp */,
				CB7BEA2917095C3D00A7BAE6 /* AudioThroughNode.cpp */,
				CB7BEA2A17095C3D00A7BAE6 /* AudioThroughNode.hpp */,
				CB7BEA2B17095C3D00A7BAE6 /* AudioTremoroNode.cpp */,
				CB7BEA2C17095C3D00A7BAE6 /* AudioTremoroNode.hpp */,
				CB7BEA2D17095C3D00A7BAE6 /* AudioVariSpeedNode.cpp */,
				CB7BEA2E17095C3D00A7BAE6 /* AudioVariSpeedNode.hpp */,
			);
			path = fxplugins;
			sourceTree = "<group>";
		};
		CB7BEA2F17095C3D00A7BAE6 /* network */ = {
			isa = PBXGroup;
			children = (
				CB7BEA3017095C3D00A7BAE6 /* HTTPLoader.cpp */,
				CB7BEA3117095C3D00A7BAE6 /* HTTPLoader.hpp */,
				CB7BEA3217095C3D00A7BAE6 /* NetworkEvent.hpp */,
			);
			path = network;
			sourceTree = "<group>";
		};
		CB7BEA3517095C3D00A7BAE6 /* thread */ = {
			isa = PBXGroup;
			children = (
				CB7BEA3617095C3D00A7BAE6 /* Asynchronous.hpp */,
				CB7BEA3717095C3D00A7BAE6 /* Runnable.hpp */,
				CB7BEA3817095C3D00A7BAE6 /* Thread.cpp */,
				CB7BEA3917095C3D00A7BAE6 /* Thread.hpp */,
			);
			path = thread;
			sourceTree = "<group>";
		};
		CB7BEA8317095C4400A7BAE6 /* events */ = {
			isa = PBXGroup;
			children = (
				CB7BEA8417095C4400A7BAE6 /* Event.hpp */,
				CB7BEA8517095C4400A7BAE6 /* EventReceiver.hpp */,
				CB7BEA8617095C4400A7BAE6 /* EventSender.hpp */,
				CB7BEA8717095C4400A7BAE6 /* ReceiverBase.hpp */,
			);
			name = events;
			path = "../../cpp-events/src";
			sourceTree = "<group>";
		};
/* End PBXGroup section */

/* Begin PBXNativeTarget section */
		CB7BE92917095C1F00A7BAE6 /* ExtendedAudioUni */ = {
			isa = PBXNativeTarget;
			buildConfigurationList = CB7BE95C17095C1F00A7BAE6 /* Build configuration list for PBXNativeTarget "ExtendedAudioUni" */;
			buildPhases = (
				CB7BE92617095C1F00A7BAE6 /* Sources */,
				CB7BE92717095C1F00A7BAE6 /* Frameworks */,
				CB7BE92817095C1F00A7BAE6 /* Resources */,
			);
			buildRules = (
			);
			dependencies = (
			);
			name = ExtendedAudioUni;
			productName = ExtendedAudioUni;
			productReference = CB7BE92A17095C1F00A7BAE6 /* ExtendedAudioUni.app */;
			productType = "com.apple.product-type.application";
		};
		CB7BE94917095C1F00A7BAE6 /* ExtendedAudioUniTests */ = {
			isa = PBXNativeTarget;
			buildConfigurationList = CB7BE95F17095C1F00A7BAE6 /* Build configuration list for PBXNativeTarget "ExtendedAudioUniTests" */;
			buildPhases = (
				CB7BE94517095C1F00A7BAE6 /* Sources */,
				CB7BE94617095C1F00A7BAE6 /* Frameworks */,
				CB7BE94717095C1F00A7BAE6 /* Resources */,
				CB7BE94817095C1F00A7BAE6 /* ShellScript */,
			);
			buildRules = (
			);
			dependencies = (
				CB7BE95017095C1F00A7BAE6 /* PBXTargetDependency */,
			);
			name = ExtendedAudioUniTests;
			productName = ExtendedAudioUniTests;
			productReference = CB7BE94A17095C1F00A7BAE6 /* ExtendedAudioUniTests.octest */;
			productType = "com.apple.product-type.bundle";
		};
/* End PBXNativeTarget section */

/* Begin PBXProject section */
		CB7BE92217095C1F00A7BAE6 /* Project object */ = {
			isa = PBXProject;
			attributes = {
				LastUpgradeCheck = 0460;
				ORGANIZATIONNAME = "Satoshi Takano";
			};
			buildConfigurationList = CB7BE92517095C1F00A7BAE6 /* Build configuration list for PBXProject "ExtendedAudioUni" */;
			compatibilityVersion = "Xcode 3.2";
			developmentRegion = English;
			hasScannedForEncodings = 0;
			knownRegions = (
				en,
			);
			mainGroup = CB7BE92117095C1F00A7BAE6;
			productRefGroup = CB7BE92B17095C1F00A7BAE6 /* Products */;
			projectDirPath = "";
			projectRoot = "";
			targets = (
				CB7BE92917095C1F00A7BAE6 /* ExtendedAudioUni */,
				CB7BE94917095C1F00A7BAE6 /* ExtendedAudioUniTests */,
			);
		};
/* End PBXProject section */

/* Begin PBXResourcesBuildPhase section */
		CB7BE92817095C1F00A7BAE6 /* Resources */ = {
			isa = PBXResourcesBuildPhase;
			buildActionMask = 2147483647;
			files = (
				CB7BE93817095C1F00A7BAE6 /* InfoPlist.strings in Resources */,
				CB7BE94017095C1F00A7BAE6 /* Default.png in Resources */,
				CB7BE94217095C1F00A7BAE6 /* Default@2x.png in Resources */,
				CB7BE94417095C1F00A7BAE6 /* Default-568h@2x.png in Resources */,
			);
			runOnlyForDeploymentPostprocessing = 0;
		};
		CB7BE94717095C1F00A7BAE6 /* Resources */ = {
			isa = PBXResourcesBuildPhase;
			buildActionMask = 2147483647;
			files = (
				CB7BE95617095C1F00A7BAE6 /* InfoPlist.strings in Resources */,
			);
			runOnlyForDeploymentPostprocessing = 0;
		};
/* End PBXResourcesBuildPhase section */

/* Begin PBXShellScriptBuildPhase section */
		CB7BE94817095C1F00A7BAE6 /* ShellScript */ = {
			isa = PBXShellScriptBuildPhase;
			buildActionMask = 2147483647;
			files = (
			);
			inputPaths = (
			);
			outputPaths = (
			);
			runOnlyForDeploymentPostprocessing = 0;
			shellPath = /bin/sh;
			shellScript = "# Run the unit tests in this test bundle.\n\"${SYSTEM_DEVELOPER_DIR}/Tools/RunUnitTests\"\n";
		};
/* End PBXShellScriptBuildPhase section */

/* Begin PBXSourcesBuildPhase section */
		CB7BE92617095C1F00A7BAE6 /* Sources */ = {
			isa = PBXSourcesBuildPhase;
			buildActionMask = 2147483647;
			files = (
				CB7BE93A17095C1F00A7BAE6 /* main.m in Sources */,
				CB7BE93E17095C1F00A7BAE6 /* AppDelegate.m in Sources */,
				CB7BEA3B17095C3D00A7BAE6 /* BPMTracker.cpp in Sources */,
				CB7BEA3D17095C3D00A7BAE6 /* FFT.cpp in Sources */,
				CB7BEA3F17095C3D00A7BAE6 /* OnsetVectorizer.cpp in Sources */,
				CB7BEA4117095C3D00A7BAE6 /* PeakDetector.cpp in Sources */,
				CB7BEA4317095C3D00A7BAE6 /* StrategyParameter.cpp in Sources */,
				CB7BEA4517095C3D00A7BAE6 /* Tracker.cpp in Sources */,
				CB7BEA4717095C3D00A7BAE6 /* TrackingAgent.cpp in Sources */,
				CB7BEA4917095C3D00A7BAE6 /* AudioContext.cpp in Sources */,
				CB7BEA4B17095C3D00A7BAE6 /* AudioNodeDebugUtils.cpp in Sources */,
				CB7BEA4D17095C3D00A7BAE6 /* AudioUnitNode.cpp in Sources */,
				CB7BEA4F17095C3D00A7BAE6 /* AudioFile.cpp in Sources */,
				CB7BEA5117095C3D00A7BAE6 /* AudioFileMemoryBufferNode.cpp in Sources */,
				CB7BEA5317095C3D00A7BAE6 /* AudioFileNode.cpp in Sources */,
				CB7BEA5517095C3D00A7BAE6 /* AudioFileStreamingNode.cpp in Sources */,
				CB7BEA5717095C3D00A7BAE6 /* AudioMetronomeNode.cpp in Sources */,
				CB7BEA5917095C3D00A7BAE6 /* AudioOscilatorNode.cpp in Sources */,
				CB7BEA5B17095C3D00A7BAE6 /* AudioParallelNode.cpp in Sources */,
				CB7BEA5D17095C3D00A7BAE6 /* AudioSourceNode.cpp in Sources */,
				CB7BEA5F17095C3D00A7BAE6 /* AudioAnalyzeNode.cpp in Sources */,
				CB7BEA6117095C3D00A7BAE6 /* AudioBitCrusherNode.cpp in Sources */,
				CB7BEA6317095C3D00A7BAE6 /* AudioCaptureNode.cpp in Sources */,
				CB7BEA6517095C3D00A7BAE6 /* AudioChorusNode.cpp in Sources */,
				CB7BEA6717095C3D00A7BAE6 /* AudioDelayNode.cpp in Sources */,
				CB7BEA6917095C3D00A7BAE6 /* AudioDistortionNode.cpp in Sources */,
				CB7BEA6B17095C3D00A7BAE6 /* AudioGateNode.cpp in Sources */,
				CB7BEA6D17095C3D00A7BAE6 /* AudioLevelNode.cpp in Sources */,
				CB7BEA6F17095C3D00A7BAE6 /* AudioPannerNode.cpp in Sources */,
				CB7BEA7117095C3D00A7BAE6 /* AudioRecordingNode.cpp in Sources */,
				CB7BEA7317095C3D00A7BAE6 /* AudioSampleProcessingNode.cpp in Sources */,
				CB7BEA7517095C3D00A7BAE6 /* AudioSamplerNode.cpp in Sources */,
				CB7BEA7717095C3D00A7BAE6 /* AudioThroughNode.cpp in Sources */,
				CB7BEA7917095C3D00A7BAE6 /* AudioTremoroNode.cpp in Sources */,
				CB7BEA7B17095C3D00A7BAE6 /* AudioVariSpeedNode.cpp in Sources */,
				CB7BEA7D17095C3D00A7BAE6 /* HTTPLoader.cpp in Sources */,
				CB7BEA7F17095C3D00A7BAE6 /* OfflineConverter.cpp in Sources */,
				CB7BEA8117095C3D00A7BAE6 /* Thread.cpp in Sources */,
			);
			runOnlyForDeploymentPostprocessing = 0;
		};
		CB7BE94517095C1F00A7BAE6 /* Sources */ = {
			isa = PBXSourcesBuildPhase;
			buildActionMask = 2147483647;
			files = (
				CB7BE95917095C1F00A7BAE6 /* ExtendedAudioUniTests.m in Sources */,
				CB7BEA3C17095C3D00A7BAE6 /* BPMTracker.cpp in Sources */,
				CB7BEA3E17095C3D00A7BAE6 /* FFT.cpp in Sources */,
				CB7BEA4017095C3D00A7BAE6 /* OnsetVectorizer.cpp in Sources */,
				CB7BEA4217095C3D00A7BAE6 /* PeakDetector.cpp in Sources */,
				CB7BEA4417095C3D00A7BAE6 /* StrategyParameter.cpp in Sources */,
				CB7BEA4617095C3D00A7BAE6 /* Tracker.cpp in Sources */,
				CB7BEA4817095C3D00A7BAE6 /* TrackingAgent.cpp in Sources */,
				CB7BEA4A17095C3D00A7BAE6 /* AudioContext.cpp in Sources */,
				CB7BEA4C17095C3D00A7BAE6 /* AudioNodeDebugUtils.cpp in Sources */,
				CB7BEA4E17095C3D00A7BAE6 /* AudioUnitNode.cpp in Sources */,
				CB7BEA5017095C3D00A7BAE6 /* AudioFile.cpp in Sources */,
				CB7BEA5217095C3D00A7BAE6 /* AudioFileMemoryBufferNode.cpp in Sources */,
				CB7BEA5417095C3D00A7BAE6 /* AudioFileNode.cpp in Sources */,
				CB7BEA5617095C3D00A7BAE6 /* AudioFileStreamingNode.cpp in Sources */,
				CB7BEA5817095C3D00A7BAE6 /* AudioMetronomeNode.cpp in Sources */,
				CB7BEA5A17095C3D00A7BAE6 /* AudioOscilatorNode.cpp in Sources */,
				CB7BEA5C17095C3D00A7BAE6 /* AudioParallelNode.cpp in Sources */,
				CB7BEA5E17095C3D00A7BAE6 /* AudioSourceNode.cpp in Sources */,
				CB7BEA6017095C3D00A7BAE6 /* AudioAnalyzeNode.cpp in Sources */,
				CB7BEA6217095C3D00A7BAE6 /* AudioBitCrusherNode.cpp in Sources */,
				CB7BEA6417095C3D00A7BAE6 /* AudioCaptureNode.cpp in Sources */,
				CB7BEA6617095C3D00A7BAE6 /* AudioChorusNode.cpp in Sources */,
				CB7BEA6817095C3D00A7BAE6 /* AudioDelayNode.cpp in Sources */,
				CB7BEA6A17095C3D00A7BAE6 /* AudioDistortionNode.cpp in Sources */,
				CB7BEA6C17095C3D00A7BAE6 /* AudioGateNode.cpp in Sources */,
				CB7BEA6E17095C3D00A7BAE6 /* AudioLevelNode.cpp in Sources */,
				CB7BEA7017095C3D00A7BAE6 /* AudioPannerNode.cpp in Sources */,
				CB7BEA7217095C3D00A7BAE6 /* AudioRecordingNode.cpp in Sources */,
				CB7BEA7417095C3D00A7BAE6 /* AudioSampleProcessingNode.cpp in Sources */,
				CB7BEA7617095C3D00A7BAE6 /* AudioSamplerNode.cpp in Sources */,
				CB7BEA7817095C3D00A7BAE6 /* AudioThroughNode.cpp in Sources */,
				CB7BEA7A17095C3D00A7BAE6 /* AudioTremoroNode.cpp in Sources */,
				CB7BEA7C17095C3D00A7BAE6 /* AudioVariSpeedNode.cpp in Sources */,
				CB7BEA7E17095C3D00A7BAE6 /* HTTPLoader.cpp in Sources */,
				CB7BEA8017095C3D00A7BAE6 /* OfflineConverter.cpp in Sources */,
				CB7BEA8217095C3D00A7BAE6 /* Thread.cpp in Sources */,
			);
			runOnlyForDeploymentPostprocessing = 0;
		};
/* End PBXSourcesBuildPhase section */

/* Begin PBXTargetDependency section */
		CB7BE95017095C1F00A7BAE6 /* PBXTargetDependency */ = {
			isa = PBXTargetDependency;
			target = CB7BE92917095C1F00A7BAE6 /* ExtendedAudioUni */;
			targetProxy = CB7BE94F17095C1F00A7BAE6 /* PBXContainerItemProxy */;
		};
/* End PBXTargetDependency section */

/* Begin PBXVariantGroup section */
		CB7BE93617095C1F00A7BAE6 /* InfoPlist.strings */ = {
			isa = PBXVariantGroup;
			children = (
				CB7BE93717095C1F00A7BAE6 /* en */,
			);
			name = InfoPlist.strings;
			sourceTree = "<group>";
		};
		CB7BE95417095C1F00A7BAE6 /* InfoPlist.strings */ = {
			isa = PBXVariantGroup;
			children = (
				CB7BE95517095C1F00A7BAE6 /* en */,
			);
			name = InfoPlist.strings;
			sourceTree = "<group>";
		};
/* End PBXVariantGroup section */

/* Begin XCBuildConfiguration section */
		CB7BE95A17095C1F00A7BAE6 /* Debug */ = {
			isa = XCBuildConfiguration;
			buildSettings = {
				ALWAYS_SEARCH_USER_PATHS = NO;
				CLANG_CXX_LANGUAGE_STANDARD = "gnu++0x";
				CLANG_CXX_LIBRARY = "libstdc++";
				CLANG_ENABLE_OBJC_ARC = YES;
				CLANG_WARN_CONSTANT_CONVERSION = YES;
				CLANG_WARN_EMPTY_BODY = YES;
				CLANG_WARN_ENUM_CONVERSION = YES;
				CLANG_WARN_INT_CONVERSION = YES;
				CLANG_WARN__DUPLICATE_METHOD_MATCH = YES;
				"CODE_SIGN_IDENTITY[sdk=iphoneos*]" = "iPhone Developer";
				COPY_PHASE_STRIP = NO;
				GCC_C_LANGUAGE_STANDARD = gnu99;
				GCC_DYNAMIC_NO_PIC = NO;
				GCC_OPTIMIZATION_LEVEL = 0;
				GCC_PREPROCESSOR_DEFINITIONS = (
					"DEBUG=1",
					"$(inherited)",
				);
				GCC_SYMBOLS_PRIVATE_EXTERN = NO;
				GCC_WARN_ABOUT_RETURN_TYPE = YES;
				GCC_WARN_UNINITIALIZED_AUTOS = YES;
				GCC_WARN_UNUSED_VARIABLE = YES;
				IPHONEOS_DEPLOYMENT_TARGET = 6.1;
				ONLY_ACTIVE_ARCH = YES;
				SDKROOT = iphoneos;
				TARGETED_DEVICE_FAMILY = "1,2";
			};
			name = Debug;
		};
		CB7BE95B17095C1F00A7BAE6 /* Release */ = {
			isa = XCBuildConfiguration;
			buildSettings = {
				ALWAYS_SEARCH_USER_PATHS = NO;
				CLANG_CXX_LANGUAGE_STANDARD = "gnu++0x";
				CLANG_CXX_LIBRARY = "libstdc++";
				CLANG_ENABLE_OBJC_ARC = YES;
				CLANG_WARN_CONSTANT_CONVERSION = YES;
				CLANG_WARN_EMPTY_BODY = YES;
				CLANG_WARN_ENUM_CONVERSION = YES;
				CLANG_WARN_INT_CONVERSION = YES;
				CLANG_WARN__DUPLICATE_METHOD_MATCH = YES;
				"CODE_SIGN_IDENTITY[sdk=iphoneos*]" = "iPhone Developer";
				COPY_PHASE_STRIP = YES;
				GCC_C_LANGUAGE_STANDARD = gnu99;
				GCC_WARN_ABOUT_RETURN_TYPE = YES;
				GCC_WARN_UNINITIALIZED_AUTOS = YES;
				GCC_WARN_UNUSED_VARIABLE = YES;
				IPHONEOS_DEPLOYMENT_TARGET = 6.1;
				OTHER_CFLAGS = "-DNS_BLOCK_ASSERTIONS=1";
				SDKROOT = iphoneos;
				TARGETED_DEVICE_FAMILY = "1,2";
				VALIDATE_PRODUCT = YES;
			};
			name = Release;
		};
		CB7BE95D17095C1F00A7BAE6 /* Debug */ = {
			isa = XCBuildConfiguration;
			buildSettings = {
				GCC_PRECOMPILE_PREFIX_HEADER = YES;
				GCC_PREFIX_HEADER = "ExtendedAudioUni/ExtendedAudioUni-Prefix.pch";
				INFOPLIST_FILE = "ExtendedAudioUni/ExtendedAudioUni-Info.plist";
				IPHONEOS_DEPLOYMENT_TARGET = 5.1;
				PRODUCT_NAME = "$(TARGET_NAME)";
				WRAPPER_EXTENSION = app;
			};
			name = Debug;
		};
		CB7BE95E17095C1F00A7BAE6 /* Release */ = {
			isa = XCBuildConfiguration;
			buildSettings = {
				GCC_PRECOMPILE_PREFIX_HEADER = YES;
				GCC_PREFIX_HEADER = "ExtendedAudioUni/ExtendedAudioUni-Prefix.pch";
				INFOPLIST_FILE = "ExtendedAudioUni/ExtendedAudioUni-Info.plist";
				IPHONEOS_DEPLOYMENT_TARGET = 5.1;
				PRODUCT_NAME = "$(TARGET_NAME)";
				WRAPPER_EXTENSION = app;
			};
			name = Release;
		};
		CB7BE96017095C1F00A7BAE6 /* Debug */ = {
			isa = XCBuildConfiguration;
			buildSettings = {
				BUNDLE_LOADER = "$(BUILT_PRODUCTS_DIR)/ExtendedAudioUni.app/ExtendedAudioUni";
				FRAMEWORK_SEARCH_PATHS = (
					"\"$(SDKROOT)/Developer/Library/Frameworks\"",
					"\"$(DEVELOPER_LIBRARY_DIR)/Frameworks\"",
				);
				GCC_PRECOMPILE_PREFIX_HEADER = YES;
				GCC_PREFIX_HEADER = "ExtendedAudioUni/ExtendedAudioUni-Prefix.pch";
				INFOPLIST_FILE = "ExtendedAudioUniTests/ExtendedAudioUniTests-Info.plist";
				PRODUCT_NAME = "$(TARGET_NAME)";
				TEST_HOST = "$(BUNDLE_LOADER)";
				WRAPPER_EXTENSION = octest;
			};
			name = Debug;
		};
		CB7BE96117095C1F00A7BAE6 /* Release */ = {
			isa = XCBuildConfiguration;
			buildSettings = {
				BUNDLE_LOADER = "$(BUILT_PRODUCTS_DIR)/ExtendedAudioUni.app/ExtendedAudioUni";
				FRAMEWORK_SEARCH_PATHS = (
					"\"$(SDKROOT)/Developer/Library/Frameworks\"",
					"\"$(DEVELOPER_LIBRARY_DIR)/Frameworks\"",
				);
				GCC_PRECOMPILE_PREFIX_HEADER = YES;
				GCC_PREFIX_HEADER = "ExtendedAudioUni/ExtendedAudioUni-Prefix.pch";
				INFOPLIST_FILE = "ExtendedAudioUniTests/ExtendedAudioUniTests-Info.plist";
				PRODUCT_NAME = "$(TARGET_NAME)";
				TEST_HOST = "$(BUNDLE_LOADER)";
				WRAPPER_EXTENSION = octest;
			};
			name = Release;
		};
/* End XCBuildConfiguration section */

/* Begin XCConfigurationList section */
		CB7BE92517095C1F00A7BAE6 /* Build configuration list for PBXProject "ExtendedAudioUni" */ = {
			isa = XCConfigurationList;
			buildConfigurations = (
				CB7BE95A17095C1F00A7BAE6 /* Debug */,
				CB7BE95B17095C1F00A7BAE6 /* Release */,
			);
			defaultConfigurationIsVisible = 0;
			defaultConfigurationName = Release;
		};
		CB7BE95C17095C1F00A7BAE6 /* Build configuration list for PBXNativeTarget "ExtendedAudioUni" */ = {
			isa = XCConfigurationList;
			buildConfigurations = (
				CB7BE95D17095C1F00A7BAE6 /* Debug */,
				CB7BE95E17095C1F00A7BAE6 /* Release */,
			);
			defaultConfigurationIsVisible = 0;
		};
		CB7BE95F17095C1F00A7BAE6 /* Build configuration list for PBXNativeTarget "ExtendedAudioUniTests" */ = {
			isa = XCConfigurationList;
			buildConfigurations = (
				CB7BE96017095C1F00A7BAE6 /* Debug */,
				CB7BE96117095C1F00A7BAE6 /* Release */,
			);
			defaultConfigurationIsVisible = 0;
		};
/* End XCConfigurationList section */
	};
	rootObject = CB7BE92217095C1F00A7BAE6 /* Project object */;
}
