// !$*UTF8*$!
{
	archiveVersion = 1;
	classes = {
	};
	objectVersion = 46;
	objects = {

/* Begin PBXBuildFile section */
		CBE0E24717311AE500576ED4 /* UIKit.framework in Frameworks */ = {isa = PBXBuildFile; fileRef = CBAA92C5170B465000A6B947 /* UIKit.framework */; };
		CBE0E24817311AE500576ED4 /* Foundation.framework in Frameworks */ = {isa = PBXBuildFile; fileRef = CBAA92C7170B465000A6B947 /* Foundation.framework */; };
		CBE0E24917311AE500576ED4 /* CoreGraphics.framework in Frameworks */ = {isa = PBXBuildFile; fileRef = CBAA92C9170B465000A6B947 /* CoreGraphics.framework */; };
		CBE0E24F17311AE500576ED4 /* InfoPlist.strings in Resources */ = {isa = PBXBuildFile; fileRef = CBE0E24D17311AE500576ED4 /* InfoPlist.strings */; };
		CBE0E25117311AE500576ED4 /* main.m in Sources */ = {isa = PBXBuildFile; fileRef = CBE0E25017311AE500576ED4 /* main.m */; };
		CBE0E25517311AE500576ED4 /* AppDelegate.m in Sources */ = {isa = PBXBuildFile; fileRef = CBE0E25417311AE500576ED4 /* AppDelegate.m */; };
		CBE0E25717311AE500576ED4 /* Default.png in Resources */ = {isa = PBXBuildFile; fileRef = CBE0E25617311AE500576ED4 /* Default.png */; };
		CBE0E25917311AE500576ED4 /* Default@2x.png in Resources */ = {isa = PBXBuildFile; fileRef = CBE0E25817311AE500576ED4 /* Default@2x.png */; };
		CBE0E25B17311AE500576ED4 /* Default-568h@2x.png in Resources */ = {isa = PBXBuildFile; fileRef = CBE0E25A17311AE500576ED4 /* Default-568h@2x.png */; };
		CBE0E2EB17311C8800576ED4 /* .gitignore in Resources */ = {isa = PBXBuildFile; fileRef = CBE0E28A17311C8800576ED4 /* .gitignore */; };
		CBE0E2ED17311C8800576ED4 /* BPMTracker.cpp in Sources */ = {isa = PBXBuildFile; fileRef = CBE0E29317311C8800576ED4 /* BPMTracker.cpp */; };
		CBE0E2EE17311C8800576ED4 /* FFT.cpp in Sources */ = {isa = PBXBuildFile; fileRef = CBE0E29517311C8800576ED4 /* FFT.cpp */; };
		CBE0E2EF17311C8800576ED4 /* OnsetVectorizer.cpp in Sources */ = {isa = PBXBuildFile; fileRef = CBE0E29717311C8800576ED4 /* OnsetVectorizer.cpp */; };
		CBE0E2F017311C8800576ED4 /* PeakDetector.cpp in Sources */ = {isa = PBXBuildFile; fileRef = CBE0E29917311C8800576ED4 /* PeakDetector.cpp */; };
		CBE0E2F117311C8800576ED4 /* StrategyParameter.cpp in Sources */ = {isa = PBXBuildFile; fileRef = CBE0E29B17311C8800576ED4 /* StrategyParameter.cpp */; };
		CBE0E2F217311C8800576ED4 /* Tracker.cpp in Sources */ = {isa = PBXBuildFile; fileRef = CBE0E29D17311C8800576ED4 /* Tracker.cpp */; };
		CBE0E2F317311C8800576ED4 /* TrackingAgent.cpp in Sources */ = {isa = PBXBuildFile; fileRef = CBE0E29F17311C8800576ED4 /* TrackingAgent.cpp */; };
		CBE0E2F417311C8800576ED4 /* AudioContext.cpp in Sources */ = {isa = PBXBuildFile; fileRef = CBE0E2A217311C8800576ED4 /* AudioContext.cpp */; };
		CBE0E2F517311C8800576ED4 /* AudioNodeDebugUtils.cpp in Sources */ = {isa = PBXBuildFile; fileRef = CBE0E2A617311C8800576ED4 /* AudioNodeDebugUtils.cpp */; };
		CBE0E2F617311C8800576ED4 /* AudioUnitNode.cpp in Sources */ = {isa = PBXBuildFile; fileRef = CBE0E2A817311C8800576ED4 /* AudioUnitNode.cpp */; };
		CBE0E2F717311C8800576ED4 /* AudioFile.cpp in Sources */ = {isa = PBXBuildFile; fileRef = CBE0E2AC17311C8800576ED4 /* AudioFile.cpp */; };
		CBE0E2F817311C8800576ED4 /* AudioFileMemoryBufferNode.cpp in Sources */ = {isa = PBXBuildFile; fileRef = CBE0E2AF17311C8800576ED4 /* AudioFileMemoryBufferNode.cpp */; };
		CBE0E2F917311C8800576ED4 /* AudioFileNode.cpp in Sources */ = {isa = PBXBuildFile; fileRef = CBE0E2B117311C8800576ED4 /* AudioFileNode.cpp */; };
		CBE0E2FA17311C8800576ED4 /* AudioFileStreamingNode.cpp in Sources */ = {isa = PBXBuildFile; fileRef = CBE0E2B317311C8800576ED4 /* AudioFileStreamingNode.cpp */; };
		CBE0E2FB17311C8800576ED4 /* AudioMetronomeNode.cpp in Sources */ = {isa = PBXBuildFile; fileRef = CBE0E2B517311C8800576ED4 /* AudioMetronomeNode.cpp */; };
		CBE0E2FC17311C8800576ED4 /* AudioOscilatorNode.cpp in Sources */ = {isa = PBXBuildFile; fileRef = CBE0E2B717311C8800576ED4 /* AudioOscilatorNode.cpp */; };
		CBE0E2FD17311C8800576ED4 /* AudioParallelNode.cpp in Sources */ = {isa = PBXBuildFile; fileRef = CBE0E2B917311C8800576ED4 /* AudioParallelNode.cpp */; };
		CBE0E2FE17311C8800576ED4 /* AudioSourceNode.cpp in Sources */ = {isa = PBXBuildFile; fileRef = CBE0E2BB17311C8800576ED4 /* AudioSourceNode.cpp */; };
		CBE0E2FF17311C8800576ED4 /* AudioAnalyzeNode.cpp in Sources */ = {isa = PBXBuildFile; fileRef = CBE0E2C117311C8800576ED4 /* AudioAnalyzeNode.cpp */; };
		CBE0E30017311C8800576ED4 /* AudioBitCrusherNode.cpp in Sources */ = {isa = PBXBuildFile; fileRef = CBE0E2C317311C8800576ED4 /* AudioBitCrusherNode.cpp */; };
		CBE0E30117311C8800576ED4 /* AudioCaptureNode.cpp in Sources */ = {isa = PBXBuildFile; fileRef = CBE0E2C517311C8800576ED4 /* AudioCaptureNode.cpp */; };
		CBE0E30217311C8800576ED4 /* AudioChorusNode.cpp in Sources */ = {isa = PBXBuildFile; fileRef = CBE0E2C717311C8800576ED4 /* AudioChorusNode.cpp */; };
		CBE0E30317311C8800576ED4 /* AudioDelayNode.cpp in Sources */ = {isa = PBXBuildFile; fileRef = CBE0E2C917311C8800576ED4 /* AudioDelayNode.cpp */; };
		CBE0E30417311C8800576ED4 /* AudioDistortionNode.cpp in Sources */ = {isa = PBXBuildFile; fileRef = CBE0E2CB17311C8800576ED4 /* AudioDistortionNode.cpp */; };
		CBE0E30517311C8800576ED4 /* AudioGateNode.cpp in Sources */ = {isa = PBXBuildFile; fileRef = CBE0E2CD17311C8800576ED4 /* AudioGateNode.cpp */; };
		CBE0E30617311C8800576ED4 /* AudioLevelNode.cpp in Sources */ = {isa = PBXBuildFile; fileRef = CBE0E2CF17311C8800576ED4 /* AudioLevelNode.cpp */; };
		CBE0E30717311C8800576ED4 /* AudioPannerNode.cpp in Sources */ = {isa = PBXBuildFile; fileRef = CBE0E2D117311C8800576ED4 /* AudioPannerNode.cpp */; };
		CBE0E30817311C8800576ED4 /* AudioRecordingNode.cpp in Sources */ = {isa = PBXBuildFile; fileRef = CBE0E2D317311C8800576ED4 /* AudioRecordingNode.cpp */; };
		CBE0E30917311C8800576ED4 /* AudioSampleProcessingNode.cpp in Sources */ = {isa = PBXBuildFile; fileRef = CBE0E2D517311C8800576ED4 /* AudioSampleProcessingNode.cpp */; };
		CBE0E30A17311C8800576ED4 /* AudioSamplerNode.cpp in Sources */ = {isa = PBXBuildFile; fileRef = CBE0E2D717311C8800576ED4 /* AudioSamplerNode.cpp */; };
		CBE0E30B17311C8800576ED4 /* AudioThroughNode.cpp in Sources */ = {isa = PBXBuildFile; fileRef = CBE0E2D917311C8800576ED4 /* AudioThroughNode.cpp */; };
		CBE0E30C17311C8800576ED4 /* AudioTremoroNode.cpp in Sources */ = {isa = PBXBuildFile; fileRef = CBE0E2DB17311C8800576ED4 /* AudioTremoroNode.cpp */; };
		CBE0E30D17311C8800576ED4 /* AudioVariSpeedNode.cpp in Sources */ = {isa = PBXBuildFile; fileRef = CBE0E2DD17311C8800576ED4 /* AudioVariSpeedNode.cpp */; };
		CBE0E30E17311C8800576ED4 /* HTTPLoader.cpp in Sources */ = {isa = PBXBuildFile; fileRef = CBE0E2E017311C8800576ED4 /* HTTPLoader.cpp */; };
		CBE0E30F17311C8800576ED4 /* OfflineConverter.cpp in Sources */ = {isa = PBXBuildFile; fileRef = CBE0E2E317311C8800576ED4 /* OfflineConverter.cpp */; };
		CBE0E31017311C8800576ED4 /* Thread.cpp in Sources */ = {isa = PBXBuildFile; fileRef = CBE0E2E817311C8800576ED4 /* Thread.cpp */; };
		CBE0E31117311CD700576ED4 /* Accelerate.framework in Frameworks */ = {isa = PBXBuildFile; fileRef = CBAA93A6170B46A800A6B947 /* Accelerate.framework */; };
		CBE0E31217311CD700576ED4 /* AudioToolbox.framework in Frameworks */ = {isa = PBXBuildFile; fileRef = CBAA93A4170B46A000A6B947 /* AudioToolbox.framework */; };
		CBE0E31317311CD700576ED4 /* CFNetwork.framework in Frameworks */ = {isa = PBXBuildFile; fileRef = CBAA93A2170B469C00A6B947 /* CFNetwork.framework */; };
		CBE0E31717311D7100576ED4 /* BasicExampleViewController.mm in Sources */ = {isa = PBXBuildFile; fileRef = CBE0E31617311D7100576ED4 /* BasicExampleViewController.mm */; };
		CBE0E31F1731231100576ED4 /* local.mp3 in Resources */ = {isa = PBXBuildFile; fileRef = CBE0E31E1731231100576ED4 /* local.mp3 */; };
/* End PBXBuildFile section */

/* Begin PBXFileReference section */
		CBAA92C5170B465000A6B947 /* UIKit.framework */ = {isa = PBXFileReference; lastKnownFileType = wrapper.framework; name = UIKit.framework; path = System/Library/Frameworks/UIKit.framework; sourceTree = SDKROOT; };
		CBAA92C7170B465000A6B947 /* Foundation.framework */ = {isa = PBXFileReference; lastKnownFileType = wrapper.framework; name = Foundation.framework; path = System/Library/Frameworks/Foundation.framework; sourceTree = SDKROOT; };
		CBAA92C9170B465000A6B947 /* CoreGraphics.framework */ = {isa = PBXFileReference; lastKnownFileType = wrapper.framework; name = CoreGraphics.framework; path = System/Library/Frameworks/CoreGraphics.framework; sourceTree = SDKROOT; };
		CBAA93A2170B469C00A6B947 /* CFNetwork.framework */ = {isa = PBXFileReference; lastKnownFileType = wrapper.framework; name = CFNetwork.framework; path = System/Library/Frameworks/CFNetwork.framework; sourceTree = SDKROOT; };
		CBAA93A4170B46A000A6B947 /* AudioToolbox.framework */ = {isa = PBXFileReference; lastKnownFileType = wrapper.framework; name = AudioToolbox.framework; path = System/Library/Frameworks/AudioToolbox.framework; sourceTree = SDKROOT; };
		CBAA93A6170B46A800A6B947 /* Accelerate.framework */ = {isa = PBXFileReference; lastKnownFileType = wrapper.framework; name = Accelerate.framework; path = System/Library/Frameworks/Accelerate.framework; sourceTree = SDKROOT; };
		CBE0E24617311AE500576ED4 /* BasicExample.app */ = {isa = PBXFileReference; explicitFileType = wrapper.application; includeInIndex = 0; path = BasicExample.app; sourceTree = BUILT_PRODUCTS_DIR; };
		CBE0E24C17311AE500576ED4 /* BasicExample-Info.plist */ = {isa = PBXFileReference; lastKnownFileType = text.plist.xml; path = "BasicExample-Info.plist"; sourceTree = "<group>"; };
		CBE0E24E17311AE500576ED4 /* en */ = {isa = PBXFileReference; lastKnownFileType = text.plist.strings; name = en; path = en.lproj/InfoPlist.strings; sourceTree = "<group>"; };
		CBE0E25017311AE500576ED4 /* main.m */ = {isa = PBXFileReference; lastKnownFileType = sourcecode.c.objc; path = main.m; sourceTree = "<group>"; };
		CBE0E25217311AE500576ED4 /* BasicExample-Prefix.pch */ = {isa = PBXFileReference; lastKnownFileType = sourcecode.c.h; path = "BasicExample-Prefix.pch"; sourceTree = "<group>"; };
		CBE0E25317311AE500576ED4 /* AppDelegate.h */ = {isa = PBXFileReference; lastKnownFileType = sourcecode.c.h; path = AppDelegate.h; sourceTree = "<group>"; };
		CBE0E25417311AE500576ED4 /* AppDelegate.m */ = {isa = PBXFileReference; lastKnownFileType = sourcecode.c.objc; path = AppDelegate.m; sourceTree = "<group>"; };
		CBE0E25617311AE500576ED4 /* Default.png */ = {isa = PBXFileReference; lastKnownFileType = image.png; path = Default.png; sourceTree = "<group>"; };
		CBE0E25817311AE500576ED4 /* Default@2x.png */ = {isa = PBXFileReference; lastKnownFileType = image.png; path = "Default@2x.png"; sourceTree = "<group>"; };
		CBE0E25A17311AE500576ED4 /* Default-568h@2x.png */ = {isa = PBXFileReference; lastKnownFileType = image.png; path = "Default-568h@2x.png"; sourceTree = "<group>"; };
		CBE0E28A17311C8800576ED4 /* .gitignore */ = {isa = PBXFileReference; fileEncoding = 4; lastKnownFileType = text; path = .gitignore; sourceTree = "<group>"; };
		CBE0E28D17311C8800576ED4 /* Event.hpp */ = {isa = PBXFileReference; fileEncoding = 4; lastKnownFileType = sourcecode.cpp.h; path = Event.hpp; sourceTree = "<group>"; };
		CBE0E28E17311C8800576ED4 /* EventReceiver.hpp */ = {isa = PBXFileReference; fileEncoding = 4; lastKnownFileType = sourcecode.cpp.h; path = EventReceiver.hpp; sourceTree = "<group>"; };
		CBE0E28F17311C8800576ED4 /* EventSender.hpp */ = {isa = PBXFileReference; fileEncoding = 4; lastKnownFileType = sourcecode.cpp.h; path = EventSender.hpp; sourceTree = "<group>"; };
		CBE0E29017311C8800576ED4 /* ReceiverBase.hpp */ = {isa = PBXFileReference; fileEncoding = 4; lastKnownFileType = sourcecode.cpp.h; path = ReceiverBase.hpp; sourceTree = "<group>"; };
		CBE0E29317311C8800576ED4 /* BPMTracker.cpp */ = {isa = PBXFileReference; fileEncoding = 4; lastKnownFileType = sourcecode.cpp.cpp; path = BPMTracker.cpp; sourceTree = "<group>"; };
		CBE0E29417311C8800576ED4 /* BPMTracker.hpp */ = {isa = PBXFileReference; fileEncoding = 4; lastKnownFileType = sourcecode.cpp.h; path = BPMTracker.hpp; sourceTree = "<group>"; };
		CBE0E29517311C8800576ED4 /* FFT.cpp */ = {isa = PBXFileReference; fileEncoding = 4; lastKnownFileType = sourcecode.cpp.cpp; path = FFT.cpp; sourceTree = "<group>"; };
		CBE0E29617311C8800576ED4 /* FFT.hpp */ = {isa = PBXFileReference; fileEncoding = 4; lastKnownFileType = sourcecode.cpp.h; path = FFT.hpp; sourceTree = "<group>"; };
		CBE0E29717311C8800576ED4 /* OnsetVectorizer.cpp */ = {isa = PBXFileReference; fileEncoding = 4; lastKnownFileType = sourcecode.cpp.cpp; path = OnsetVectorizer.cpp; sourceTree = "<group>"; };
		CBE0E29817311C8800576ED4 /* OnsetVectorizer.hpp */ = {isa = PBXFileReference; fileEncoding = 4; lastKnownFileType = sourcecode.cpp.h; path = OnsetVectorizer.hpp; sourceTree = "<group>"; };
		CBE0E29917311C8800576ED4 /* PeakDetector.cpp */ = {isa = PBXFileReference; fileEncoding = 4; lastKnownFileType = sourcecode.cpp.cpp; path = PeakDetector.cpp; sourceTree = "<group>"; };
		CBE0E29A17311C8800576ED4 /* PeakDetector.hpp */ = {isa = PBXFileReference; fileEncoding = 4; lastKnownFileType = sourcecode.cpp.h; path = PeakDetector.hpp; sourceTree = "<group>"; };
		CBE0E29B17311C8800576ED4 /* StrategyParameter.cpp */ = {isa = PBXFileReference; fileEncoding = 4; lastKnownFileType = sourcecode.cpp.cpp; path = StrategyParameter.cpp; sourceTree = "<group>"; };
		CBE0E29C17311C8800576ED4 /* StrategyParameter.hpp */ = {isa = PBXFileReference; fileEncoding = 4; lastKnownFileType = sourcecode.cpp.h; path = StrategyParameter.hpp; sourceTree = "<group>"; };
		CBE0E29D17311C8800576ED4 /* Tracker.cpp */ = {isa = PBXFileReference; fileEncoding = 4; lastKnownFileType = sourcecode.cpp.cpp; path = Tracker.cpp; sourceTree = "<group>"; };
		CBE0E29E17311C8800576ED4 /* Tracker.hpp */ = {isa = PBXFileReference; fileEncoding = 4; lastKnownFileType = sourcecode.cpp.h; path = Tracker.hpp; sourceTree = "<group>"; };
		CBE0E29F17311C8800576ED4 /* TrackingAgent.cpp */ = {isa = PBXFileReference; fileEncoding = 4; lastKnownFileType = sourcecode.cpp.cpp; path = TrackingAgent.cpp; sourceTree = "<group>"; };
		CBE0E2A017311C8800576ED4 /* TrackingAgent.hpp */ = {isa = PBXFileReference; fileEncoding = 4; lastKnownFileType = sourcecode.cpp.h; path = TrackingAgent.hpp; sourceTree = "<group>"; };
		CBE0E2A117311C8800576ED4 /* AUComponentDescription.hpp */ = {isa = PBXFileReference; fileEncoding = 4; lastKnownFileType = sourcecode.cpp.h; path = AUComponentDescription.hpp; sourceTree = "<group>"; };
		CBE0E2A217311C8800576ED4 /* AudioContext.cpp */ = {isa = PBXFileReference; fileEncoding = 4; lastKnownFileType = sourcecode.cpp.cpp; path = AudioContext.cpp; sourceTree = "<group>"; };
		CBE0E2A317311C8800576ED4 /* AudioContext.hpp */ = {isa = PBXFileReference; fileEncoding = 4; lastKnownFileType = sourcecode.cpp.h; path = AudioContext.hpp; sourceTree = "<group>"; };
		CBE0E2A417311C8800576ED4 /* AudioException.hpp */ = {isa = PBXFileReference; fileEncoding = 4; lastKnownFileType = sourcecode.cpp.h; path = AudioException.hpp; sourceTree = "<group>"; };
		CBE0E2A517311C8800576ED4 /* AudioNode.hpp */ = {isa = PBXFileReference; fileEncoding = 4; lastKnownFileType = sourcecode.cpp.h; path = AudioNode.hpp; sourceTree = "<group>"; };
		CBE0E2A617311C8800576ED4 /* AudioNodeDebugUtils.cpp */ = {isa = PBXFileReference; fileEncoding = 4; lastKnownFileType = sourcecode.cpp.cpp; path = AudioNodeDebugUtils.cpp; sourceTree = "<group>"; };
		CBE0E2A717311C8800576ED4 /* AudioNodeDebugUtils.hpp */ = {isa = PBXFileReference; fileEncoding = 4; lastKnownFileType = sourcecode.cpp.h; path = AudioNodeDebugUtils.hpp; sourceTree = "<group>"; };
		CBE0E2A817311C8800576ED4 /* AudioUnitNode.cpp */ = {isa = PBXFileReference; fileEncoding = 4; lastKnownFileType = sourcecode.cpp.cpp; path = AudioUnitNode.cpp; sourceTree = "<group>"; };
		CBE0E2A917311C8800576ED4 /* AudioUnitNode.hpp */ = {isa = PBXFileReference; fileEncoding = 4; lastKnownFileType = sourcecode.cpp.h; path = AudioUnitNode.hpp; sourceTree = "<group>"; };
		CBE0E2AA17311C8800576ED4 /* AUStreamBasicDescription.hpp */ = {isa = PBXFileReference; fileEncoding = 4; lastKnownFileType = sourcecode.cpp.h; path = AUStreamBasicDescription.hpp; sourceTree = "<group>"; };
		CBE0E2AC17311C8800576ED4 /* AudioFile.cpp */ = {isa = PBXFileReference; fileEncoding = 4; lastKnownFileType = sourcecode.cpp.cpp; path = AudioFile.cpp; sourceTree = "<group>"; };
		CBE0E2AD17311C8800576ED4 /* AudioFile.hpp */ = {isa = PBXFileReference; fileEncoding = 4; lastKnownFileType = sourcecode.cpp.h; path = AudioFile.hpp; sourceTree = "<group>"; };
		CBE0E2AE17311C8800576ED4 /* AudioFileDoubleBuffer.hpp */ = {isa = PBXFileReference; fileEncoding = 4; lastKnownFileType = sourcecode.cpp.h; path = AudioFileDoubleBuffer.hpp; sourceTree = "<group>"; };
		CBE0E2AF17311C8800576ED4 /* AudioFileMemoryBufferNode.cpp */ = {isa = PBXFileReference; fileEncoding = 4; lastKnownFileType = sourcecode.cpp.cpp; path = AudioFileMemoryBufferNode.cpp; sourceTree = "<group>"; };
		CBE0E2B017311C8800576ED4 /* AudioFileMemoryBufferNode.hpp */ = {isa = PBXFileReference; fileEncoding = 4; lastKnownFileType = sourcecode.cpp.h; path = AudioFileMemoryBufferNode.hpp; sourceTree = "<group>"; };
		CBE0E2B117311C8800576ED4 /* AudioFileNode.cpp */ = {isa = PBXFileReference; fileEncoding = 4; lastKnownFileType = sourcecode.cpp.cpp; path = AudioFileNode.cpp; sourceTree = "<group>"; };
		CBE0E2B217311C8800576ED4 /* AudioFileNode.hpp */ = {isa = PBXFileReference; fileEncoding = 4; lastKnownFileType = sourcecode.cpp.h; path = AudioFileNode.hpp; sourceTree = "<group>"; };
		CBE0E2B317311C8800576ED4 /* AudioFileStreamingNode.cpp */ = {isa = PBXFileReference; fileEncoding = 4; lastKnownFileType = sourcecode.cpp.cpp; path = AudioFileStreamingNode.cpp; sourceTree = "<group>"; };
		CBE0E2B417311C8800576ED4 /* AudioFileStreamingNode.hpp */ = {isa = PBXFileReference; fileEncoding = 4; lastKnownFileType = sourcecode.cpp.h; path = AudioFileStreamingNode.hpp; sourceTree = "<group>"; };
		CBE0E2B517311C8800576ED4 /* AudioMetronomeNode.cpp */ = {isa = PBXFileReference; fileEncoding = 4; lastKnownFileType = sourcecode.cpp.cpp; path = AudioMetronomeNode.cpp; sourceTree = "<group>"; };
		CBE0E2B617311C8800576ED4 /* AudioMetronomeNode.hpp */ = {isa = PBXFileReference; fileEncoding = 4; lastKnownFileType = sourcecode.cpp.h; path = AudioMetronomeNode.hpp; sourceTree = "<group>"; };
		CBE0E2B717311C8800576ED4 /* AudioOscilatorNode.cpp */ = {isa = PBXFileReference; fileEncoding = 4; lastKnownFileType = sourcecode.cpp.cpp; path = AudioOscilatorNode.cpp; sourceTree = "<group>"; };
		CBE0E2B817311C8800576ED4 /* AudioOscilatorNode.hpp */ = {isa = PBXFileReference; fileEncoding = 4; lastKnownFileType = sourcecode.cpp.h; path = AudioOscilatorNode.hpp; sourceTree = "<group>"; };
		CBE0E2B917311C8800576ED4 /* AudioParallelNode.cpp */ = {isa = PBXFileReference; fileEncoding = 4; lastKnownFileType = sourcecode.cpp.cpp; path = AudioParallelNode.cpp; sourceTree = "<group>"; };
		CBE0E2BA17311C8800576ED4 /* AudioParallelNode.hpp */ = {isa = PBXFileReference; fileEncoding = 4; lastKnownFileType = sourcecode.cpp.h; path = AudioParallelNode.hpp; sourceTree = "<group>"; };
		CBE0E2BB17311C8800576ED4 /* AudioSourceNode.cpp */ = {isa = PBXFileReference; fileEncoding = 4; lastKnownFileType = sourcecode.cpp.cpp; path = AudioSourceNode.cpp; sourceTree = "<group>"; };
		CBE0E2BC17311C8800576ED4 /* AudioSourceNode.hpp */ = {isa = PBXFileReference; fileEncoding = 4; lastKnownFileType = sourcecode.cpp.h; path = AudioSourceNode.hpp; sourceTree = "<group>"; };
		CBE0E2BE17311C8800576ED4 /* BPMTrackerEvent.hpp */ = {isa = PBXFileReference; fileEncoding = 4; lastKnownFileType = sourcecode.cpp.h; path = BPMTrackerEvent.hpp; sourceTree = "<group>"; };
		CBE0E2BF17311C8800576ED4 /* OfflineConverterEvent.hpp */ = {isa = PBXFileReference; fileEncoding = 4; lastKnownFileType = sourcecode.cpp.h; path = OfflineConverterEvent.hpp; sourceTree = "<group>"; };
		CBE0E2C117311C8800576ED4 /* AudioAnalyzeNode.cpp */ = {isa = PBXFileReference; fileEncoding = 4; lastKnownFileType = sourcecode.cpp.cpp; path = AudioAnalyzeNode.cpp; sourceTree = "<group>"; };
		CBE0E2C217311C8800576ED4 /* AudioAnalyzeNode.hpp */ = {isa = PBXFileReference; fileEncoding = 4; lastKnownFileType = sourcecode.cpp.h; path = AudioAnalyzeNode.hpp; sourceTree = "<group>"; };
		CBE0E2C317311C8800576ED4 /* AudioBitCrusherNode.cpp */ = {isa = PBXFileReference; fileEncoding = 4; lastKnownFileType = sourcecode.cpp.cpp; path = AudioBitCrusherNode.cpp; sourceTree = "<group>"; };
		CBE0E2C417311C8800576ED4 /* AudioBitCrusherNode.hpp */ = {isa = PBXFileReference; fileEncoding = 4; lastKnownFileType = sourcecode.cpp.h; path = AudioBitCrusherNode.hpp; sourceTree = "<group>"; };
		CBE0E2C517311C8800576ED4 /* AudioCaptureNode.cpp */ = {isa = PBXFileReference; fileEncoding = 4; lastKnownFileType = sourcecode.cpp.cpp; path = AudioCaptureNode.cpp; sourceTree = "<group>"; };
		CBE0E2C617311C8800576ED4 /* AudioCaptureNode.hpp */ = {isa = PBXFileReference; fileEncoding = 4; lastKnownFileType = sourcecode.cpp.h; path = AudioCaptureNode.hpp; sourceTree = "<group>"; };
		CBE0E2C717311C8800576ED4 /* AudioChorusNode.cpp */ = {isa = PBXFileReference; fileEncoding = 4; lastKnownFileType = sourcecode.cpp.cpp; path = AudioChorusNode.cpp; sourceTree = "<group>"; };
		CBE0E2C817311C8800576ED4 /* AudioChorusNode.hpp */ = {isa = PBXFileReference; fileEncoding = 4; lastKnownFileType = sourcecode.cpp.h; path = AudioChorusNode.hpp; sourceTree = "<group>"; };
		CBE0E2C917311C8800576ED4 /* AudioDelayNode.cpp */ = {isa = PBXFileReference; fileEncoding = 4; lastKnownFileType = sourcecode.cpp.cpp; path = AudioDelayNode.cpp; sourceTree = "<group>"; };
		CBE0E2CA17311C8800576ED4 /* AudioDelayNode.hpp */ = {isa = PBXFileReference; fileEncoding = 4; lastKnownFileType = sourcecode.cpp.h; path = AudioDelayNode.hpp; sourceTree = "<group>"; };
		CBE0E2CB17311C8800576ED4 /* AudioDistortionNode.cpp */ = {isa = PBXFileReference; fileEncoding = 4; lastKnownFileType = sourcecode.cpp.cpp; path = AudioDistortionNode.cpp; sourceTree = "<group>"; };
		CBE0E2CC17311C8800576ED4 /* AudioDistortionNode.hpp */ = {isa = PBXFileReference; fileEncoding = 4; lastKnownFileType = sourcecode.cpp.h; path = AudioDistortionNode.hpp; sourceTree = "<group>"; };
		CBE0E2CD17311C8800576ED4 /* AudioGateNode.cpp */ = {isa = PBXFileReference; fileEncoding = 4; lastKnownFileType = sourcecode.cpp.cpp; path = AudioGateNode.cpp; sourceTree = "<group>"; };
		CBE0E2CE17311C8800576ED4 /* AudioGateNode.hpp */ = {isa = PBXFileReference; fileEncoding = 4; lastKnownFileType = sourcecode.cpp.h; path = AudioGateNode.hpp; sourceTree = "<group>"; };
		CBE0E2CF17311C8800576ED4 /* AudioLevelNode.cpp */ = {isa = PBXFileReference; fileEncoding = 4; lastKnownFileType = sourcecode.cpp.cpp; path = AudioLevelNode.cpp; sourceTree = "<group>"; };
		CBE0E2D017311C8800576ED4 /* AudioLevelNode.hpp */ = {isa = PBXFileReference; fileEncoding = 4; lastKnownFileType = sourcecode.cpp.h; path = AudioLevelNode.hpp; sourceTree = "<group>"; };
		CBE0E2D117311C8800576ED4 /* AudioPannerNode.cpp */ = {isa = PBXFileReference; fileEncoding = 4; lastKnownFileType = sourcecode.cpp.cpp; path = AudioPannerNode.cpp; sourceTree = "<group>"; };
		CBE0E2D217311C8800576ED4 /* AudioPannerNode.hpp */ = {isa = PBXFileReference; fileEncoding = 4; lastKnownFileType = sourcecode.cpp.h; path = AudioPannerNode.hpp; sourceTree = "<group>"; };
		CBE0E2D317311C8800576ED4 /* AudioRecordingNode.cpp */ = {isa = PBXFileReference; fileEncoding = 4; lastKnownFileType = sourcecode.cpp.cpp; path = AudioRecordingNode.cpp; sourceTree = "<group>"; };
		CBE0E2D417311C8800576ED4 /* AudioRecordingNode.hpp */ = {isa = PBXFileReference; fileEncoding = 4; lastKnownFileType = sourcecode.cpp.h; path = AudioRecordingNode.hpp; sourceTree = "<group>"; };
		CBE0E2D517311C8800576ED4 /* AudioSampleProcessingNode.cpp */ = {isa = PBXFileReference; fileEncoding = 4; lastKnownFileType = sourcecode.cpp.cpp; path = AudioSampleProcessingNode.cpp; sourceTree = "<group>"; };
		CBE0E2D617311C8800576ED4 /* AudioSampleProcessingNode.hpp */ = {isa = PBXFileReference; fileEncoding = 4; lastKnownFileType = sourcecode.cpp.h; path = AudioSampleProcessingNode.hpp; sourceTree = "<group>"; };
		CBE0E2D717311C8800576ED4 /* AudioSamplerNode.cpp */ = {isa = PBXFileReference; fileEncoding = 4; lastKnownFileType = sourcecode.cpp.cpp; path = AudioSamplerNode.cpp; sourceTree = "<group>"; };
		CBE0E2D817311C8800576ED4 /* AudioSamplerNode.hpp */ = {isa = PBXFileReference; fileEncoding = 4; lastKnownFileType = sourcecode.cpp.h; path = AudioSamplerNode.hpp; sourceTree = "<group>"; };
		CBE0E2D917311C8800576ED4 /* AudioThroughNode.cpp */ = {isa = PBXFileReference; fileEncoding = 4; lastKnownFileType = sourcecode.cpp.cpp; path = AudioThroughNode.cpp; sourceTree = "<group>"; };
		CBE0E2DA17311C8800576ED4 /* AudioThroughNode.hpp */ = {isa = PBXFileReference; fileEncoding = 4; lastKnownFileType = sourcecode.cpp.h; path = AudioThroughNode.hpp; sourceTree = "<group>"; };
		CBE0E2DB17311C8800576ED4 /* AudioTremoroNode.cpp */ = {isa = PBXFileReference; fileEncoding = 4; lastKnownFileType = sourcecode.cpp.cpp; path = AudioTremoroNode.cpp; sourceTree = "<group>"; };
		CBE0E2DC17311C8800576ED4 /* AudioTremoroNode.hpp */ = {isa = PBXFileReference; fileEncoding = 4; lastKnownFileType = sourcecode.cpp.h; path = AudioTremoroNode.hpp; sourceTree = "<group>"; };
		CBE0E2DD17311C8800576ED4 /* AudioVariSpeedNode.cpp */ = {isa = PBXFileReference; fileEncoding = 4; lastKnownFileType = sourcecode.cpp.cpp; path = AudioVariSpeedNode.cpp; sourceTree = "<group>"; };
		CBE0E2DE17311C8800576ED4 /* AudioVariSpeedNode.hpp */ = {isa = PBXFileReference; fileEncoding = 4; lastKnownFileType = sourcecode.cpp.h; path = AudioVariSpeedNode.hpp; sourceTree = "<group>"; };
		CBE0E2E017311C8800576ED4 /* HTTPLoader.cpp */ = {isa = PBXFileReference; fileEncoding = 4; lastKnownFileType = sourcecode.cpp.cpp; path = HTTPLoader.cpp; sourceTree = "<group>"; };
		CBE0E2E117311C8800576ED4 /* HTTPLoader.hpp */ = {isa = PBXFileReference; fileEncoding = 4; lastKnownFileType = sourcecode.cpp.h; path = HTTPLoader.hpp; sourceTree = "<group>"; };
		CBE0E2E217311C8800576ED4 /* NetworkEvent.hpp */ = {isa = PBXFileReference; fileEncoding = 4; lastKnownFileType = sourcecode.cpp.h; path = NetworkEvent.hpp; sourceTree = "<group>"; };
		CBE0E2E317311C8800576ED4 /* OfflineConverter.cpp */ = {isa = PBXFileReference; fileEncoding = 4; lastKnownFileType = sourcecode.cpp.cpp; path = OfflineConverter.cpp; sourceTree = "<group>"; };
		CBE0E2E417311C8800576ED4 /* OfflineConverter.hpp */ = {isa = PBXFileReference; fileEncoding = 4; lastKnownFileType = sourcecode.cpp.h; path = OfflineConverter.hpp; sourceTree = "<group>"; };
		CBE0E2E617311C8800576ED4 /* Asynchronous.hpp */ = {isa = PBXFileReference; fileEncoding = 4; lastKnownFileType = sourcecode.cpp.h; path = Asynchronous.hpp; sourceTree = "<group>"; };
		CBE0E2E717311C8800576ED4 /* Runnable.hpp */ = {isa = PBXFileReference; fileEncoding = 4; lastKnownFileType = sourcecode.cpp.h; path = Runnable.hpp; sourceTree = "<group>"; };
		CBE0E2E817311C8800576ED4 /* Thread.cpp */ = {isa = PBXFileReference; fileEncoding = 4; lastKnownFileType = sourcecode.cpp.cpp; path = Thread.cpp; sourceTree = "<group>"; };
		CBE0E2E917311C8800576ED4 /* Thread.hpp */ = {isa = PBXFileReference; fileEncoding = 4; lastKnownFileType = sourcecode.cpp.h; path = Thread.hpp; sourceTree = "<group>"; };
		CBE0E2EA17311C8800576ED4 /* WideBuffer.hpp */ = {isa = PBXFileReference; fileEncoding = 4; lastKnownFileType = sourcecode.cpp.h; path = WideBuffer.hpp; sourceTree = "<group>"; };
		CBE0E31517311D7100576ED4 /* BasicExampleViewController.h */ = {isa = PBXFileReference; explicitFileType = sourcecode.c.h; fileEncoding = 4; path = BasicExampleViewController.h; sourceTree = "<group>"; };
		CBE0E31617311D7100576ED4 /* BasicExampleViewController.mm */ = {isa = PBXFileReference; fileEncoding = 4; lastKnownFileType = sourcecode.cpp.objcpp; path = BasicExampleViewController.mm; sourceTree = "<group>"; };
		CBE0E31E1731231100576ED4 /* local.mp3 */ = {isa = PBXFileReference; lastKnownFileType = audio.mp3; path = local.mp3; sourceTree = "<group>"; };
/* End PBXFileReference section */

/* Begin PBXFrameworksBuildPhase section */
		CBE0E24317311AE500576ED4 /* Frameworks */ = {
			isa = PBXFrameworksBuildPhase;
			buildActionMask = 2147483647;
			files = (
				CBE0E31117311CD700576ED4 /* Accelerate.framework in Frameworks */,
				CBE0E31217311CD700576ED4 /* AudioToolbox.framework in Frameworks */,
				CBE0E31317311CD700576ED4 /* CFNetwork.framework in Frameworks */,
				CBE0E24717311AE500576ED4 /* UIKit.framework in Frameworks */,
				CBE0E24817311AE500576ED4 /* Foundation.framework in Frameworks */,
				CBE0E24917311AE500576ED4 /* CoreGraphics.framework in Frameworks */,
			);
			runOnlyForDeploymentPostprocessing = 0;
		};
/* End PBXFrameworksBuildPhase section */

/* Begin PBXGroup section */
		CBAA92B9170B465000A6B947 = {
			isa = PBXGroup;
			children = (
				CBE0E28817311C7800576ED4 /* Libs */,
				CBE0E24A17311AE500576ED4 /* BasicExample */,
				CBAA92C4170B465000A6B947 /* Frameworks */,
				CBAA92C3170B465000A6B947 /* Products */,
				CBE0E31D1731231100576ED4 /* Resources */,
			);
			sourceTree = "<group>";
		};
		CBAA92C3170B465000A6B947 /* Products */ = {
			isa = PBXGroup;
			children = (
				CBE0E24617311AE500576ED4 /* BasicExample.app */,
			);
			name = Products;
			sourceTree = "<group>";
		};
		CBAA92C4170B465000A6B947 /* Frameworks */ = {
			isa = PBXGroup;
			children = (
				CBAA93A6170B46A800A6B947 /* Accelerate.framework */,
				CBAA93A4170B46A000A6B947 /* AudioToolbox.framework */,
				CBAA93A2170B469C00A6B947 /* CFNetwork.framework */,
				CBAA92C5170B465000A6B947 /* UIKit.framework */,
				CBAA92C7170B465000A6B947 /* Foundation.framework */,
				CBAA92C9170B465000A6B947 /* CoreGraphics.framework */,
			);
			name = Frameworks;
			sourceTree = "<group>";
		};
		CBE0E24A17311AE500576ED4 /* BasicExample */ = {
			isa = PBXGroup;
			children = (
				CBE0E25317311AE500576ED4 /* AppDelegate.h */,
				CBE0E25417311AE500576ED4 /* AppDelegate.m */,
				CBE0E31517311D7100576ED4 /* BasicExampleViewController.h */,
				CBE0E31617311D7100576ED4 /* BasicExampleViewController.mm */,
				CBE0E24B17311AE500576ED4 /* Supporting Files */,
			);
			path = BasicExample;
			sourceTree = "<group>";
		};
		CBE0E24B17311AE500576ED4 /* Supporting Files */ = {
			isa = PBXGroup;
			children = (
				CBE0E24C17311AE500576ED4 /* BasicExample-Info.plist */,
				CBE0E24D17311AE500576ED4 /* InfoPlist.strings */,
				CBE0E25017311AE500576ED4 /* main.m */,
				CBE0E25217311AE500576ED4 /* BasicExample-Prefix.pch */,
				CBE0E25617311AE500576ED4 /* Default.png */,
				CBE0E25817311AE500576ED4 /* Default@2x.png */,
				CBE0E25A17311AE500576ED4 /* Default-568h@2x.png */,
			);
			name = "Supporting Files";
			sourceTree = "<group>";
		};
		CBE0E28817311C7800576ED4 /* Libs */ = {
			isa = PBXGroup;
			children = (
				CBE0E28917311C8800576ED4 /* cpp-events */,
				CBE0E29117311C8800576ED4 /* sound */,
			);
			name = Libs;
			sourceTree = "<group>";
		};
		CBE0E28917311C8800576ED4 /* cpp-events */ = {
			isa = PBXGroup;
			children = (
				CBE0E28A17311C8800576ED4 /* .gitignore */,
				CBE0E28C17311C8800576ED4 /* src */,
			);
			name = "cpp-events";
			path = "../cpp-events";
			sourceTree = "<group>";
		};
		CBE0E28C17311C8800576ED4 /* src */ = {
			isa = PBXGroup;
			children = (
				CBE0E28D17311C8800576ED4 /* Event.hpp */,
				CBE0E28E17311C8800576ED4 /* EventReceiver.hpp */,
				CBE0E28F17311C8800576ED4 /* EventSender.hpp */,
				CBE0E29017311C8800576ED4 /* ReceiverBase.hpp */,
			);
			path = src;
			sourceTree = "<group>";
		};
		CBE0E29117311C8800576ED4 /* sound */ = {
			isa = PBXGroup;
			children = (
				CBE0E29217311C8800576ED4 /* analysis */,
				CBE0E2A117311C8800576ED4 /* AUComponentDescription.hpp */,
				CBE0E2A217311C8800576ED4 /* AudioContext.cpp */,
				CBE0E2A317311C8800576ED4 /* AudioContext.hpp */,
				CBE0E2A417311C8800576ED4 /* AudioException.hpp */,
				CBE0E2A517311C8800576ED4 /* AudioNode.hpp */,
				CBE0E2A617311C8800576ED4 /* AudioNodeDebugUtils.cpp */,
				CBE0E2A717311C8800576ED4 /* AudioNodeDebugUtils.hpp */,
				CBE0E2A817311C8800576ED4 /* AudioUnitNode.cpp */,
				CBE0E2A917311C8800576ED4 /* AudioUnitNode.hpp */,
				CBE0E2AA17311C8800576ED4 /* AUStreamBasicDescription.hpp */,
				CBE0E2AB17311C8800576ED4 /* buffers */,
				CBE0E2BD17311C8800576ED4 /* events */,
				CBE0E2C017311C8800576ED4 /* fxplugins */,
				CBE0E2DF17311C8800576ED4 /* network */,
				CBE0E2E317311C8800576ED4 /* OfflineConverter.cpp */,
				CBE0E2E417311C8800576ED4 /* OfflineConverter.hpp */,
				CBE0E2E517311C8800576ED4 /* thread */,
				CBE0E2EA17311C8800576ED4 /* WideBuffer.hpp */,
			);
			name = sound;
			path = ../sound;
			sourceTree = "<group>";
		};
		CBE0E29217311C8800576ED4 /* analysis */ = {
			isa = PBXGroup;
			children = (
				CBE0E29317311C8800576ED4 /* BPMTracker.cpp */,
				CBE0E29417311C8800576ED4 /* BPMTracker.hpp */,
				CBE0E29517311C8800576ED4 /* FFT.cpp */,
				CBE0E29617311C8800576ED4 /* FFT.hpp */,
				CBE0E29717311C8800576ED4 /* OnsetVectorizer.cpp */,
				CBE0E29817311C8800576ED4 /* OnsetVectorizer.hpp */,
				CBE0E29917311C8800576ED4 /* PeakDetector.cpp */,
				CBE0E29A17311C8800576ED4 /* PeakDetector.hpp */,
				CBE0E29B17311C8800576ED4 /* StrategyParameter.cpp */,
				CBE0E29C17311C8800576ED4 /* StrategyParameter.hpp */,
				CBE0E29D17311C8800576ED4 /* Tracker.cpp */,
				CBE0E29E17311C8800576ED4 /* Tracker.hpp */,
				CBE0E29F17311C8800576ED4 /* TrackingAgent.cpp */,
				CBE0E2A017311C8800576ED4 /* TrackingAgent.hpp */,
			);
			path = analysis;
			sourceTree = "<group>";
		};
		CBE0E2AB17311C8800576ED4 /* buffers */ = {
			isa = PBXGroup;
			children = (
				CBE0E2AC17311C8800576ED4 /* AudioFile.cpp */,
				CBE0E2AD17311C8800576ED4 /* AudioFile.hpp */,
				CBE0E2AE17311C8800576ED4 /* AudioFileDoubleBuffer.hpp */,
				CBE0E2AF17311C8800576ED4 /* AudioFileMemoryBufferNode.cpp */,
				CBE0E2B017311C8800576ED4 /* AudioFileMemoryBufferNode.hpp */,
				CBE0E2B117311C8800576ED4 /* AudioFileNode.cpp */,
				CBE0E2B217311C8800576ED4 /* AudioFileNode.hpp */,
				CBE0E2B317311C8800576ED4 /* AudioFileStreamingNode.cpp */,
				CBE0E2B417311C8800576ED4 /* AudioFileStreamingNode.hpp */,
				CBE0E2B517311C8800576ED4 /* AudioMetronomeNode.cpp */,
				CBE0E2B617311C8800576ED4 /* AudioMetronomeNode.hpp */,
				CBE0E2B717311C8800576ED4 /* AudioOscilatorNode.cpp */,
				CBE0E2B817311C8800576ED4 /* AudioOscilatorNode.hpp */,
				CBE0E2B917311C8800576ED4 /* AudioParallelNode.cpp */,
				CBE0E2BA17311C8800576ED4 /* AudioParallelNode.hpp */,
				CBE0E2BB17311C8800576ED4 /* AudioSourceNode.cpp */,
				CBE0E2BC17311C8800576ED4 /* AudioSourceNode.hpp */,
			);
			path = buffers;
			sourceTree = "<group>";
		};
		CBE0E2BD17311C8800576ED4 /* events */ = {
			isa = PBXGroup;
			children = (
				CBE0E2BE17311C8800576ED4 /* BPMTrackerEvent.hpp */,
				CBE0E2BF17311C8800576ED4 /* OfflineConverterEvent.hpp */,
			);
			path = events;
			sourceTree = "<group>";
		};
		CBE0E2C017311C8800576ED4 /* fxplugins */ = {
			isa = PBXGroup;
			children = (
				CBE0E2C117311C8800576ED4 /* AudioAnalyzeNode.cpp */,
				CBE0E2C217311C8800576ED4 /* AudioAnalyzeNode.hpp */,
				CBE0E2C317311C8800576ED4 /* AudioBitCrusherNode.cpp */,
				CBE0E2C417311C8800576ED4 /* AudioBitCrusherNode.hpp */,
				CBE0E2C517311C8800576ED4 /* AudioCaptureNode.cpp */,
				CBE0E2C617311C8800576ED4 /* AudioCaptureNode.hpp */,
				CBE0E2C717311C8800576ED4 /* AudioChorusNode.cpp */,
				CBE0E2C817311C8800576ED4 /* AudioChorusNode.hpp */,
				CBE0E2C917311C8800576ED4 /* AudioDelayNode.cpp */,
				CBE0E2CA17311C8800576ED4 /* AudioDelayNode.hpp */,
				CBE0E2CB17311C8800576ED4 /* AudioDistortionNode.cpp */,
				CBE0E2CC17311C8800576ED4 /* AudioDistortionNode.hpp */,
				CBE0E2CD17311C8800576ED4 /* AudioGateNode.cpp */,
				CBE0E2CE17311C8800576ED4 /* AudioGateNode.hpp */,
				CBE0E2CF17311C8800576ED4 /* AudioLevelNode.cpp */,
				CBE0E2D017311C8800576ED4 /* AudioLevelNode.hpp */,
				CBE0E2D117311C8800576ED4 /* AudioPannerNode.cpp */,
				CBE0E2D217311C8800576ED4 /* AudioPannerNode.hpp */,
				CBE0E2D317311C8800576ED4 /* AudioRecordingNode.cpp */,
				CBE0E2D417311C8800576ED4 /* AudioRecordingNode.hpp */,
				CBE0E2D517311C8800576ED4 /* AudioSampleProcessingNode.cpp */,
				CBE0E2D617311C8800576ED4 /* AudioSampleProcessingNode.hpp */,
				CBE0E2D717311C8800576ED4 /* AudioSamplerNode.cpp */,
				CBE0E2D817311C8800576ED4 /* AudioSamplerNode.hpp */,
				CBE0E2D917311C8800576ED4 /* AudioThroughNode.cpp */,
				CBE0E2DA17311C8800576ED4 /* AudioThroughNode.hpp */,
				CBE0E2DB17311C8800576ED4 /* AudioTremoroNode.cpp */,
				CBE0E2DC17311C8800576ED4 /* AudioTremoroNode.hpp */,
				CBE0E2DD17311C8800576ED4 /* AudioVariSpeedNode.cpp */,
				CBE0E2DE17311C8800576ED4 /* AudioVariSpeedNode.hpp */,
			);
			path = fxplugins;
			sourceTree = "<group>";
		};
		CBE0E2DF17311C8800576ED4 /* network */ = {
			isa = PBXGroup;
			children = (
				CBE0E2E017311C8800576ED4 /* HTTPLoader.cpp */,
				CBE0E2E117311C8800576ED4 /* HTTPLoader.hpp */,
				CBE0E2E217311C8800576ED4 /* NetworkEvent.hpp */,
			);
			path = network;
			sourceTree = "<group>";
		};
		CBE0E2E517311C8800576ED4 /* thread */ = {
			isa = PBXGroup;
			children = (
				CBE0E2E617311C8800576ED4 /* Asynchronous.hpp */,
				CBE0E2E717311C8800576ED4 /* Runnable.hpp */,
				CBE0E2E817311C8800576ED4 /* Thread.cpp */,
				CBE0E2E917311C8800576ED4 /* Thread.hpp */,
			);
			path = thread;
			sourceTree = "<group>";
		};
		CBE0E31D1731231100576ED4 /* Resources */ = {
			isa = PBXGroup;
			children = (
				CBE0E31E1731231100576ED4 /* local.mp3 */,
			);
			path = Resources;
			sourceTree = "<group>";
		};
/* End PBXGroup section */

/* Begin PBXNativeTarget section */
		CBE0E24517311AE500576ED4 /* BasicExample */ = {
			isa = PBXNativeTarget;
			buildConfigurationList = CBE0E25E17311AE500576ED4 /* Build configuration list for PBXNativeTarget "BasicExample" */;
			buildPhases = (
				CBE0E24217311AE500576ED4 /* Sources */,
				CBE0E24317311AE500576ED4 /* Frameworks */,
				CBE0E24417311AE500576ED4 /* Resources */,
			);
			buildRules = (
			);
			dependencies = (
			);
			name = BasicExample;
			productName = BasicExample;
			productReference = CBE0E24617311AE500576ED4 /* BasicExample.app */;
			productType = "com.apple.product-type.application";
		};
/* End PBXNativeTarget section */

/* Begin PBXProject section */
		CBAA92BA170B465000A6B947 /* Project object */ = {
			isa = PBXProject;
			attributes = {
				LastUpgradeCheck = 0460;
				ORGANIZATIONNAME = "Satoshi Takano";
			};
			buildConfigurationList = CBAA92BD170B465000A6B947 /* Build configuration list for PBXProject "ExtendedAudioUnit" */;
			compatibilityVersion = "Xcode 3.2";
			developmentRegion = English;
			hasScannedForEncodings = 0;
			knownRegions = (
				en,
			);
			mainGroup = CBAA92B9170B465000A6B947;
			productRefGroup = CBAA92C3170B465000A6B947 /* Products */;
			projectDirPath = "";
			projectRoot = "";
			targets = (
				CBE0E24517311AE500576ED4 /* BasicExample */,
			);
		};
/* End PBXProject section */

/* Begin PBXResourcesBuildPhase section */
		CBE0E24417311AE500576ED4 /* Resources */ = {
			isa = PBXResourcesBuildPhase;
			buildActionMask = 2147483647;
			files = (
				CBE0E24F17311AE500576ED4 /* InfoPlist.strings in Resources */,
				CBE0E25717311AE500576ED4 /* Default.png in Resources */,
				CBE0E25917311AE500576ED4 /* Default@2x.png in Resources */,
				CBE0E25B17311AE500576ED4 /* Default-568h@2x.png in Resources */,
				CBE0E2EB17311C8800576ED4 /* .gitignore in Resources */,
				CBE0E31F1731231100576ED4 /* local.mp3 in Resources */,
			);
			runOnlyForDeploymentPostprocessing = 0;
		};
/* End PBXResourcesBuildPhase section */

/* Begin PBXSourcesBuildPhase section */
		CBE0E24217311AE500576ED4 /* Sources */ = {
			isa = PBXSourcesBuildPhase;
			buildActionMask = 2147483647;
			files = (
				CBE0E25117311AE500576ED4 /* main.m in Sources */,
				CBE0E25517311AE500576ED4 /* AppDelegate.m in Sources */,
				CBE0E2ED17311C8800576ED4 /* BPMTracker.cpp in Sources */,
				CBE0E2EE17311C8800576ED4 /* FFT.cpp in Sources */,
				CBE0E2EF17311C8800576ED4 /* OnsetVectorizer.cpp in Sources */,
				CBE0E2F017311C8800576ED4 /* PeakDetector.cpp in Sources */,
				CBE0E2F117311C8800576ED4 /* StrategyParameter.cpp in Sources */,
				CBE0E2F217311C8800576ED4 /* Tracker.cpp in Sources */,
				CBE0E2F317311C8800576ED4 /* TrackingAgent.cpp in Sources */,
				CBE0E2F417311C8800576ED4 /* AudioContext.cpp in Sources */,
				CBE0E2F517311C8800576ED4 /* AudioNodeDebugUtils.cpp in Sources */,
				CBE0E2F617311C8800576ED4 /* AudioUnitNode.cpp in Sources */,
				CBE0E2F717311C8800576ED4 /* AudioFile.cpp in Sources */,
				CBE0E2F817311C8800576ED4 /* AudioFileMemoryBufferNode.cpp in Sources */,
				CBE0E2F917311C8800576ED4 /* AudioFileNode.cpp in Sources */,
				CBE0E2FA17311C8800576ED4 /* AudioFileStreamingNode.cpp in Sources */,
				CBE0E2FB17311C8800576ED4 /* AudioMetronomeNode.cpp in Sources */,
				CBE0E2FC17311C8800576ED4 /* AudioOscilatorNode.cpp in Sources */,
				CBE0E2FD17311C8800576ED4 /* AudioParallelNode.cpp in Sources */,
				CBE0E2FE17311C8800576ED4 /* AudioSourceNode.cpp in Sources */,
				CBE0E2FF17311C8800576ED4 /* AudioAnalyzeNode.cpp in Sources */,
				CBE0E30017311C8800576ED4 /* AudioBitCrusherNode.cpp in Sources */,
				CBE0E30117311C8800576ED4 /* AudioCaptureNode.cpp in Sources */,
				CBE0E30217311C8800576ED4 /* AudioChorusNode.cpp in Sources */,
				CBE0E30317311C8800576ED4 /* AudioDelayNode.cpp in Sources */,
				CBE0E30417311C8800576ED4 /* AudioDistortionNode.cpp in Sources */,
				CBE0E30517311C8800576ED4 /* AudioGateNode.cpp in Sources */,
				CBE0E30617311C8800576ED4 /* AudioLevelNode.cpp in Sources */,
				CBE0E30717311C8800576ED4 /* AudioPannerNode.cpp in Sources */,
				CBE0E30817311C8800576ED4 /* AudioRecordingNode.cpp in Sources */,
				CBE0E30917311C8800576ED4 /* AudioSampleProcessingNode.cpp in Sources */,
				CBE0E30A17311C8800576ED4 /* AudioSamplerNode.cpp in Sources */,
				CBE0E30B17311C8800576ED4 /* AudioThroughNode.cpp in Sources */,
				CBE0E30C17311C8800576ED4 /* AudioTremoroNode.cpp in Sources */,
				CBE0E30D17311C8800576ED4 /* AudioVariSpeedNode.cpp in Sources */,
				CBE0E30E17311C8800576ED4 /* HTTPLoader.cpp in Sources */,
				CBE0E30F17311C8800576ED4 /* OfflineConverter.cpp in Sources */,
				CBE0E31017311C8800576ED4 /* Thread.cpp in Sources */,
				CBE0E31717311D7100576ED4 /* BasicExampleViewController.mm in Sources */,
			);
			runOnlyForDeploymentPostprocessing = 0;
		};
/* End PBXSourcesBuildPhase section */

/* Begin PBXVariantGroup section */
		CBE0E24D17311AE500576ED4 /* InfoPlist.strings */ = {
			isa = PBXVariantGroup;
			children = (
				CBE0E24E17311AE500576ED4 /* en */,
			);
			name = InfoPlist.strings;
			sourceTree = "<group>";
		};
/* End PBXVariantGroup section */

/* Begin XCBuildConfiguration section */
		CBAA92F2170B465100A6B947 /* Debug */ = {
			isa = XCBuildConfiguration;
			buildSettings = {
				ALWAYS_SEARCH_USER_PATHS = NO;
				CLANG_CXX_LANGUAGE_STANDARD = "gnu++0x";
				CLANG_CXX_LIBRARY = "libstdc++";
				CLANG_ENABLE_OBJC_ARC = YES;
				CLANG_WARN_CONSTANT_CONVERSION = YES;
				CLANG_WARN_EMPTY_BODY = YES;
				CLANG_WARN_ENUM_CONVERSION = YES;
				CLANG_WARN_INT_CONVERSION = YES;
				CLANG_WARN__DUPLICATE_METHOD_MATCH = YES;
				"CODE_SIGN_IDENTITY[sdk=iphoneos*]" = "iPhone Developer";
				COPY_PHASE_STRIP = NO;
				GCC_C_LANGUAGE_STANDARD = gnu99;
				GCC_DYNAMIC_NO_PIC = NO;
				GCC_OPTIMIZATION_LEVEL = 0;
				GCC_PREPROCESSOR_DEFINITIONS = (
					"DEBUG=1",
					"$(inherited)",
				);
				GCC_SYMBOLS_PRIVATE_EXTERN = NO;
				GCC_WARN_ABOUT_RETURN_TYPE = YES;
				GCC_WARN_UNINITIALIZED_AUTOS = YES;
				GCC_WARN_UNUSED_VARIABLE = YES;
				IPHONEOS_DEPLOYMENT_TARGET = 6.1;
				ONLY_ACTIVE_ARCH = YES;
				SDKROOT = iphoneos;
				TARGETED_DEVICE_FAMILY = "1,2";
			};
			name = Debug;
		};
		CBAA92F3170B465100A6B947 /* Release */ = {
			isa = XCBuildConfiguration;
			buildSettings = {
				ALWAYS_SEARCH_USER_PATHS = NO;
				CLANG_CXX_LANGUAGE_STANDARD = "gnu++0x";
				CLANG_CXX_LIBRARY = "libstdc++";
				CLANG_ENABLE_OBJC_ARC = YES;
				CLANG_WARN_CONSTANT_CONVERSION = YES;
				CLANG_WARN_EMPTY_BODY = YES;
				CLANG_WARN_ENUM_CONVERSION = YES;
				CLANG_WARN_INT_CONVERSION = YES;
				CLANG_WARN__DUPLICATE_METHOD_MATCH = YES;
				"CODE_SIGN_IDENTITY[sdk=iphoneos*]" = "iPhone Developer";
				COPY_PHASE_STRIP = YES;
				GCC_C_LANGUAGE_STANDARD = gnu99;
				GCC_WARN_ABOUT_RETURN_TYPE = YES;
				GCC_WARN_UNINITIALIZED_AUTOS = YES;
				GCC_WARN_UNUSED_VARIABLE = YES;
				IPHONEOS_DEPLOYMENT_TARGET = 6.1;
				OTHER_CFLAGS = "-DNS_BLOCK_ASSERTIONS=1";
				SDKROOT = iphoneos;
				TARGETED_DEVICE_FAMILY = "1,2";
				VALIDATE_PRODUCT = YES;
			};
			name = Release;
		};
		CBE0E25C17311AE500576ED4 /* Debug */ = {
			isa = XCBuildConfiguration;
			buildSettings = {
				CLANG_CXX_LIBRARY = "libstdc++";
				"CODE_SIGN_IDENTITY[sdk=iphoneos*]" = "iPhone Developer";
				FRAMEWORK_SEARCH_PATHS = (
					"$(inherited)",
					"\"$(SYSTEM_APPS_DIR)/Xcode.app/Contents/Developer/Library/Frameworks\"",
				);
				GCC_PRECOMPILE_PREFIX_HEADER = YES;
				GCC_PREFIX_HEADER = "BasicExample/BasicExample-Prefix.pch";
				INFOPLIST_FILE = "BasicExample/BasicExample-Info.plist";
				IPHONEOS_DEPLOYMENT_TARGET = 5.1;
				PRODUCT_NAME = "$(TARGET_NAME)";
				TARGETED_DEVICE_FAMILY = 1;
				WRAPPER_EXTENSION = app;
			};
			name = Debug;
		};
		CBE0E25D17311AE500576ED4 /* Release */ = {
			isa = XCBuildConfiguration;
			buildSettings = {
				CLANG_CXX_LIBRARY = "libstdc++";
				"CODE_SIGN_IDENTITY[sdk=iphoneos*]" = "iPhone Developer";
				FRAMEWORK_SEARCH_PATHS = (
					"$(inherited)",
					"\"$(SYSTEM_APPS_DIR)/Xcode.app/Contents/Developer/Library/Frameworks\"",
				);
				GCC_PRECOMPILE_PREFIX_HEADER = YES;
				GCC_PREFIX_HEADER = "BasicExample/BasicExample-Prefix.pch";
				INFOPLIST_FILE = "BasicExample/BasicExample-Info.plist";
				IPHONEOS_DEPLOYMENT_TARGET = 5.1;
				PRODUCT_NAME = "$(TARGET_NAME)";
				TARGETED_DEVICE_FAMILY = 1;
				WRAPPER_EXTENSION = app;
			};
			name = Release;
		};
/* End XCBuildConfiguration section */

/* Begin XCConfigurationList section */
		CBAA92BD170B465000A6B947 /* Build configuration list for PBXProject "ExtendedAudioUnit" */ = {
			isa = XCConfigurationList;
			buildConfigurations = (
				CBAA92F2170B465100A6B947 /* Debug */,
				CBAA92F3170B465100A6B947 /* Release */,
			);
			defaultConfigurationIsVisible = 0;
			defaultConfigurationName = Release;
		};
		CBE0E25E17311AE500576ED4 /* Build configuration list for PBXNativeTarget "BasicExample" */ = {
			isa = XCConfigurationList;
			buildConfigurations = (
				CBE0E25C17311AE500576ED4 /* Debug */,
				CBE0E25D17311AE500576ED4 /* Release */,
			);
			defaultConfigurationIsVisible = 0;
			defaultConfigurationName = Release;
		};
/* End XCConfigurationList section */
	};
	rootObject = CBAA92BA170B465000A6B947 /* Project object */;
}
