// !$*UTF8*$!
{
	archiveVersion = 1;
	classes = {
	};
	objectVersion = 46;
	objects = {

/* Begin PBXBuildFile section */
		CBAA92C6170B465000A6B947 /* UIKit.framework in Frameworks */ = {isa = PBXBuildFile; fileRef = CBAA92C5170B465000A6B947 /* UIKit.framework */; };
		CBAA92C8170B465000A6B947 /* Foundation.framework in Frameworks */ = {isa = PBXBuildFile; fileRef = CBAA92C7170B465000A6B947 /* Foundation.framework */; };
		CBAA92CA170B465000A6B947 /* CoreGraphics.framework in Frameworks */ = {isa = PBXBuildFile; fileRef = CBAA92C9170B465000A6B947 /* CoreGraphics.framework */; };
		CBAA92D0170B465000A6B947 /* InfoPlist.strings in Resources */ = {isa = PBXBuildFile; fileRef = CBAA92CE170B465000A6B947 /* InfoPlist.strings */; };
		CBAA92D2170B465000A6B947 /* main.m in Sources */ = {isa = PBXBuildFile; fileRef = CBAA92D1170B465000A6B947 /* main.m */; };
		CBAA92D6170B465000A6B947 /* AppDelegate.m in Sources */ = {isa = PBXBuildFile; fileRef = CBAA92D5170B465000A6B947 /* AppDelegate.m */; };
		CBAA92D8170B465000A6B947 /* Default.png in Resources */ = {isa = PBXBuildFile; fileRef = CBAA92D7170B465000A6B947 /* Default.png */; };
		CBAA92DA170B465000A6B947 /* Default@2x.png in Resources */ = {isa = PBXBuildFile; fileRef = CBAA92D9170B465000A6B947 /* Default@2x.png */; };
		CBAA92DC170B465000A6B947 /* Default-568h@2x.png in Resources */ = {isa = PBXBuildFile; fileRef = CBAA92DB170B465000A6B947 /* Default-568h@2x.png */; };
		CBAA92E4170B465100A6B947 /* SenTestingKit.framework in Frameworks */ = {isa = PBXBuildFile; fileRef = CBAA92E3170B465100A6B947 /* SenTestingKit.framework */; };
		CBAA92E5170B465100A6B947 /* UIKit.framework in Frameworks */ = {isa = PBXBuildFile; fileRef = CBAA92C5170B465000A6B947 /* UIKit.framework */; };
		CBAA92E6170B465100A6B947 /* Foundation.framework in Frameworks */ = {isa = PBXBuildFile; fileRef = CBAA92C7170B465000A6B947 /* Foundation.framework */; };
		CBAA92EE170B465100A6B947 /* InfoPlist.strings in Resources */ = {isa = PBXBuildFile; fileRef = CBAA92EC170B465100A6B947 /* InfoPlist.strings */; };
		CBAA92F1170B465100A6B947 /* ExtendedAudioUnitTests.m in Sources */ = {isa = PBXBuildFile; fileRef = CBAA92F0170B465100A6B947 /* ExtendedAudioUnitTests.m */; };
		CBAA9354170B465F00A6B947 /* BPMTracker.cpp in Sources */ = {isa = PBXBuildFile; fileRef = CBAA92FC170B465F00A6B947 /* BPMTracker.cpp */; };
		CBAA9355170B465F00A6B947 /* BPMTracker.cpp in Sources */ = {isa = PBXBuildFile; fileRef = CBAA92FC170B465F00A6B947 /* BPMTracker.cpp */; };
		CBAA9356170B465F00A6B947 /* FFT.cpp in Sources */ = {isa = PBXBuildFile; fileRef = CBAA92FE170B465F00A6B947 /* FFT.cpp */; };
		CBAA9357170B465F00A6B947 /* FFT.cpp in Sources */ = {isa = PBXBuildFile; fileRef = CBAA92FE170B465F00A6B947 /* FFT.cpp */; };
		CBAA9358170B465F00A6B947 /* OnsetVectorizer.cpp in Sources */ = {isa = PBXBuildFile; fileRef = CBAA9300170B465F00A6B947 /* OnsetVectorizer.cpp */; };
		CBAA9359170B465F00A6B947 /* OnsetVectorizer.cpp in Sources */ = {isa = PBXBuildFile; fileRef = CBAA9300170B465F00A6B947 /* OnsetVectorizer.cpp */; };
		CBAA935A170B465F00A6B947 /* PeakDetector.cpp in Sources */ = {isa = PBXBuildFile; fileRef = CBAA9302170B465F00A6B947 /* PeakDetector.cpp */; };
		CBAA935B170B465F00A6B947 /* PeakDetector.cpp in Sources */ = {isa = PBXBuildFile; fileRef = CBAA9302170B465F00A6B947 /* PeakDetector.cpp */; };
		CBAA935C170B465F00A6B947 /* StrategyParameter.cpp in Sources */ = {isa = PBXBuildFile; fileRef = CBAA9304170B465F00A6B947 /* StrategyParameter.cpp */; };
		CBAA935D170B465F00A6B947 /* StrategyParameter.cpp in Sources */ = {isa = PBXBuildFile; fileRef = CBAA9304170B465F00A6B947 /* StrategyParameter.cpp */; };
		CBAA935E170B465F00A6B947 /* Tracker.cpp in Sources */ = {isa = PBXBuildFile; fileRef = CBAA9306170B465F00A6B947 /* Tracker.cpp */; };
		CBAA935F170B465F00A6B947 /* Tracker.cpp in Sources */ = {isa = PBXBuildFile; fileRef = CBAA9306170B465F00A6B947 /* Tracker.cpp */; };
		CBAA9360170B465F00A6B947 /* TrackingAgent.cpp in Sources */ = {isa = PBXBuildFile; fileRef = CBAA9308170B465F00A6B947 /* TrackingAgent.cpp */; };
		CBAA9361170B465F00A6B947 /* TrackingAgent.cpp in Sources */ = {isa = PBXBuildFile; fileRef = CBAA9308170B465F00A6B947 /* TrackingAgent.cpp */; };
		CBAA9362170B465F00A6B947 /* AudioContext.cpp in Sources */ = {isa = PBXBuildFile; fileRef = CBAA930B170B465F00A6B947 /* AudioContext.cpp */; };
		CBAA9363170B465F00A6B947 /* AudioContext.cpp in Sources */ = {isa = PBXBuildFile; fileRef = CBAA930B170B465F00A6B947 /* AudioContext.cpp */; };
		CBAA9364170B465F00A6B947 /* AudioNodeDebugUtils.cpp in Sources */ = {isa = PBXBuildFile; fileRef = CBAA930F170B465F00A6B947 /* AudioNodeDebugUtils.cpp */; };
		CBAA9365170B465F00A6B947 /* AudioNodeDebugUtils.cpp in Sources */ = {isa = PBXBuildFile; fileRef = CBAA930F170B465F00A6B947 /* AudioNodeDebugUtils.cpp */; };
		CBAA9366170B465F00A6B947 /* AudioUnitNode.cpp in Sources */ = {isa = PBXBuildFile; fileRef = CBAA9311170B465F00A6B947 /* AudioUnitNode.cpp */; };
		CBAA9367170B465F00A6B947 /* AudioUnitNode.cpp in Sources */ = {isa = PBXBuildFile; fileRef = CBAA9311170B465F00A6B947 /* AudioUnitNode.cpp */; };
		CBAA9368170B465F00A6B947 /* AudioFile.cpp in Sources */ = {isa = PBXBuildFile; fileRef = CBAA9315170B465F00A6B947 /* AudioFile.cpp */; };
		CBAA9369170B465F00A6B947 /* AudioFile.cpp in Sources */ = {isa = PBXBuildFile; fileRef = CBAA9315170B465F00A6B947 /* AudioFile.cpp */; };
		CBAA936A170B465F00A6B947 /* AudioFileMemoryBufferNode.cpp in Sources */ = {isa = PBXBuildFile; fileRef = CBAA9318170B465F00A6B947 /* AudioFileMemoryBufferNode.cpp */; };
		CBAA936B170B465F00A6B947 /* AudioFileMemoryBufferNode.cpp in Sources */ = {isa = PBXBuildFile; fileRef = CBAA9318170B465F00A6B947 /* AudioFileMemoryBufferNode.cpp */; };
		CBAA936C170B465F00A6B947 /* AudioFileNode.cpp in Sources */ = {isa = PBXBuildFile; fileRef = CBAA931A170B465F00A6B947 /* AudioFileNode.cpp */; };
		CBAA936D170B465F00A6B947 /* AudioFileNode.cpp in Sources */ = {isa = PBXBuildFile; fileRef = CBAA931A170B465F00A6B947 /* AudioFileNode.cpp */; };
		CBAA936E170B465F00A6B947 /* AudioFileStreamingNode.cpp in Sources */ = {isa = PBXBuildFile; fileRef = CBAA931C170B465F00A6B947 /* AudioFileStreamingNode.cpp */; };
		CBAA936F170B465F00A6B947 /* AudioFileStreamingNode.cpp in Sources */ = {isa = PBXBuildFile; fileRef = CBAA931C170B465F00A6B947 /* AudioFileStreamingNode.cpp */; };
		CBAA9370170B465F00A6B947 /* AudioMetronomeNode.cpp in Sources */ = {isa = PBXBuildFile; fileRef = CBAA931E170B465F00A6B947 /* AudioMetronomeNode.cpp */; };
		CBAA9371170B465F00A6B947 /* AudioMetronomeNode.cpp in Sources */ = {isa = PBXBuildFile; fileRef = CBAA931E170B465F00A6B947 /* AudioMetronomeNode.cpp */; };
		CBAA9372170B465F00A6B947 /* AudioOscilatorNode.cpp in Sources */ = {isa = PBXBuildFile; fileRef = CBAA9320170B465F00A6B947 /* AudioOscilatorNode.cpp */; };
		CBAA9373170B465F00A6B947 /* AudioOscilatorNode.cpp in Sources */ = {isa = PBXBuildFile; fileRef = CBAA9320170B465F00A6B947 /* AudioOscilatorNode.cpp */; };
		CBAA9374170B465F00A6B947 /* AudioParallelNode.cpp in Sources */ = {isa = PBXBuildFile; fileRef = CBAA9322170B465F00A6B947 /* AudioParallelNode.cpp */; };
		CBAA9375170B465F00A6B947 /* AudioParallelNode.cpp in Sources */ = {isa = PBXBuildFile; fileRef = CBAA9322170B465F00A6B947 /* AudioParallelNode.cpp */; };
		CBAA9376170B465F00A6B947 /* AudioSourceNode.cpp in Sources */ = {isa = PBXBuildFile; fileRef = CBAA9324170B465F00A6B947 /* AudioSourceNode.cpp */; };
		CBAA9377170B465F00A6B947 /* AudioSourceNode.cpp in Sources */ = {isa = PBXBuildFile; fileRef = CBAA9324170B465F00A6B947 /* AudioSourceNode.cpp */; };
		CBAA9378170B465F00A6B947 /* AudioAnalyzeNode.cpp in Sources */ = {isa = PBXBuildFile; fileRef = CBAA932A170B465F00A6B947 /* AudioAnalyzeNode.cpp */; };
		CBAA9379170B465F00A6B947 /* AudioAnalyzeNode.cpp in Sources */ = {isa = PBXBuildFile; fileRef = CBAA932A170B465F00A6B947 /* AudioAnalyzeNode.cpp */; };
		CBAA937A170B465F00A6B947 /* AudioBitCrusherNode.cpp in Sources */ = {isa = PBXBuildFile; fileRef = CBAA932C170B465F00A6B947 /* AudioBitCrusherNode.cpp */; };
		CBAA937B170B465F00A6B947 /* AudioBitCrusherNode.cpp in Sources */ = {isa = PBXBuildFile; fileRef = CBAA932C170B465F00A6B947 /* AudioBitCrusherNode.cpp */; };
		CBAA937C170B465F00A6B947 /* AudioCaptureNode.cpp in Sources */ = {isa = PBXBuildFile; fileRef = CBAA932E170B465F00A6B947 /* AudioCaptureNode.cpp */; };
		CBAA937D170B465F00A6B947 /* AudioCaptureNode.cpp in Sources */ = {isa = PBXBuildFile; fileRef = CBAA932E170B465F00A6B947 /* AudioCaptureNode.cpp */; };
		CBAA937E170B465F00A6B947 /* AudioChorusNode.cpp in Sources */ = {isa = PBXBuildFile; fileRef = CBAA9330170B465F00A6B947 /* AudioChorusNode.cpp */; };
		CBAA937F170B465F00A6B947 /* AudioChorusNode.cpp in Sources */ = {isa = PBXBuildFile; fileRef = CBAA9330170B465F00A6B947 /* AudioChorusNode.cpp */; };
		CBAA9380170B465F00A6B947 /* AudioDelayNode.cpp in Sources */ = {isa = PBXBuildFile; fileRef = CBAA9332170B465F00A6B947 /* AudioDelayNode.cpp */; };
		CBAA9381170B465F00A6B947 /* AudioDelayNode.cpp in Sources */ = {isa = PBXBuildFile; fileRef = CBAA9332170B465F00A6B947 /* AudioDelayNode.cpp */; };
		CBAA9382170B465F00A6B947 /* AudioDistortionNode.cpp in Sources */ = {isa = PBXBuildFile; fileRef = CBAA9334170B465F00A6B947 /* AudioDistortionNode.cpp */; };
		CBAA9383170B465F00A6B947 /* AudioDistortionNode.cpp in Sources */ = {isa = PBXBuildFile; fileRef = CBAA9334170B465F00A6B947 /* AudioDistortionNode.cpp */; };
		CBAA9384170B465F00A6B947 /* AudioGateNode.cpp in Sources */ = {isa = PBXBuildFile; fileRef = CBAA9336170B465F00A6B947 /* AudioGateNode.cpp */; };
		CBAA9385170B465F00A6B947 /* AudioGateNode.cpp in Sources */ = {isa = PBXBuildFile; fileRef = CBAA9336170B465F00A6B947 /* AudioGateNode.cpp */; };
		CBAA9386170B465F00A6B947 /* AudioLevelNode.cpp in Sources */ = {isa = PBXBuildFile; fileRef = CBAA9338170B465F00A6B947 /* AudioLevelNode.cpp */; };
		CBAA9387170B465F00A6B947 /* AudioLevelNode.cpp in Sources */ = {isa = PBXBuildFile; fileRef = CBAA9338170B465F00A6B947 /* AudioLevelNode.cpp */; };
		CBAA9388170B465F00A6B947 /* AudioPannerNode.cpp in Sources */ = {isa = PBXBuildFile; fileRef = CBAA933A170B465F00A6B947 /* AudioPannerNode.cpp */; };
		CBAA9389170B465F00A6B947 /* AudioPannerNode.cpp in Sources */ = {isa = PBXBuildFile; fileRef = CBAA933A170B465F00A6B947 /* AudioPannerNode.cpp */; };
		CBAA938A170B465F00A6B947 /* AudioRecordingNode.cpp in Sources */ = {isa = PBXBuildFile; fileRef = CBAA933C170B465F00A6B947 /* AudioRecordingNode.cpp */; };
		CBAA938B170B465F00A6B947 /* AudioRecordingNode.cpp in Sources */ = {isa = PBXBuildFile; fileRef = CBAA933C170B465F00A6B947 /* AudioRecordingNode.cpp */; };
		CBAA938C170B465F00A6B947 /* AudioSampleProcessingNode.cpp in Sources */ = {isa = PBXBuildFile; fileRef = CBAA933E170B465F00A6B947 /* AudioSampleProcessingNode.cpp */; };
		CBAA938D170B465F00A6B947 /* AudioSampleProcessingNode.cpp in Sources */ = {isa = PBXBuildFile; fileRef = CBAA933E170B465F00A6B947 /* AudioSampleProcessingNode.cpp */; };
		CBAA938E170B465F00A6B947 /* AudioSamplerNode.cpp in Sources */ = {isa = PBXBuildFile; fileRef = CBAA9340170B465F00A6B947 /* AudioSamplerNode.cpp */; };
		CBAA938F170B465F00A6B947 /* AudioSamplerNode.cpp in Sources */ = {isa = PBXBuildFile; fileRef = CBAA9340170B465F00A6B947 /* AudioSamplerNode.cpp */; };
		CBAA9390170B465F00A6B947 /* AudioThroughNode.cpp in Sources */ = {isa = PBXBuildFile; fileRef = CBAA9342170B465F00A6B947 /* AudioThroughNode.cpp */; };
		CBAA9391170B465F00A6B947 /* AudioThroughNode.cpp in Sources */ = {isa = PBXBuildFile; fileRef = CBAA9342170B465F00A6B947 /* AudioThroughNode.cpp */; };
		CBAA9392170B465F00A6B947 /* AudioTremoroNode.cpp in Sources */ = {isa = PBXBuildFile; fileRef = CBAA9344170B465F00A6B947 /* AudioTremoroNode.cpp */; };
		CBAA9393170B465F00A6B947 /* AudioTremoroNode.cpp in Sources */ = {isa = PBXBuildFile; fileRef = CBAA9344170B465F00A6B947 /* AudioTremoroNode.cpp */; };
		CBAA9394170B465F00A6B947 /* AudioVariSpeedNode.cpp in Sources */ = {isa = PBXBuildFile; fileRef = CBAA9346170B465F00A6B947 /* AudioVariSpeedNode.cpp */; };
		CBAA9395170B465F00A6B947 /* AudioVariSpeedNode.cpp in Sources */ = {isa = PBXBuildFile; fileRef = CBAA9346170B465F00A6B947 /* AudioVariSpeedNode.cpp */; };
		CBAA9396170B465F00A6B947 /* HTTPLoader.cpp in Sources */ = {isa = PBXBuildFile; fileRef = CBAA9349170B465F00A6B947 /* HTTPLoader.cpp */; };
		CBAA9397170B465F00A6B947 /* HTTPLoader.cpp in Sources */ = {isa = PBXBuildFile; fileRef = CBAA9349170B465F00A6B947 /* HTTPLoader.cpp */; };
		CBAA9398170B465F00A6B947 /* OfflineConverter.cpp in Sources */ = {isa = PBXBuildFile; fileRef = CBAA934C170B465F00A6B947 /* OfflineConverter.cpp */; };
		CBAA9399170B465F00A6B947 /* OfflineConverter.cpp in Sources */ = {isa = PBXBuildFile; fileRef = CBAA934C170B465F00A6B947 /* OfflineConverter.cpp */; };
		CBAA939A170B465F00A6B947 /* Thread.cpp in Sources */ = {isa = PBXBuildFile; fileRef = CBAA9351170B465F00A6B947 /* Thread.cpp */; };
		CBAA939B170B465F00A6B947 /* Thread.cpp in Sources */ = {isa = PBXBuildFile; fileRef = CBAA9351170B465F00A6B947 /* Thread.cpp */; };
		CBAA93A3170B469C00A6B947 /* CFNetwork.framework in Frameworks */ = {isa = PBXBuildFile; fileRef = CBAA93A2170B469C00A6B947 /* CFNetwork.framework */; };
		CBAA93A5170B46A000A6B947 /* AudioToolbox.framework in Frameworks */ = {isa = PBXBuildFile; fileRef = CBAA93A4170B46A000A6B947 /* AudioToolbox.framework */; };
		CBAA93A7170B46A800A6B947 /* Accelerate.framework in Frameworks */ = {isa = PBXBuildFile; fileRef = CBAA93A6170B46A800A6B947 /* Accelerate.framework */; };
/* End PBXBuildFile section */

/* Begin PBXContainerItemProxy section */
		CBAA92E7170B465100A6B947 /* PBXContainerItemProxy */ = {
			isa = PBXContainerItemProxy;
			containerPortal = CBAA92BA170B465000A6B947 /* Project object */;
			proxyType = 1;
			remoteGlobalIDString = CBAA92C1170B465000A6B947;
			remoteInfo = ExtendedAudioUnit;
		};
/* End PBXContainerItemProxy section */

/* Begin PBXFileReference section */
		CBAA92C2170B465000A6B947 /* ExtendedAudioUnit.app */ = {isa = PBXFileReference; explicitFileType = wrapper.application; includeInIndex = 0; path = ExtendedAudioUnit.app; sourceTree = BUILT_PRODUCTS_DIR; };
		CBAA92C5170B465000A6B947 /* UIKit.framework */ = {isa = PBXFileReference; lastKnownFileType = wrapper.framework; name = UIKit.framework; path = System/Library/Frameworks/UIKit.framework; sourceTree = SDKROOT; };
		CBAA92C7170B465000A6B947 /* Foundation.framework */ = {isa = PBXFileReference; lastKnownFileType = wrapper.framework; name = Foundation.framework; path = System/Library/Frameworks/Foundation.framework; sourceTree = SDKROOT; };
		CBAA92C9170B465000A6B947 /* CoreGraphics.framework */ = {isa = PBXFileReference; lastKnownFileType = wrapper.framework; name = CoreGraphics.framework; path = System/Library/Frameworks/CoreGraphics.framework; sourceTree = SDKROOT; };
		CBAA92CD170B465000A6B947 /* ExtendedAudioUnit-Info.plist */ = {isa = PBXFileReference; lastKnownFileType = text.plist.xml; path = "ExtendedAudioUnit-Info.plist"; sourceTree = "<group>"; };
		CBAA92CF170B465000A6B947 /* en */ = {isa = PBXFileReference; lastKnownFileType = text.plist.strings; name = en; path = en.lproj/InfoPlist.strings; sourceTree = "<group>"; };
		CBAA92D1170B465000A6B947 /* main.m */ = {isa = PBXFileReference; lastKnownFileType = sourcecode.c.objc; path = main.m; sourceTree = "<group>"; };
		CBAA92D3170B465000A6B947 /* ExtendedAudioUnit-Prefix.pch */ = {isa = PBXFileReference; lastKnownFileType = sourcecode.c.h; path = "ExtendedAudioUnit-Prefix.pch"; sourceTree = "<group>"; };
		CBAA92D4170B465000A6B947 /* AppDelegate.h */ = {isa = PBXFileReference; lastKnownFileType = sourcecode.c.h; path = AppDelegate.h; sourceTree = "<group>"; };
		CBAA92D5170B465000A6B947 /* AppDelegate.m */ = {isa = PBXFileReference; lastKnownFileType = sourcecode.c.objc; path = AppDelegate.m; sourceTree = "<group>"; };
		CBAA92D7170B465000A6B947 /* Default.png */ = {isa = PBXFileReference; lastKnownFileType = image.png; path = Default.png; sourceTree = "<group>"; };
		CBAA92D9170B465000A6B947 /* Default@2x.png */ = {isa = PBXFileReference; lastKnownFileType = image.png; path = "Default@2x.png"; sourceTree = "<group>"; };
		CBAA92DB170B465000A6B947 /* Default-568h@2x.png */ = {isa = PBXFileReference; lastKnownFileType = image.png; path = "Default-568h@2x.png"; sourceTree = "<group>"; };
		CBAA92E2170B465100A6B947 /* ExtendedAudioUnitTests.octest */ = {isa = PBXFileReference; explicitFileType = wrapper.cfbundle; includeInIndex = 0; path = ExtendedAudioUnitTests.octest; sourceTree = BUILT_PRODUCTS_DIR; };
		CBAA92E3170B465100A6B947 /* SenTestingKit.framework */ = {isa = PBXFileReference; lastKnownFileType = wrapper.framework; name = SenTestingKit.framework; path = Library/Frameworks/SenTestingKit.framework; sourceTree = DEVELOPER_DIR; };
		CBAA92EB170B465100A6B947 /* ExtendedAudioUnitTests-Info.plist */ = {isa = PBXFileReference; lastKnownFileType = text.plist.xml; path = "ExtendedAudioUnitTests-Info.plist"; sourceTree = "<group>"; };
		CBAA92ED170B465100A6B947 /* en */ = {isa = PBXFileReference; lastKnownFileType = text.plist.strings; name = en; path = en.lproj/InfoPlist.strings; sourceTree = "<group>"; };
		CBAA92EF170B465100A6B947 /* ExtendedAudioUnitTests.h */ = {isa = PBXFileReference; lastKnownFileType = sourcecode.c.h; path = ExtendedAudioUnitTests.h; sourceTree = "<group>"; };
		CBAA92F0170B465100A6B947 /* ExtendedAudioUnitTests.m */ = {isa = PBXFileReference; lastKnownFileType = sourcecode.c.objc; path = ExtendedAudioUnitTests.m; sourceTree = "<group>"; };
		CBAA92FC170B465F00A6B947 /* BPMTracker.cpp */ = {isa = PBXFileReference; fileEncoding = 4; lastKnownFileType = sourcecode.cpp.cpp; path = BPMTracker.cpp; sourceTree = "<group>"; };
		CBAA92FD170B465F00A6B947 /* BPMTracker.hpp */ = {isa = PBXFileReference; fileEncoding = 4; lastKnownFileType = sourcecode.cpp.h; path = BPMTracker.hpp; sourceTree = "<group>"; };
		CBAA92FE170B465F00A6B947 /* FFT.cpp */ = {isa = PBXFileReference; fileEncoding = 4; lastKnownFileType = sourcecode.cpp.cpp; path = FFT.cpp; sourceTree = "<group>"; };
		CBAA92FF170B465F00A6B947 /* FFT.hpp */ = {isa = PBXFileReference; fileEncoding = 4; lastKnownFileType = sourcecode.cpp.h; path = FFT.hpp; sourceTree = "<group>"; };
		CBAA9300170B465F00A6B947 /* OnsetVectorizer.cpp */ = {isa = PBXFileReference; fileEncoding = 4; lastKnownFileType = sourcecode.cpp.cpp; path = OnsetVectorizer.cpp; sourceTree = "<group>"; };
		CBAA9301170B465F00A6B947 /* OnsetVectorizer.hpp */ = {isa = PBXFileReference; fileEncoding = 4; lastKnownFileType = sourcecode.cpp.h; path = OnsetVectorizer.hpp; sourceTree = "<group>"; };
		CBAA9302170B465F00A6B947 /* PeakDetector.cpp */ = {isa = PBXFileReference; fileEncoding = 4; lastKnownFileType = sourcecode.cpp.cpp; path = PeakDetector.cpp; sourceTree = "<group>"; };
		CBAA9303170B465F00A6B947 /* PeakDetector.hpp */ = {isa = PBXFileReference; fileEncoding = 4; lastKnownFileType = sourcecode.cpp.h; path = PeakDetector.hpp; sourceTree = "<group>"; };
		CBAA9304170B465F00A6B947 /* StrategyParameter.cpp */ = {isa = PBXFileReference; fileEncoding = 4; lastKnownFileType = sourcecode.cpp.cpp; path = StrategyParameter.cpp; sourceTree = "<group>"; };
		CBAA9305170B465F00A6B947 /* StrategyParameter.hpp */ = {isa = PBXFileReference; fileEncoding = 4; lastKnownFileType = sourcecode.cpp.h; path = StrategyParameter.hpp; sourceTree = "<group>"; };
		CBAA9306170B465F00A6B947 /* Tracker.cpp */ = {isa = PBXFileReference; fileEncoding = 4; lastKnownFileType = sourcecode.cpp.cpp; path = Tracker.cpp; sourceTree = "<group>"; };
		CBAA9307170B465F00A6B947 /* Tracker.hpp */ = {isa = PBXFileReference; fileEncoding = 4; lastKnownFileType = sourcecode.cpp.h; path = Tracker.hpp; sourceTree = "<group>"; };
		CBAA9308170B465F00A6B947 /* TrackingAgent.cpp */ = {isa = PBXFileReference; fileEncoding = 4; lastKnownFileType = sourcecode.cpp.cpp; path = TrackingAgent.cpp; sourceTree = "<group>"; };
		CBAA9309170B465F00A6B947 /* TrackingAgent.hpp */ = {isa = PBXFileReference; fileEncoding = 4; lastKnownFileType = sourcecode.cpp.h; path = TrackingAgent.hpp; sourceTree = "<group>"; };
		CBAA930A170B465F00A6B947 /* AUComponentDescription.hpp */ = {isa = PBXFileReference; fileEncoding = 4; lastKnownFileType = sourcecode.cpp.h; path = AUComponentDescription.hpp; sourceTree = "<group>"; };
		CBAA930B170B465F00A6B947 /* AudioContext.cpp */ = {isa = PBXFileReference; fileEncoding = 4; lastKnownFileType = sourcecode.cpp.cpp; path = AudioContext.cpp; sourceTree = "<group>"; };
		CBAA930C170B465F00A6B947 /* AudioContext.hpp */ = {isa = PBXFileReference; fileEncoding = 4; lastKnownFileType = sourcecode.cpp.h; path = AudioContext.hpp; sourceTree = "<group>"; };
		CBAA930D170B465F00A6B947 /* AudioException.hpp */ = {isa = PBXFileReference; fileEncoding = 4; lastKnownFileType = sourcecode.cpp.h; path = AudioException.hpp; sourceTree = "<group>"; };
		CBAA930E170B465F00A6B947 /* AudioNode.hpp */ = {isa = PBXFileReference; fileEncoding = 4; lastKnownFileType = sourcecode.cpp.h; path = AudioNode.hpp; sourceTree = "<group>"; };
		CBAA930F170B465F00A6B947 /* AudioNodeDebugUtils.cpp */ = {isa = PBXFileReference; fileEncoding = 4; lastKnownFileType = sourcecode.cpp.cpp; path = AudioNodeDebugUtils.cpp; sourceTree = "<group>"; };
		CBAA9310170B465F00A6B947 /* AudioNodeDebugUtils.hpp */ = {isa = PBXFileReference; fileEncoding = 4; lastKnownFileType = sourcecode.cpp.h; path = AudioNodeDebugUtils.hpp; sourceTree = "<group>"; };
		CBAA9311170B465F00A6B947 /* AudioUnitNode.cpp */ = {isa = PBXFileReference; fileEncoding = 4; lastKnownFileType = sourcecode.cpp.cpp; path = AudioUnitNode.cpp; sourceTree = "<group>"; };
		CBAA9312170B465F00A6B947 /* AudioUnitNode.hpp */ = {isa = PBXFileReference; fileEncoding = 4; lastKnownFileType = sourcecode.cpp.h; path = AudioUnitNode.hpp; sourceTree = "<group>"; };
		CBAA9313170B465F00A6B947 /* AUStreamBasicDescription.hpp */ = {isa = PBXFileReference; fileEncoding = 4; lastKnownFileType = sourcecode.cpp.h; path = AUStreamBasicDescription.hpp; sourceTree = "<group>"; };
		CBAA9315170B465F00A6B947 /* AudioFile.cpp */ = {isa = PBXFileReference; fileEncoding = 4; lastKnownFileType = sourcecode.cpp.cpp; path = AudioFile.cpp; sourceTree = "<group>"; };
		CBAA9316170B465F00A6B947 /* AudioFile.hpp */ = {isa = PBXFileReference; fileEncoding = 4; lastKnownFileType = sourcecode.cpp.h; path = AudioFile.hpp; sourceTree = "<group>"; };
		CBAA9317170B465F00A6B947 /* AudioFileDoubleBuffer.hpp */ = {isa = PBXFileReference; fileEncoding = 4; lastKnownFileType = sourcecode.cpp.h; path = AudioFileDoubleBuffer.hpp; sourceTree = "<group>"; };
		CBAA9318170B465F00A6B947 /* AudioFileMemoryBufferNode.cpp */ = {isa = PBXFileReference; fileEncoding = 4; lastKnownFileType = sourcecode.cpp.cpp; path = AudioFileMemoryBufferNode.cpp; sourceTree = "<group>"; };
		CBAA9319170B465F00A6B947 /* AudioFileMemoryBufferNode.hpp */ = {isa = PBXFileReference; fileEncoding = 4; lastKnownFileType = sourcecode.cpp.h; path = AudioFileMemoryBufferNode.hpp; sourceTree = "<group>"; };
		CBAA931A170B465F00A6B947 /* AudioFileNode.cpp */ = {isa = PBXFileReference; fileEncoding = 4; lastKnownFileType = sourcecode.cpp.cpp; path = AudioFileNode.cpp; sourceTree = "<group>"; };
		CBAA931B170B465F00A6B947 /* AudioFileNode.hpp */ = {isa = PBXFileReference; fileEncoding = 4; lastKnownFileType = sourcecode.cpp.h; path = AudioFileNode.hpp; sourceTree = "<group>"; };
		CBAA931C170B465F00A6B947 /* AudioFileStreamingNode.cpp */ = {isa = PBXFileReference; fileEncoding = 4; lastKnownFileType = sourcecode.cpp.cpp; path = AudioFileStreamingNode.cpp; sourceTree = "<group>"; };
		CBAA931D170B465F00A6B947 /* AudioFileStreamingNode.hpp */ = {isa = PBXFileReference; fileEncoding = 4; lastKnownFileType = sourcecode.cpp.h; path = AudioFileStreamingNode.hpp; sourceTree = "<group>"; };
		CBAA931E170B465F00A6B947 /* AudioMetronomeNode.cpp */ = {isa = PBXFileReference; fileEncoding = 4; lastKnownFileType = sourcecode.cpp.cpp; path = AudioMetronomeNode.cpp; sourceTree = "<group>"; };
		CBAA931F170B465F00A6B947 /* AudioMetronomeNode.hpp */ = {isa = PBXFileReference; fileEncoding = 4; lastKnownFileType = sourcecode.cpp.h; path = AudioMetronomeNode.hpp; sourceTree = "<group>"; };
		CBAA9320170B465F00A6B947 /* AudioOscilatorNode.cpp */ = {isa = PBXFileReference; fileEncoding = 4; lastKnownFileType = sourcecode.cpp.cpp; path = AudioOscilatorNode.cpp; sourceTree = "<group>"; };
		CBAA9321170B465F00A6B947 /* AudioOscilatorNode.hpp */ = {isa = PBXFileReference; fileEncoding = 4; lastKnownFileType = sourcecode.cpp.h; path = AudioOscilatorNode.hpp; sourceTree = "<group>"; };
		CBAA9322170B465F00A6B947 /* AudioParallelNode.cpp */ = {isa = PBXFileReference; fileEncoding = 4; lastKnownFileType = sourcecode.cpp.cpp; path = AudioParallelNode.cpp; sourceTree = "<group>"; };
		CBAA9323170B465F00A6B947 /* AudioParallelNode.hpp */ = {isa = PBXFileReference; fileEncoding = 4; lastKnownFileType = sourcecode.cpp.h; path = AudioParallelNode.hpp; sourceTree = "<group>"; };
		CBAA9324170B465F00A6B947 /* AudioSourceNode.cpp */ = {isa = PBXFileReference; fileEncoding = 4; lastKnownFileType = sourcecode.cpp.cpp; path = AudioSourceNode.cpp; sourceTree = "<group>"; };
		CBAA9325170B465F00A6B947 /* AudioSourceNode.hpp */ = {isa = PBXFileReference; fileEncoding = 4; lastKnownFileType = sourcecode.cpp.h; path = AudioSourceNode.hpp; sourceTree = "<group>"; };
		CBAA9327170B465F00A6B947 /* BPMTrackerEvent.hpp */ = {isa = PBXFileReference; fileEncoding = 4; lastKnownFileType = sourcecode.cpp.h; path = BPMTrackerEvent.hpp; sourceTree = "<group>"; };
		CBAA9328170B465F00A6B947 /* OfflineConverterEvent.hpp */ = {isa = PBXFileReference; fileEncoding = 4; lastKnownFileType = sourcecode.cpp.h; path = OfflineConverterEvent.hpp; sourceTree = "<group>"; };
		CBAA932A170B465F00A6B947 /* AudioAnalyzeNode.cpp */ = {isa = PBXFileReference; fileEncoding = 4; lastKnownFileType = sourcecode.cpp.cpp; path = AudioAnalyzeNode.cpp; sourceTree = "<group>"; };
		CBAA932B170B465F00A6B947 /* AudioAnalyzeNode.hpp */ = {isa = PBXFileReference; fileEncoding = 4; lastKnownFileType = sourcecode.cpp.h; path = AudioAnalyzeNode.hpp; sourceTree = "<group>"; };
		CBAA932C170B465F00A6B947 /* AudioBitCrusherNode.cpp */ = {isa = PBXFileReference; fileEncoding = 4; lastKnownFileType = sourcecode.cpp.cpp; path = AudioBitCrusherNode.cpp; sourceTree = "<group>"; };
		CBAA932D170B465F00A6B947 /* AudioBitCrusherNode.hpp */ = {isa = PBXFileReference; fileEncoding = 4; lastKnownFileType = sourcecode.cpp.h; path = AudioBitCrusherNode.hpp; sourceTree = "<group>"; };
		CBAA932E170B465F00A6B947 /* AudioCaptureNode.cpp */ = {isa = PBXFileReference; fileEncoding = 4; lastKnownFileType = sourcecode.cpp.cpp; path = AudioCaptureNode.cpp; sourceTree = "<group>"; };
		CBAA932F170B465F00A6B947 /* AudioCaptureNode.hpp */ = {isa = PBXFileReference; fileEncoding = 4; lastKnownFileType = sourcecode.cpp.h; path = AudioCaptureNode.hpp; sourceTree = "<group>"; };
		CBAA9330170B465F00A6B947 /* AudioChorusNode.cpp */ = {isa = PBXFileReference; fileEncoding = 4; lastKnownFileType = sourcecode.cpp.cpp; path = AudioChorusNode.cpp; sourceTree = "<group>"; };
		CBAA9331170B465F00A6B947 /* AudioChorusNode.hpp */ = {isa = PBXFileReference; fileEncoding = 4; lastKnownFileType = sourcecode.cpp.h; path = AudioChorusNode.hpp; sourceTree = "<group>"; };
		CBAA9332170B465F00A6B947 /* AudioDelayNode.cpp */ = {isa = PBXFileReference; fileEncoding = 4; lastKnownFileType = sourcecode.cpp.cpp; path = AudioDelayNode.cpp; sourceTree = "<group>"; };
		CBAA9333170B465F00A6B947 /* AudioDelayNode.hpp */ = {isa = PBXFileReference; fileEncoding = 4; lastKnownFileType = sourcecode.cpp.h; path = AudioDelayNode.hpp; sourceTree = "<group>"; };
		CBAA9334170B465F00A6B947 /* AudioDistortionNode.cpp */ = {isa = PBXFileReference; fileEncoding = 4; lastKnownFileType = sourcecode.cpp.cpp; path = AudioDistortionNode.cpp; sourceTree = "<group>"; };
		CBAA9335170B465F00A6B947 /* AudioDistortionNode.hpp */ = {isa = PBXFileReference; fileEncoding = 4; lastKnownFileType = sourcecode.cpp.h; path = AudioDistortionNode.hpp; sourceTree = "<group>"; };
		CBAA9336170B465F00A6B947 /* AudioGateNode.cpp */ = {isa = PBXFileReference; fileEncoding = 4; lastKnownFileType = sourcecode.cpp.cpp; path = AudioGateNode.cpp; sourceTree = "<group>"; };
		CBAA9337170B465F00A6B947 /* AudioGateNode.hpp */ = {isa = PBXFileReference; fileEncoding = 4; lastKnownFileType = sourcecode.cpp.h; path = AudioGateNode.hpp; sourceTree = "<group>"; };
		CBAA9338170B465F00A6B947 /* AudioLevelNode.cpp */ = {isa = PBXFileReference; fileEncoding = 4; lastKnownFileType = sourcecode.cpp.cpp; path = AudioLevelNode.cpp; sourceTree = "<group>"; };
		CBAA9339170B465F00A6B947 /* AudioLevelNode.hpp */ = {isa = PBXFileReference; fileEncoding = 4; lastKnownFileType = sourcecode.cpp.h; path = AudioLevelNode.hpp; sourceTree = "<group>"; };
		CBAA933A170B465F00A6B947 /* AudioPannerNode.cpp */ = {isa = PBXFileReference; fileEncoding = 4; lastKnownFileType = sourcecode.cpp.cpp; path = AudioPannerNode.cpp; sourceTree = "<group>"; };
		CBAA933B170B465F00A6B947 /* AudioPannerNode.hpp */ = {isa = PBXFileReference; fileEncoding = 4; lastKnownFileType = sourcecode.cpp.h; path = AudioPannerNode.hpp; sourceTree = "<group>"; };
		CBAA933C170B465F00A6B947 /* AudioRecordingNode.cpp */ = {isa = PBXFileReference; fileEncoding = 4; lastKnownFileType = sourcecode.cpp.cpp; path = AudioRecordingNode.cpp; sourceTree = "<group>"; };
		CBAA933D170B465F00A6B947 /* AudioRecordingNode.hpp */ = {isa = PBXFileReference; fileEncoding = 4; lastKnownFileType = sourcecode.cpp.h; path = AudioRecordingNode.hpp; sourceTree = "<group>"; };
		CBAA933E170B465F00A6B947 /* AudioSampleProcessingNode.cpp */ = {isa = PBXFileReference; fileEncoding = 4; lastKnownFileType = sourcecode.cpp.cpp; path = AudioSampleProcessingNode.cpp; sourceTree = "<group>"; };
		CBAA933F170B465F00A6B947 /* AudioSampleProcessingNode.hpp */ = {isa = PBXFileReference; fileEncoding = 4; lastKnownFileType = sourcecode.cpp.h; path = AudioSampleProcessingNode.hpp; sourceTree = "<group>"; };
		CBAA9340170B465F00A6B947 /* AudioSamplerNode.cpp */ = {isa = PBXFileReference; fileEncoding = 4; lastKnownFileType = sourcecode.cpp.cpp; path = AudioSamplerNode.cpp; sourceTree = "<group>"; };
		CBAA9341170B465F00A6B947 /* AudioSamplerNode.hpp */ = {isa = PBXFileReference; fileEncoding = 4; lastKnownFileType = sourcecode.cpp.h; path = AudioSamplerNode.hpp; sourceTree = "<group>"; };
		CBAA9342170B465F00A6B947 /* AudioThroughNode.cpp */ = {isa = PBXFileReference; fileEncoding = 4; lastKnownFileType = sourcecode.cpp.cpp; path = AudioThroughNode.cpp; sourceTree = "<group>"; };
		CBAA9343170B465F00A6B947 /* AudioThroughNode.hpp */ = {isa = PBXFileReference; fileEncoding = 4; lastKnownFileType = sourcecode.cpp.h; path = AudioThroughNode.hpp; sourceTree = "<group>"; };
		CBAA9344170B465F00A6B947 /* AudioTremoroNode.cpp */ = {isa = PBXFileReference; fileEncoding = 4; lastKnownFileType = sourcecode.cpp.cpp; path = AudioTremoroNode.cpp; sourceTree = "<group>"; };
		CBAA9345170B465F00A6B947 /* AudioTremoroNode.hpp */ = {isa = PBXFileReference; fileEncoding = 4; lastKnownFileType = sourcecode.cpp.h; path = AudioTremoroNode.hpp; sourceTree = "<group>"; };
		CBAA9346170B465F00A6B947 /* AudioVariSpeedNode.cpp */ = {isa = PBXFileReference; fileEncoding = 4; lastKnownFileType = sourcecode.cpp.cpp; path = AudioVariSpeedNode.cpp; sourceTree = "<group>"; };
		CBAA9347170B465F00A6B947 /* AudioVariSpeedNode.hpp */ = {isa = PBXFileReference; fileEncoding = 4; lastKnownFileType = sourcecode.cpp.h; path = AudioVariSpeedNode.hpp; sourceTree = "<group>"; };
		CBAA9349170B465F00A6B947 /* HTTPLoader.cpp */ = {isa = PBXFileReference; fileEncoding = 4; lastKnownFileType = sourcecode.cpp.cpp; path = HTTPLoader.cpp; sourceTree = "<group>"; };
		CBAA934A170B465F00A6B947 /* HTTPLoader.hpp */ = {isa = PBXFileReference; fileEncoding = 4; lastKnownFileType = sourcecode.cpp.h; path = HTTPLoader.hpp; sourceTree = "<group>"; };
		CBAA934B170B465F00A6B947 /* NetworkEvent.hpp */ = {isa = PBXFileReference; fileEncoding = 4; lastKnownFileType = sourcecode.cpp.h; path = NetworkEvent.hpp; sourceTree = "<group>"; };
		CBAA934C170B465F00A6B947 /* OfflineConverter.cpp */ = {isa = PBXFileReference; fileEncoding = 4; lastKnownFileType = sourcecode.cpp.cpp; path = OfflineConverter.cpp; sourceTree = "<group>"; };
		CBAA934D170B465F00A6B947 /* OfflineConverter.hpp */ = {isa = PBXFileReference; fileEncoding = 4; lastKnownFileType = sourcecode.cpp.h; path = OfflineConverter.hpp; sourceTree = "<group>"; };
		CBAA934F170B465F00A6B947 /* Asynchronous.hpp */ = {isa = PBXFileReference; fileEncoding = 4; lastKnownFileType = sourcecode.cpp.h; path = Asynchronous.hpp; sourceTree = "<group>"; };
		CBAA9350170B465F00A6B947 /* Runnable.hpp */ = {isa = PBXFileReference; fileEncoding = 4; lastKnownFileType = sourcecode.cpp.h; path = Runnable.hpp; sourceTree = "<group>"; };
		CBAA9351170B465F00A6B947 /* Thread.cpp */ = {isa = PBXFileReference; fileEncoding = 4; lastKnownFileType = sourcecode.cpp.cpp; path = Thread.cpp; sourceTree = "<group>"; };
		CBAA9352170B465F00A6B947 /* Thread.hpp */ = {isa = PBXFileReference; fileEncoding = 4; lastKnownFileType = sourcecode.cpp.h; path = Thread.hpp; sourceTree = "<group>"; };
		CBAA9353170B465F00A6B947 /* WideBuffer.hpp */ = {isa = PBXFileReference; fileEncoding = 4; lastKnownFileType = sourcecode.cpp.h; path = WideBuffer.hpp; sourceTree = "<group>"; };
		CBAA939D170B466500A6B947 /* Event.hpp */ = {isa = PBXFileReference; fileEncoding = 4; lastKnownFileType = sourcecode.cpp.h; path = Event.hpp; sourceTree = "<group>"; };
		CBAA939E170B466500A6B947 /* EventReceiver.hpp */ = {isa = PBXFileReference; fileEncoding = 4; lastKnownFileType = sourcecode.cpp.h; path = EventReceiver.hpp; sourceTree = "<group>"; };
		CBAA939F170B466500A6B947 /* EventSender.hpp */ = {isa = PBXFileReference; fileEncoding = 4; lastKnownFileType = sourcecode.cpp.h; path = EventSender.hpp; sourceTree = "<group>"; };
		CBAA93A0170B466500A6B947 /* ReceiverBase.hpp */ = {isa = PBXFileReference; fileEncoding = 4; lastKnownFileType = sourcecode.cpp.h; path = ReceiverBase.hpp; sourceTree = "<group>"; };
		CBAA93A2170B469C00A6B947 /* CFNetwork.framework */ = {isa = PBXFileReference; lastKnownFileType = wrapper.framework; name = CFNetwork.framework; path = System/Library/Frameworks/CFNetwork.framework; sourceTree = SDKROOT; };
		CBAA93A4170B46A000A6B947 /* AudioToolbox.framework */ = {isa = PBXFileReference; lastKnownFileType = wrapper.framework; name = AudioToolbox.framework; path = System/Library/Frameworks/AudioToolbox.framework; sourceTree = SDKROOT; };
		CBAA93A6170B46A800A6B947 /* Accelerate.framework */ = {isa = PBXFileReference; lastKnownFileType = wrapper.framework; name = Accelerate.framework; path = System/Library/Frameworks/Accelerate.framework; sourceTree = SDKROOT; };
/* End PBXFileReference section */

/* Begin PBXFrameworksBuildPhase section */
		CBAA92BF170B465000A6B947 /* Frameworks */ = {
			isa = PBXFrameworksBuildPhase;
			buildActionMask = 2147483647;
			files = (
				CBAA93A7170B46A800A6B947 /* Accelerate.framework in Frameworks */,
				CBAA93A5170B46A000A6B947 /* AudioToolbox.framework in Frameworks */,
				CBAA93A3170B469C00A6B947 /* CFNetwork.framework in Frameworks */,
				CBAA92C6170B465000A6B947 /* UIKit.framework in Frameworks */,
				CBAA92C8170B465000A6B947 /* Foundation.framework in Frameworks */,
				CBAA92CA170B465000A6B947 /* CoreGraphics.framework in Frameworks */,
			);
			runOnlyForDeploymentPostprocessing = 0;
		};
		CBAA92DE170B465100A6B947 /* Frameworks */ = {
			isa = PBXFrameworksBuildPhase;
			buildActionMask = 2147483647;
			files = (
				CBAA92E4170B465100A6B947 /* SenTestingKit.framework in Frameworks */,
				CBAA92E5170B465100A6B947 /* UIKit.framework in Frameworks */,
				CBAA92E6170B465100A6B947 /* Foundation.framework in Frameworks */,
			);
			runOnlyForDeploymentPostprocessing = 0;
		};
/* End PBXFrameworksBuildPhase section */

/* Begin PBXGroup section */
		CBAA92B9170B465000A6B947 = {
			isa = PBXGroup;
			children = (
				CBAA93A6170B46A800A6B947 /* Accelerate.framework */,
				CBAA93A4170B46A000A6B947 /* AudioToolbox.framework */,
				CBAA93A2170B469C00A6B947 /* CFNetwork.framework */,
				CBAA92CB170B465000A6B947 /* ExtendedAudioUnit */,
				CBAA92E9170B465100A6B947 /* ExtendedAudioUnitTests */,
				CBAA92C4170B465000A6B947 /* Frameworks */,
				CBAA92C3170B465000A6B947 /* Products */,
			);
			sourceTree = "<group>";
		};
		CBAA92C3170B465000A6B947 /* Products */ = {
			isa = PBXGroup;
			children = (
				CBAA92C2170B465000A6B947 /* ExtendedAudioUnit.app */,
				CBAA92E2170B465100A6B947 /* ExtendedAudioUnitTests.octest */,
			);
			name = Products;
			sourceTree = "<group>";
		};
		CBAA92C4170B465000A6B947 /* Frameworks */ = {
			isa = PBXGroup;
			children = (
				CBAA92C5170B465000A6B947 /* UIKit.framework */,
				CBAA92C7170B465000A6B947 /* Foundation.framework */,
				CBAA92C9170B465000A6B947 /* CoreGraphics.framework */,
				CBAA92E3170B465100A6B947 /* SenTestingKit.framework */,
			);
			name = Frameworks;
			sourceTree = "<group>";
		};
		CBAA92CB170B465000A6B947 /* ExtendedAudioUnit */ = {
			isa = PBXGroup;
			children = (
				CBAA93A1170B466800A6B947 /* libs */,
				CBAA92D4170B465000A6B947 /* AppDelegate.h */,
				CBAA92D5170B465000A6B947 /* AppDelegate.m */,
				CBAA92CC170B465000A6B947 /* Supporting Files */,
			);
			path = ExtendedAudioUnit;
			sourceTree = "<group>";
		};
		CBAA92CC170B465000A6B947 /* Supporting Files */ = {
			isa = PBXGroup;
			children = (
				CBAA92CD170B465000A6B947 /* ExtendedAudioUnit-Info.plist */,
				CBAA92CE170B465000A6B947 /* InfoPlist.strings */,
				CBAA92D1170B465000A6B947 /* main.m */,
				CBAA92D3170B465000A6B947 /* ExtendedAudioUnit-Prefix.pch */,
				CBAA92D7170B465000A6B947 /* Default.png */,
				CBAA92D9170B465000A6B947 /* Default@2x.png */,
				CBAA92DB170B465000A6B947 /* Default-568h@2x.png */,
			);
			name = "Supporting Files";
			sourceTree = "<group>";
		};
		CBAA92E9170B465100A6B947 /* ExtendedAudioUnitTests */ = {
			isa = PBXGroup;
			children = (
				CBAA92EF170B465100A6B947 /* ExtendedAudioUnitTests.h */,
				CBAA92F0170B465100A6B947 /* ExtendedAudioUnitTests.m */,
				CBAA92EA170B465100A6B947 /* Supporting Files */,
			);
			path = ExtendedAudioUnitTests;
			sourceTree = "<group>";
		};
		CBAA92EA170B465100A6B947 /* Supporting Files */ = {
			isa = PBXGroup;
			children = (
				CBAA92EB170B465100A6B947 /* ExtendedAudioUnitTests-Info.plist */,
				CBAA92EC170B465100A6B947 /* InfoPlist.strings */,
			);
			name = "Supporting Files";
			sourceTree = "<group>";
		};
		CBAA92FA170B465F00A6B947 /* sound */ = {
			isa = PBXGroup;
			children = (
				CBAA92FB170B465F00A6B947 /* analysis */,
				CBAA930A170B465F00A6B947 /* AUComponentDescription.hpp */,
				CBAA930B170B465F00A6B947 /* AudioContext.cpp */,
				CBAA930C170B465F00A6B947 /* AudioContext.hpp */,
				CBAA930D170B465F00A6B947 /* AudioException.hpp */,
				CBAA930E170B465F00A6B947 /* AudioNode.hpp */,
				CBAA930F170B465F00A6B947 /* AudioNodeDebugUtils.cpp */,
				CBAA9310170B465F00A6B947 /* AudioNodeDebugUtils.hpp */,
				CBAA9311170B465F00A6B947 /* AudioUnitNode.cpp */,
				CBAA9312170B465F00A6B947 /* AudioUnitNode.hpp */,
				CBAA9313170B465F00A6B947 /* AUStreamBasicDescription.hpp */,
				CBAA9314170B465F00A6B947 /* buffers */,
				CBAA9326170B465F00A6B947 /* events */,
				CBAA9329170B465F00A6B947 /* fxplugins */,
				CBAA9348170B465F00A6B947 /* network */,
				CBAA934C170B465F00A6B947 /* OfflineConverter.cpp */,
				CBAA934D170B465F00A6B947 /* OfflineConverter.hpp */,
				CBAA934E170B465F00A6B947 /* thread */,
				CBAA9353170B465F00A6B947 /* WideBuffer.hpp */,
			);
			name = sound;
			path = ../../sound;
			sourceTree = "<group>";
		};
		CBAA92FB170B465F00A6B947 /* analysis */ = {
			isa = PBXGroup;
			children = (
				CBAA92FC170B465F00A6B947 /* BPMTracker.cpp */,
				CBAA92FD170B465F00A6B947 /* BPMTracker.hpp */,
				CBAA92FE170B465F00A6B947 /* FFT.cpp */,
				CBAA92FF170B465F00A6B947 /* FFT.hpp */,
				CBAA9300170B465F00A6B947 /* OnsetVectorizer.cpp */,
				CBAA9301170B465F00A6B947 /* OnsetVectorizer.hpp */,
				CBAA9302170B465F00A6B947 /* PeakDetector.cpp */,
				CBAA9303170B465F00A6B947 /* PeakDetector.hpp */,
				CBAA9304170B465F00A6B947 /* StrategyParameter.cpp */,
				CBAA9305170B465F00A6B947 /* StrategyParameter.hpp */,
				CBAA9306170B465F00A6B947 /* Tracker.cpp */,
				CBAA9307170B465F00A6B947 /* Tracker.hpp */,
				CBAA9308170B465F00A6B947 /* TrackingAgent.cpp */,
				CBAA9309170B465F00A6B947 /* TrackingAgent.hpp */,
			);
			path = analysis;
			sourceTree = "<group>";
		};
		CBAA9314170B465F00A6B947 /* buffers */ = {
			isa = PBXGroup;
			children = (
				CBAA9315170B465F00A6B947 /* AudioFile.cpp */,
				CBAA9316170B465F00A6B947 /* AudioFile.hpp */,
				CBAA9317170B465F00A6B947 /* AudioFileDoubleBuffer.hpp */,
				CBAA9318170B465F00A6B947 /* AudioFileMemoryBufferNode.cpp */,
				CBAA9319170B465F00A6B947 /* AudioFileMemoryBufferNode.hpp */,
				CBAA931A170B465F00A6B947 /* AudioFileNode.cpp */,
				CBAA931B170B465F00A6B947 /* AudioFileNode.hpp */,
				CBAA931C170B465F00A6B947 /* AudioFileStreamingNode.cpp */,
				CBAA931D170B465F00A6B947 /* AudioFileStreamingNode.hpp */,
				CBAA931E170B465F00A6B947 /* AudioMetronomeNode.cpp */,
				CBAA931F170B465F00A6B947 /* AudioMetronomeNode.hpp */,
				CBAA9320170B465F00A6B947 /* AudioOscilatorNode.cpp */,
				CBAA9321170B465F00A6B947 /* AudioOscilatorNode.hpp */,
				CBAA9322170B465F00A6B947 /* AudioParallelNode.cpp */,
				CBAA9323170B465F00A6B947 /* AudioParallelNode.hpp */,
				CBAA9324170B465F00A6B947 /* AudioSourceNode.cpp */,
				CBAA9325170B465F00A6B947 /* AudioSourceNode.hpp */,
			);
			path = buffers;
			sourceTree = "<group>";
		};
		CBAA9326170B465F00A6B947 /* events */ = {
			isa = PBXGroup;
			children = (
				CBAA9327170B465F00A6B947 /* BPMTrackerEvent.hpp */,
				CBAA9328170B465F00A6B947 /* OfflineConverterEvent.hpp */,
			);
			path = events;
			sourceTree = "<group>";
		};
		CBAA9329170B465F00A6B947 /* fxplugins */ = {
			isa = PBXGroup;
			children = (
				CBAA932A170B465F00A6B947 /* AudioAnalyzeNode.cpp */,
				CBAA932B170B465F00A6B947 /* AudioAnalyzeNode.hpp */,
				CBAA932C170B465F00A6B947 /* AudioBitCrusherNode.cpp */,
				CBAA932D170B465F00A6B947 /* AudioBitCrusherNode.hpp */,
				CBAA932E170B465F00A6B947 /* AudioCaptureNode.cpp */,
				CBAA932F170B465F00A6B947 /* AudioCaptureNode.hpp */,
				CBAA9330170B465F00A6B947 /* AudioChorusNode.cpp */,
				CBAA9331170B465F00A6B947 /* AudioChorusNode.hpp */,
				CBAA9332170B465F00A6B947 /* AudioDelayNode.cpp */,
				CBAA9333170B465F00A6B947 /* AudioDelayNode.hpp */,
				CBAA9334170B465F00A6B947 /* AudioDistortionNode.cpp */,
				CBAA9335170B465F00A6B947 /* AudioDistortionNode.hpp */,
				CBAA9336170B465F00A6B947 /* AudioGateNode.cpp */,
				CBAA9337170B465F00A6B947 /* AudioGateNode.hpp */,
				CBAA9338170B465F00A6B947 /* AudioLevelNode.cpp */,
				CBAA9339170B465F00A6B947 /* AudioLevelNode.hpp */,
				CBAA933A170B465F00A6B947 /* AudioPannerNode.cpp */,
				CBAA933B170B465F00A6B947 /* AudioPannerNode.hpp */,
				CBAA933C170B465F00A6B947 /* AudioRecordingNode.cpp */,
				CBAA933D170B465F00A6B947 /* AudioRecordingNode.hpp */,
				CBAA933E170B465F00A6B947 /* AudioSampleProcessingNode.cpp */,
				CBAA933F170B465F00A6B947 /* AudioSampleProcessingNode.hpp */,
				CBAA9340170B465F00A6B947 /* AudioSamplerNode.cpp */,
				CBAA9341170B465F00A6B947 /* AudioSamplerNode.hpp */,
				CBAA9342170B465F00A6B947 /* AudioThroughNode.cpp */,
				CBAA9343170B465F00A6B947 /* AudioThroughNode.hpp */,
				CBAA9344170B465F00A6B947 /* AudioTremoroNode.cpp */,
				CBAA9345170B465F00A6B947 /* AudioTremoroNode.hpp */,
				CBAA9346170B465F00A6B947 /* AudioVariSpeedNode.cpp */,
				CBAA9347170B465F00A6B947 /* AudioVariSpeedNode.hpp */,
			);
			path = fxplugins;
			sourceTree = "<group>";
		};
		CBAA9348170B465F00A6B947 /* network */ = {
			isa = PBXGroup;
			children = (
				CBAA9349170B465F00A6B947 /* HTTPLoader.cpp */,
				CBAA934A170B465F00A6B947 /* HTTPLoader.hpp */,
				CBAA934B170B465F00A6B947 /* NetworkEvent.hpp */,
			);
			path = network;
			sourceTree = "<group>";
		};
		CBAA934E170B465F00A6B947 /* thread */ = {
			isa = PBXGroup;
			children = (
				CBAA934F170B465F00A6B947 /* Asynchronous.hpp */,
				CBAA9350170B465F00A6B947 /* Runnable.hpp */,
				CBAA9351170B465F00A6B947 /* Thread.cpp */,
				CBAA9352170B465F00A6B947 /* Thread.hpp */,
			);
			path = thread;
			sourceTree = "<group>";
		};
		CBAA939C170B466500A6B947 /* events */ = {
			isa = PBXGroup;
			children = (
				CBAA939D170B466500A6B947 /* Event.hpp */,
				CBAA939E170B466500A6B947 /* EventReceiver.hpp */,
				CBAA939F170B466500A6B947 /* EventSender.hpp */,
				CBAA93A0170B466500A6B947 /* ReceiverBase.hpp */,
			);
			name = events;
			path = "../../cpp-events/src";
			sourceTree = "<group>";
		};
		CBAA93A1170B466800A6B947 /* libs */ = {
			isa = PBXGroup;
			children = (
				CBAA939C170B466500A6B947 /* events */,
				CBAA92FA170B465F00A6B947 /* sound */,
			);
			name = libs;
			sourceTree = "<group>";
		};
/* End PBXGroup section */

/* Begin PBXNativeTarget section */
		CBAA92C1170B465000A6B947 /* ExtendedAudioUnit */ = {
			isa = PBXNativeTarget;
			buildConfigurationList = CBAA92F4170B465100A6B947 /* Build configuration list for PBXNativeTarget "ExtendedAudioUnit" */;
			buildPhases = (
				CBAA92BE170B465000A6B947 /* Sources */,
				CBAA92BF170B465000A6B947 /* Frameworks */,
				CBAA92C0170B465000A6B947 /* Resources */,
			);
			buildRules = (
			);
			dependencies = (
			);
			name = ExtendedAudioUnit;
			productName = ExtendedAudioUnit;
			productReference = CBAA92C2170B465000A6B947 /* ExtendedAudioUnit.app */;
			productType = "com.apple.product-type.application";
		};
		CBAA92E1170B465100A6B947 /* ExtendedAudioUnitTests */ = {
			isa = PBXNativeTarget;
			buildConfigurationList = CBAA92F7170B465100A6B947 /* Build configuration list for PBXNativeTarget "ExtendedAudioUnitTests" */;
			buildPhases = (
				CBAA92DD170B465100A6B947 /* Sources */,
				CBAA92DE170B465100A6B947 /* Frameworks */,
				CBAA92DF170B465100A6B947 /* Resources */,
				CBAA92E0170B465100A6B947 /* ShellScript */,
			);
			buildRules = (
			);
			dependencies = (
				CBAA92E8170B465100A6B947 /* PBXTargetDependency */,
			);
			name = ExtendedAudioUnitTests;
			productName = ExtendedAudioUnitTests;
			productReference = CBAA92E2170B465100A6B947 /* ExtendedAudioUnitTests.octest */;
			productType = "com.apple.product-type.bundle";
		};
/* End PBXNativeTarget section */

/* Begin PBXProject section */
		CBAA92BA170B465000A6B947 /* Project object */ = {
			isa = PBXProject;
			attributes = {
				LastUpgradeCheck = 0460;
				ORGANIZATIONNAME = "Satoshi Takano";
			};
			buildConfigurationList = CBAA92BD170B465000A6B947 /* Build configuration list for PBXProject "ExtendedAudioUnit" */;
			compatibilityVersion = "Xcode 3.2";
			developmentRegion = English;
			hasScannedForEncodings = 0;
			knownRegions = (
				en,
			);
			mainGroup = CBAA92B9170B465000A6B947;
			productRefGroup = CBAA92C3170B465000A6B947 /* Products */;
			projectDirPath = "";
			projectRoot = "";
			targets = (
				CBAA92C1170B465000A6B947 /* ExtendedAudioUnit */,
				CBAA92E1170B465100A6B947 /* ExtendedAudioUnitTests */,
			);
		};
/* End PBXProject section */

/* Begin PBXResourcesBuildPhase section */
		CBAA92C0170B465000A6B947 /* Resources */ = {
			isa = PBXResourcesBuildPhase;
			buildActionMask = 2147483647;
			files = (
				CBAA92D0170B465000A6B947 /* InfoPlist.strings in Resources */,
				CBAA92D8170B465000A6B947 /* Default.png in Resources */,
				CBAA92DA170B465000A6B947 /* Default@2x.png in Resources */,
				CBAA92DC170B465000A6B947 /* Default-568h@2x.png in Resources */,
			);
			runOnlyForDeploymentPostprocessing = 0;
		};
		CBAA92DF170B465100A6B947 /* Resources */ = {
			isa = PBXResourcesBuildPhase;
			buildActionMask = 2147483647;
			files = (
				CBAA92EE170B465100A6B947 /* InfoPlist.strings in Resources */,
			);
			runOnlyForDeploymentPostprocessing = 0;
		};
/* End PBXResourcesBuildPhase section */

/* Begin PBXShellScriptBuildPhase section */
		CBAA92E0170B465100A6B947 /* ShellScript */ = {
			isa = PBXShellScriptBuildPhase;
			buildActionMask = 2147483647;
			files = (
			);
			inputPaths = (
			);
			outputPaths = (
			);
			runOnlyForDeploymentPostprocessing = 0;
			shellPath = /bin/sh;
			shellScript = "# Run the unit tests in this test bundle.\n\"${SYSTEM_DEVELOPER_DIR}/Tools/RunUnitTests\"\n";
		};
/* End PBXShellScriptBuildPhase section */

/* Begin PBXSourcesBuildPhase section */
		CBAA92BE170B465000A6B947 /* Sources */ = {
			isa = PBXSourcesBuildPhase;
			buildActionMask = 2147483647;
			files = (
				CBAA92D2170B465000A6B947 /* main.m in Sources */,
				CBAA92D6170B465000A6B947 /* AppDelegate.m in Sources */,
				CBAA9354170B465F00A6B947 /* BPMTracker.cpp in Sources */,
				CBAA9356170B465F00A6B947 /* FFT.cpp in Sources */,
				CBAA9358170B465F00A6B947 /* OnsetVectorizer.cpp in Sources */,
				CBAA935A170B465F00A6B947 /* PeakDetector.cpp in Sources */,
				CBAA935C170B465F00A6B947 /* StrategyParameter.cpp in Sources */,
				CBAA935E170B465F00A6B947 /* Tracker.cpp in Sources */,
				CBAA9360170B465F00A6B947 /* TrackingAgent.cpp in Sources */,
				CBAA9362170B465F00A6B947 /* AudioContext.cpp in Sources */,
				CBAA9364170B465F00A6B947 /* AudioNodeDebugUtils.cpp in Sources */,
				CBAA9366170B465F00A6B947 /* AudioUnitNode.cpp in Sources */,
				CBAA9368170B465F00A6B947 /* AudioFile.cpp in Sources */,
				CBAA936A170B465F00A6B947 /* AudioFileMemoryBufferNode.cpp in Sources */,
				CBAA936C170B465F00A6B947 /* AudioFileNode.cpp in Sources */,
				CBAA936E170B465F00A6B947 /* AudioFileStreamingNode.cpp in Sources */,
				CBAA9370170B465F00A6B947 /* AudioMetronomeNode.cpp in Sources */,
				CBAA9372170B465F00A6B947 /* AudioOscilatorNode.cpp in Sources */,
				CBAA9374170B465F00A6B947 /* AudioParallelNode.cpp in Sources */,
				CBAA9376170B465F00A6B947 /* AudioSourceNode.cpp in Sources */,
				CBAA9378170B465F00A6B947 /* AudioAnalyzeNode.cpp in Sources */,
				CBAA937A170B465F00A6B947 /* AudioBitCrusherNode.cpp in Sources */,
				CBAA937C170B465F00A6B947 /* AudioCaptureNode.cpp in Sources */,
				CBAA937E170B465F00A6B947 /* AudioChorusNode.cpp in Sources */,
				CBAA9380170B465F00A6B947 /* AudioDelayNode.cpp in Sources */,
				CBAA9382170B465F00A6B947 /* AudioDistortionNode.cpp in Sources */,
				CBAA9384170B465F00A6B947 /* AudioGateNode.cpp in Sources */,
				CBAA9386170B465F00A6B947 /* AudioLevelNode.cpp in Sources */,
				CBAA9388170B465F00A6B947 /* AudioPannerNode.cpp in Sources */,
				CBAA938A170B465F00A6B947 /* AudioRecordingNode.cpp in Sources */,
				CBAA938C170B465F00A6B947 /* AudioSampleProcessingNode.cpp in Sources */,
				CBAA938E170B465F00A6B947 /* AudioSamplerNode.cpp in Sources */,
				CBAA9390170B465F00A6B947 /* AudioThroughNode.cpp in Sources */,
				CBAA9392170B465F00A6B947 /* AudioTremoroNode.cpp in Sources */,
				CBAA9394170B465F00A6B947 /* AudioVariSpeedNode.cpp in Sources */,
				CBAA9396170B465F00A6B947 /* HTTPLoader.cpp in Sources */,
				CBAA9398170B465F00A6B947 /* OfflineConverter.cpp in Sources */,
				CBAA939A170B465F00A6B947 /* Thread.cpp in Sources */,
			);
			runOnlyForDeploymentPostprocessing = 0;
		};
		CBAA92DD170B465100A6B947 /* Sources */ = {
			isa = PBXSourcesBuildPhase;
			buildActionMask = 2147483647;
			files = (
				CBAA92F1170B465100A6B947 /* ExtendedAudioUnitTests.m in Sources */,
				CBAA9355170B465F00A6B947 /* BPMTracker.cpp in Sources */,
				CBAA9357170B465F00A6B947 /* FFT.cpp in Sources */,
				CBAA9359170B465F00A6B947 /* OnsetVectorizer.cpp in Sources */,
				CBAA935B170B465F00A6B947 /* PeakDetector.cpp in Sources */,
				CBAA935D170B465F00A6B947 /* StrategyParameter.cpp in Sources */,
				CBAA935F170B465F00A6B947 /* Tracker.cpp in Sources */,
				CBAA9361170B465F00A6B947 /* TrackingAgent.cpp in Sources */,
				CBAA9363170B465F00A6B947 /* AudioContext.cpp in Sources */,
				CBAA9365170B465F00A6B947 /* AudioNodeDebugUtils.cpp in Sources */,
				CBAA9367170B465F00A6B947 /* AudioUnitNode.cpp in Sources */,
				CBAA9369170B465F00A6B947 /* AudioFile.cpp in Sources */,
				CBAA936B170B465F00A6B947 /* AudioFileMemoryBufferNode.cpp in Sources */,
				CBAA936D170B465F00A6B947 /* AudioFileNode.cpp in Sources */,
				CBAA936F170B465F00A6B947 /* AudioFileStreamingNode.cpp in Sources */,
				CBAA9371170B465F00A6B947 /* AudioMetronomeNode.cpp in Sources */,
				CBAA9373170B465F00A6B947 /* AudioOscilatorNode.cpp in Sources */,
				CBAA9375170B465F00A6B947 /* AudioParallelNode.cpp in Sources */,
				CBAA9377170B465F00A6B947 /* AudioSourceNode.cpp in Sources */,
				CBAA9379170B465F00A6B947 /* AudioAnalyzeNode.cpp in Sources */,
				CBAA937B170B465F00A6B947 /* AudioBitCrusherNode.cpp in Sources */,
				CBAA937D170B465F00A6B947 /* AudioCaptureNode.cpp in Sources */,
				CBAA937F170B465F00A6B947 /* AudioChorusNode.cpp in Sources */,
				CBAA9381170B465F00A6B947 /* AudioDelayNode.cpp in Sources */,
				CBAA9383170B465F00A6B947 /* AudioDistortionNode.cpp in Sources */,
				CBAA9385170B465F00A6B947 /* AudioGateNode.cpp in Sources */,
				CBAA9387170B465F00A6B947 /* AudioLevelNode.cpp in Sources */,
				CBAA9389170B465F00A6B947 /* AudioPannerNode.cpp in Sources */,
				CBAA938B170B465F00A6B947 /* AudioRecordingNode.cpp in Sources */,
				CBAA938D170B465F00A6B947 /* AudioSampleProcessingNode.cpp in Sources */,
				CBAA938F170B465F00A6B947 /* AudioSamplerNode.cpp in Sources */,
				CBAA9391170B465F00A6B947 /* AudioThroughNode.cpp in Sources */,
				CBAA9393170B465F00A6B947 /* AudioTremoroNode.cpp in Sources */,
				CBAA9395170B465F00A6B947 /* AudioVariSpeedNode.cpp in Sources */,
				CBAA9397170B465F00A6B947 /* HTTPLoader.cpp in Sources */,
				CBAA9399170B465F00A6B947 /* OfflineConverter.cpp in Sources */,
				CBAA939B170B465F00A6B947 /* Thread.cpp in Sources */,
			);
			runOnlyForDeploymentPostprocessing = 0;
		};
/* End PBXSourcesBuildPhase section */

/* Begin PBXTargetDependency section */
		CBAA92E8170B465100A6B947 /* PBXTargetDependency */ = {
			isa = PBXTargetDependency;
			target = CBAA92C1170B465000A6B947 /* ExtendedAudioUnit */;
			targetProxy = CBAA92E7170B465100A6B947 /* PBXContainerItemProxy */;
		};
/* End PBXTargetDependency section */

/* Begin PBXVariantGroup section */
		CBAA92CE170B465000A6B947 /* InfoPlist.strings */ = {
			isa = PBXVariantGroup;
			children = (
				CBAA92CF170B465000A6B947 /* en */,
			);
			name = InfoPlist.strings;
			sourceTree = "<group>";
		};
		CBAA92EC170B465100A6B947 /* InfoPlist.strings */ = {
			isa = PBXVariantGroup;
			children = (
				CBAA92ED170B465100A6B947 /* en */,
			);
			name = InfoPlist.strings;
			sourceTree = "<group>";
		};
/* End PBXVariantGroup section */

/* Begin XCBuildConfiguration section */
		CBAA92F2170B465100A6B947 /* Debug */ = {
			isa = XCBuildConfiguration;
			buildSettings = {
				ALWAYS_SEARCH_USER_PATHS = NO;
				CLANG_CXX_LANGUAGE_STANDARD = "gnu++0x";
				CLANG_CXX_LIBRARY = "libstdc++";
				CLANG_ENABLE_OBJC_ARC = YES;
				CLANG_WARN_CONSTANT_CONVERSION = YES;
				CLANG_WARN_EMPTY_BODY = YES;
				CLANG_WARN_ENUM_CONVERSION = YES;
				CLANG_WARN_INT_CONVERSION = YES;
				CLANG_WARN__DUPLICATE_METHOD_MATCH = YES;
				"CODE_SIGN_IDENTITY[sdk=iphoneos*]" = "iPhone Developer";
				COPY_PHASE_STRIP = NO;
				GCC_C_LANGUAGE_STANDARD = gnu99;
				GCC_DYNAMIC_NO_PIC = NO;
				GCC_OPTIMIZATION_LEVEL = 0;
				GCC_PREPROCESSOR_DEFINITIONS = (
					"DEBUG=1",
					"$(inherited)",
				);
				GCC_SYMBOLS_PRIVATE_EXTERN = NO;
				GCC_WARN_ABOUT_RETURN_TYPE = YES;
				GCC_WARN_UNINITIALIZED_AUTOS = YES;
				GCC_WARN_UNUSED_VARIABLE = YES;
				IPHONEOS_DEPLOYMENT_TARGET = 6.1;
				ONLY_ACTIVE_ARCH = YES;
				SDKROOT = iphoneos;
				TARGETED_DEVICE_FAMILY = "1,2";
			};
			name = Debug;
		};
		CBAA92F3170B465100A6B947 /* Release */ = {
			isa = XCBuildConfiguration;
			buildSettings = {
				ALWAYS_SEARCH_USER_PATHS = NO;
				CLANG_CXX_LANGUAGE_STANDARD = "gnu++0x";
				CLANG_CXX_LIBRARY = "libstdc++";
				CLANG_ENABLE_OBJC_ARC = YES;
				CLANG_WARN_CONSTANT_CONVERSION = YES;
				CLANG_WARN_EMPTY_BODY = YES;
				CLANG_WARN_ENUM_CONVERSION = YES;
				CLANG_WARN_INT_CONVERSION = YES;
				CLANG_WARN__DUPLICATE_METHOD_MATCH = YES;
				"CODE_SIGN_IDENTITY[sdk=iphoneos*]" = "iPhone Developer";
				COPY_PHASE_STRIP = YES;
				GCC_C_LANGUAGE_STANDARD = gnu99;
				GCC_WARN_ABOUT_RETURN_TYPE = YES;
				GCC_WARN_UNINITIALIZED_AUTOS = YES;
				GCC_WARN_UNUSED_VARIABLE = YES;
				IPHONEOS_DEPLOYMENT_TARGET = 6.1;
				OTHER_CFLAGS = "-DNS_BLOCK_ASSERTIONS=1";
				SDKROOT = iphoneos;
				TARGETED_DEVICE_FAMILY = "1,2";
				VALIDATE_PRODUCT = YES;
			};
			name = Release;
		};
		CBAA92F5170B465100A6B947 /* Debug */ = {
			isa = XCBuildConfiguration;
			buildSettings = {
				GCC_PRECOMPILE_PREFIX_HEADER = YES;
				GCC_PREFIX_HEADER = "ExtendedAudioUnit/ExtendedAudioUnit-Prefix.pch";
				INFOPLIST_FILE = "ExtendedAudioUnit/ExtendedAudioUnit-Info.plist";
				IPHONEOS_DEPLOYMENT_TARGET = 5.1;
				PRODUCT_NAME = "$(TARGET_NAME)";
				WRAPPER_EXTENSION = app;
			};
			name = Debug;
		};
		CBAA92F6170B465100A6B947 /* Release */ = {
			isa = XCBuildConfiguration;
			buildSettings = {
				GCC_PRECOMPILE_PREFIX_HEADER = YES;
				GCC_PREFIX_HEADER = "ExtendedAudioUnit/ExtendedAudioUnit-Prefix.pch";
				INFOPLIST_FILE = "ExtendedAudioUnit/ExtendedAudioUnit-Info.plist";
				IPHONEOS_DEPLOYMENT_TARGET = 5.1;
				PRODUCT_NAME = "$(TARGET_NAME)";
				WRAPPER_EXTENSION = app;
			};
			name = Release;
		};
		CBAA92F8170B465100A6B947 /* Debug */ = {
			isa = XCBuildConfiguration;
			buildSettings = {
				BUNDLE_LOADER = "$(BUILT_PRODUCTS_DIR)/ExtendedAudioUnit.app/ExtendedAudioUnit";
				FRAMEWORK_SEARCH_PATHS = (
					"\"$(SDKROOT)/Developer/Library/Frameworks\"",
					"\"$(DEVELOPER_LIBRARY_DIR)/Frameworks\"",
				);
				GCC_PRECOMPILE_PREFIX_HEADER = YES;
				GCC_PREFIX_HEADER = "ExtendedAudioUnit/ExtendedAudioUnit-Prefix.pch";
				INFOPLIST_FILE = "ExtendedAudioUnitTests/ExtendedAudioUnitTests-Info.plist";
				PRODUCT_NAME = "$(TARGET_NAME)";
				TEST_HOST = "$(BUNDLE_LOADER)";
				WRAPPER_EXTENSION = octest;
			};
			name = Debug;
		};
		CBAA92F9170B465100A6B947 /* Release */ = {
			isa = XCBuildConfiguration;
			buildSettings = {
				BUNDLE_LOADER = "$(BUILT_PRODUCTS_DIR)/ExtendedAudioUnit.app/ExtendedAudioUnit";
				FRAMEWORK_SEARCH_PATHS = (
					"\"$(SDKROOT)/Developer/Library/Frameworks\"",
					"\"$(DEVELOPER_LIBRARY_DIR)/Frameworks\"",
				);
				GCC_PRECOMPILE_PREFIX_HEADER = YES;
				GCC_PREFIX_HEADER = "ExtendedAudioUnit/ExtendedAudioUnit-Prefix.pch";
				INFOPLIST_FILE = "ExtendedAudioUnitTests/ExtendedAudioUnitTests-Info.plist";
				PRODUCT_NAME = "$(TARGET_NAME)";
				TEST_HOST = "$(BUNDLE_LOADER)";
				WRAPPER_EXTENSION = octest;
			};
			name = Release;
		};
/* End XCBuildConfiguration section */

/* Begin XCConfigurationList section */
		CBAA92BD170B465000A6B947 /* Build configuration list for PBXProject "ExtendedAudioUnit" */ = {
			isa = XCConfigurationList;
			buildConfigurations = (
				CBAA92F2170B465100A6B947 /* Debug */,
				CBAA92F3170B465100A6B947 /* Release */,
			);
			defaultConfigurationIsVisible = 0;
			defaultConfigurationName = Release;
		};
		CBAA92F4170B465100A6B947 /* Build configuration list for PBXNativeTarget "ExtendedAudioUnit" */ = {
			isa = XCConfigurationList;
			buildConfigurations = (
				CBAA92F5170B465100A6B947 /* Debug */,
				CBAA92F6170B465100A6B947 /* Release */,
			);
			defaultConfigurationIsVisible = 0;
		};
		CBAA92F7170B465100A6B947 /* Build configuration list for PBXNativeTarget "ExtendedAudioUnitTests" */ = {
			isa = XCConfigurationList;
			buildConfigurations = (
				CBAA92F8170B465100A6B947 /* Debug */,
				CBAA92F9170B465100A6B947 /* Release */,
			);
			defaultConfigurationIsVisible = 0;
		};
/* End XCConfigurationList section */
	};
	rootObject = CBAA92BA170B465000A6B947 /* Project object */;
}
